
Microsoft Visual Studio Solution File, Format Version 12.00
# Visual Studio Version 16
VisualStudioVersion = 16.0.28803.156
MinimumVisualStudioVersion = 10.0.40219.1
Project("{8BC9CEB8-8B4A-11D0-8D11-00A0C91BC942}") = "offer", "offer\offer.vcxproj", "{D56B0A1A-72C6-47DC-80D5-4ED0FCCAF355}"
EndProject
Project("{8BC9CEB8-8B4A-11D0-8D11-00A0C91BC942}") = "duxiaoman", "duxiaoman\duxiaoman.vcxproj", "{5B67D11D-9ACB-4596-AC96-CEFF7C0C2C2D}"
EndProject
Project("{8BC9CEB8-8B4A-11D0-8D11-00A0C91BC942}") = "huawei", "huawei\huawei.vcxproj", "{6B25B2B5-9750-41DA-88CB-C6E2DD872104}"
EndProject
Project("{8BC9CEB8-8B4A-11D0-8D11-00A0C91BC942}") = "huawei2", "huawei2\huawei2.vcxproj", "{95B41997-BF54-4C82-A0D1-F1F19BC0DE84}"
EndProject
Project("{8BC9CEB8-8B4A-11D0-8D11-00A0C91BC942}") = "huawei3", "huawei3\huawei3.vcxproj", "{A1830B5E-A9F0-4810-BBB3-2A95B0A9292C}"
EndProject
Project("{8BC9CEB8-8B4A-11D0-8D11-00A0C91BC942}") = "nowcoder1", "nowcoder1\nowcoder1.vcxproj", "{E38A8BE6-1E1C-44AA-9CF8-E697D9AA4149}"
EndProject
Project("{8BC9CEB8-8B4A-11D0-8D11-00A0C91BC942}") = "nowcoder2", "nowcoder2\nowcoder2.vcxproj", "{FD58948A-5E3F-4C78-AB43-220067F24988}"
EndProject
Project("{8BC9CEB8-8B4A-11D0-8D11-00A0C91BC942}") = "nowcoder3", "nowcoder3\nowcoder3.vcxproj", "{DBE0C537-081E-4EEB-AADB-1F119256A7DE}"
EndProject
Project("{8BC9CEB8-8B4A-11D0-8D11-00A0C91BC942}") = "huawei4", "huawei4\huawei4.vcxproj", "{715F6BB7-F722-4F58-AF52-2589219E770C}"
EndProject
Project("{8BC9CEB8-8B4A-11D0-8D11-00A0C91BC942}") = "huawei6", "huawei6\huawei6.vcxproj", "{D000EFD7-E5AD-4383-AA13-249C7524EC6C}"
EndProject
Project("{8BC9CEB8-8B4A-11D0-8D11-00A0C91BC942}") = "huawei5", "huawei5\huawei5.vcxproj", "{DBBDBD6F-4963-4635-A5B2-3784B986DBA9}"
EndProject
Project("{8BC9CEB8-8B4A-11D0-8D11-00A0C91BC942}") = "nowcoder6", "nowcoder6\nowcoder6.vcxproj", "{0CA224E3-94C8-41A4-A68A-8985A7F2EE4F}"
EndProject
Project("{8BC9CEB8-8B4A-11D0-8D11-00A0C91BC942}") = "nowcoder6_myself", "nowcoder6_myself\nowcoder6_myself.vcxproj", "{2ACB2C9B-8C62-4C4A-9242-E6E5D345D04F}"
EndProject
Project("{8BC9CEB8-8B4A-11D0-8D11-00A0C91BC942}") = "nowcoder7", "nowcoder7\nowcoder7.vcxproj", "{F307B9C1-3465-4DD2-A8F0-8995EBE860D1}"
EndProject
Project("{8BC9CEB8-8B4A-11D0-8D11-00A0C91BC942}") = "nowcoder9", "nowcoder9\nowcoder9.vcxproj", "{27D84543-5F0C-4037-B65F-BC8BB0FF3371}"
EndProject
Project("{8BC9CEB8-8B4A-11D0-8D11-00A0C91BC942}") = "dji1", "dji1\dji1.vcxproj", "{149704E2-90B1-41BC-AB0E-2008CB4F31A0}"
EndProject
Project("{8BC9CEB8-8B4A-11D0-8D11-00A0C91BC942}") = "dji2", "dji2\dji2.vcxproj", "{EC59BDB5-FB34-4D44-B127-8D7B970B0E8C}"
EndProject
Project("{8BC9CEB8-8B4A-11D0-8D11-00A0C91BC942}") = "dji3", "dji3\dji3.vcxproj", "{D3F97B12-649D-4E73-9F85-8C848684E577}"
EndProject
Project("{8BC9CEB8-8B4A-11D0-8D11-00A0C91BC942}") = "zijie1", "zijie1\zijie1.vcxproj", "{CA82B5C7-B4A9-4821-80F3-59E4DCB67C5C}"
EndProject
Project("{8BC9CEB8-8B4A-11D0-8D11-00A0C91BC942}") = "zijie2", "zijie2\zijie2.vcxproj", "{E40E1611-2746-491A-A56E-06D3ABBADAAA}"
EndProject
Project("{8BC9CEB8-8B4A-11D0-8D11-00A0C91BC942}") = "zijie3", "zijie3\zijie3.vcxproj", "{A368611D-B15A-4EC6-B452-F10824AFCACB}"
EndProject
Project("{8BC9CEB8-8B4A-11D0-8D11-00A0C91BC942}") = "CVTE", "CVTE\CVTE.vcxproj", "{35F42A9D-D905-49C3-A650-4495F605CAB5}"
EndProject
Global
	GlobalSection(SolutionConfigurationPlatforms) = preSolution
		Debug|Any CPU = Debug|Any CPU
		Debug|x64 = Debug|x64
		Debug|x86 = Debug|x86
		Release|Any CPU = Release|Any CPU
		Release|x64 = Release|x64
		Release|x86 = Release|x86
	EndGlobalSection
	GlobalSection(ProjectConfigurationPlatforms) = postSolution
		{D56B0A1A-72C6-47DC-80D5-4ED0FCCAF355}.Debug|Any CPU.ActiveCfg = Release|Win32
		{D56B0A1A-72C6-47DC-80D5-4ED0FCCAF355}.Debug|Any CPU.Build.0 = Release|Win32
		{D56B0A1A-72C6-47DC-80D5-4ED0FCCAF355}.Debug|x64.ActiveCfg = Debug|x64
		{D56B0A1A-72C6-47DC-80D5-4ED0FCCAF355}.Debug|x64.Build.0 = Debug|x64
		{D56B0A1A-72C6-47DC-80D5-4ED0FCCAF355}.Debug|x86.ActiveCfg = Debug|Win32
		{D56B0A1A-72C6-47DC-80D5-4ED0FCCAF355}.Debug|x86.Build.0 = Debug|Win32
		{D56B0A1A-72C6-47DC-80D5-4ED0FCCAF355}.Release|Any CPU.ActiveCfg = Release|Win32
		{D56B0A1A-72C6-47DC-80D5-4ED0FCCAF355}.Release|Any CPU.Build.0 = Release|Win32
		{D56B0A1A-72C6-47DC-80D5-4ED0FCCAF355}.Release|x64.ActiveCfg = Release|x64
		{D56B0A1A-72C6-47DC-80D5-4ED0FCCAF355}.Release|x64.Build.0 = Release|x64
		{D56B0A1A-72C6-47DC-80D5-4ED0FCCAF355}.Release|x86.ActiveCfg = Release|Win32
		{D56B0A1A-72C6-47DC-80D5-4ED0FCCAF355}.Release|x86.Build.0 = Release|Win32
		{5B67D11D-9ACB-4596-AC96-CEFF7C0C2C2D}.Debug|Any CPU.ActiveCfg = Debug|Win32
		{5B67D11D-9ACB-4596-AC96-CEFF7C0C2C2D}.Debug|Any CPU.Build.0 = Debug|Win32
		{5B67D11D-9ACB-4596-AC96-CEFF7C0C2C2D}.Debug|x64.ActiveCfg = Debug|x64
		{5B67D11D-9ACB-4596-AC96-CEFF7C0C2C2D}.Debug|x64.Build.0 = Debug|x64
		{5B67D11D-9ACB-4596-AC96-CEFF7C0C2C2D}.Debug|x86.ActiveCfg = Debug|Win32
		{5B67D11D-9ACB-4596-AC96-CEFF7C0C2C2D}.Debug|x86.Build.0 = Debug|Win32
		{5B67D11D-9ACB-4596-AC96-CEFF7C0C2C2D}.Release|Any CPU.ActiveCfg = Debug|Win32
		{5B67D11D-9ACB-4596-AC96-CEFF7C0C2C2D}.Release|Any CPU.Build.0 = Debug|Win32
		{5B67D11D-9ACB-4596-AC96-CEFF7C0C2C2D}.Release|x64.ActiveCfg = Release|x64
		{5B67D11D-9ACB-4596-AC96-CEFF7C0C2C2D}.Release|x64.Build.0 = Release|x64
		{5B67D11D-9ACB-4596-AC96-CEFF7C0C2C2D}.Release|x86.ActiveCfg = Release|Win32
		{5B67D11D-9ACB-4596-AC96-CEFF7C0C2C2D}.Release|x86.Build.0 = Release|Win32
		{6B25B2B5-9750-41DA-88CB-C6E2DD872104}.Debug|Any CPU.ActiveCfg = Debug|Win32
		{6B25B2B5-9750-41DA-88CB-C6E2DD872104}.Debug|Any CPU.Build.0 = Debug|Win32
		{6B25B2B5-9750-41DA-88CB-C6E2DD872104}.Debug|x64.ActiveCfg = Debug|x64
		{6B25B2B5-9750-41DA-88CB-C6E2DD872104}.Debug|x64.Build.0 = Debug|x64
		{6B25B2B5-9750-41DA-88CB-C6E2DD872104}.Debug|x86.ActiveCfg = Debug|Win32
		{6B25B2B5-9750-41DA-88CB-C6E2DD872104}.Debug|x86.Build.0 = Debug|Win32
		{6B25B2B5-9750-41DA-88CB-C6E2DD872104}.Release|Any CPU.ActiveCfg = Debug|Win32
		{6B25B2B5-9750-41DA-88CB-C6E2DD872104}.Release|Any CPU.Build.0 = Debug|Win32
		{6B25B2B5-9750-41DA-88CB-C6E2DD872104}.Release|x64.ActiveCfg = Release|x64
		{6B25B2B5-9750-41DA-88CB-C6E2DD872104}.Release|x64.Build.0 = Release|x64
		{6B25B2B5-9750-41DA-88CB-C6E2DD872104}.Release|x86.ActiveCfg = Release|Win32
		{6B25B2B5-9750-41DA-88CB-C6E2DD872104}.Release|x86.Build.0 = Release|Win32
		{95B41997-BF54-4C82-A0D1-F1F19BC0DE84}.Debug|Any CPU.ActiveCfg = Debug|Win32
		{95B41997-BF54-4C82-A0D1-F1F19BC0DE84}.Debug|Any CPU.Build.0 = Debug|Win32
		{95B41997-BF54-4C82-A0D1-F1F19BC0DE84}.Debug|x64.ActiveCfg = Debug|x64
		{95B41997-BF54-4C82-A0D1-F1F19BC0DE84}.Debug|x64.Build.0 = Debug|x64
		{95B41997-BF54-4C82-A0D1-F1F19BC0DE84}.Debug|x86.ActiveCfg = Debug|Win32
		{95B41997-BF54-4C82-A0D1-F1F19BC0DE84}.Debug|x86.Build.0 = Debug|Win32
		{95B41997-BF54-4C82-A0D1-F1F19BC0DE84}.Release|Any CPU.ActiveCfg = Debug|Win32
		{95B41997-BF54-4C82-A0D1-F1F19BC0DE84}.Release|Any CPU.Build.0 = Debug|Win32
		{95B41997-BF54-4C82-A0D1-F1F19BC0DE84}.Release|x64.ActiveCfg = Release|x64
		{95B41997-BF54-4C82-A0D1-F1F19BC0DE84}.Release|x64.Build.0 = Release|x64
		{95B41997-BF54-4C82-A0D1-F1F19BC0DE84}.Release|x86.ActiveCfg = Release|Win32
		{95B41997-BF54-4C82-A0D1-F1F19BC0DE84}.Release|x86.Build.0 = Release|Win32
		{A1830B5E-A9F0-4810-BBB3-2A95B0A9292C}.Debug|Any CPU.ActiveCfg = Debug|Win32
		{A1830B5E-A9F0-4810-BBB3-2A95B0A9292C}.Debug|Any CPU.Build.0 = Debug|Win32
		{A1830B5E-A9F0-4810-BBB3-2A95B0A9292C}.Debug|x64.ActiveCfg = Debug|x64
		{A1830B5E-A9F0-4810-BBB3-2A95B0A9292C}.Debug|x64.Build.0 = Debug|x64
		{A1830B5E-A9F0-4810-BBB3-2A95B0A9292C}.Debug|x86.ActiveCfg = Debug|Win32
		{A1830B5E-A9F0-4810-BBB3-2A95B0A9292C}.Debug|x86.Build.0 = Debug|Win32
		{A1830B5E-A9F0-4810-BBB3-2A95B0A9292C}.Release|Any CPU.ActiveCfg = Debug|Win32
		{A1830B5E-A9F0-4810-BBB3-2A95B0A9292C}.Release|Any CPU.Build.0 = Debug|Win32
		{A1830B5E-A9F0-4810-BBB3-2A95B0A9292C}.Release|x64.ActiveCfg = Release|x64
		{A1830B5E-A9F0-4810-BBB3-2A95B0A9292C}.Release|x64.Build.0 = Release|x64
		{A1830B5E-A9F0-4810-BBB3-2A95B0A9292C}.Release|x86.ActiveCfg = Release|Win32
		{A1830B5E-A9F0-4810-BBB3-2A95B0A9292C}.Release|x86.Build.0 = Release|Win32
		{E38A8BE6-1E1C-44AA-9CF8-E697D9AA4149}.Debug|Any CPU.ActiveCfg = Release|Win32
		{E38A8BE6-1E1C-44AA-9CF8-E697D9AA4149}.Debug|Any CPU.Build.0 = Release|Win32
		{E38A8BE6-1E1C-44AA-9CF8-E697D9AA4149}.Debug|x64.ActiveCfg = Debug|x64
		{E38A8BE6-1E1C-44AA-9CF8-E697D9AA4149}.Debug|x64.Build.0 = Debug|x64
		{E38A8BE6-1E1C-44AA-9CF8-E697D9AA4149}.Debug|x86.ActiveCfg = Debug|Win32
		{E38A8BE6-1E1C-44AA-9CF8-E697D9AA4149}.Debug|x86.Build.0 = Debug|Win32
		{E38A8BE6-1E1C-44AA-9CF8-E697D9AA4149}.Release|Any CPU.ActiveCfg = Release|Win32
		{E38A8BE6-1E1C-44AA-9CF8-E697D9AA4149}.Release|Any CPU.Build.0 = Release|Win32
		{E38A8BE6-1E1C-44AA-9CF8-E697D9AA4149}.Release|x64.ActiveCfg = Release|x64
		{E38A8BE6-1E1C-44AA-9CF8-E697D9AA4149}.Release|x64.Build.0 = Release|x64
		{E38A8BE6-1E1C-44AA-9CF8-E697D9AA4149}.Release|x86.ActiveCfg = Release|Win32
		{E38A8BE6-1E1C-44AA-9CF8-E697D9AA4149}.Release|x86.Build.0 = Release|Win32
		{FD58948A-5E3F-4C78-AB43-220067F24988}.Debug|Any CPU.ActiveCfg = Release|Win32
		{FD58948A-5E3F-4C78-AB43-220067F24988}.Debug|Any CPU.Build.0 = Release|Win32
		{FD58948A-5E3F-4C78-AB43-220067F24988}.Debug|x64.ActiveCfg = Debug|x64
		{FD58948A-5E3F-4C78-AB43-220067F24988}.Debug|x64.Build.0 = Debug|x64
		{FD58948A-5E3F-4C78-AB43-220067F24988}.Debug|x86.ActiveCfg = Debug|Win32
		{FD58948A-5E3F-4C78-AB43-220067F24988}.Debug|x86.Build.0 = Debug|Win32
		{FD58948A-5E3F-4C78-AB43-220067F24988}.Release|Any CPU.ActiveCfg = Release|Win32
		{FD58948A-5E3F-4C78-AB43-220067F24988}.Release|Any CPU.Build.0 = Release|Win32
		{FD58948A-5E3F-4C78-AB43-220067F24988}.Release|x64.ActiveCfg = Release|x64
		{FD58948A-5E3F-4C78-AB43-220067F24988}.Release|x64.Build.0 = Release|x64
		{FD58948A-5E3F-4C78-AB43-220067F24988}.Release|x86.ActiveCfg = Release|Win32
		{FD58948A-5E3F-4C78-AB43-220067F24988}.Release|x86.Build.0 = Release|Win32
		{DBE0C537-081E-4EEB-AADB-1F119256A7DE}.Debug|Any CPU.ActiveCfg = Release|Win32
		{DBE0C537-081E-4EEB-AADB-1F119256A7DE}.Debug|Any CPU.Build.0 = Release|Win32
		{DBE0C537-081E-4EEB-AADB-1F119256A7DE}.Debug|x64.ActiveCfg = Debug|x64
		{DBE0C537-081E-4EEB-AADB-1F119256A7DE}.Debug|x64.Build.0 = Debug|x64
		{DBE0C537-081E-4EEB-AADB-1F119256A7DE}.Debug|x86.ActiveCfg = Debug|Win32
		{DBE0C537-081E-4EEB-AADB-1F119256A7DE}.Debug|x86.Build.0 = Debug|Win32
		{DBE0C537-081E-4EEB-AADB-1F119256A7DE}.Release|Any CPU.ActiveCfg = Release|Win32
		{DBE0C537-081E-4EEB-AADB-1F119256A7DE}.Release|Any CPU.Build.0 = Release|Win32
		{DBE0C537-081E-4EEB-AADB-1F119256A7DE}.Release|x64.ActiveCfg = Release|x64
		{DBE0C537-081E-4EEB-AADB-1F119256A7DE}.Release|x64.Build.0 = Release|x64
		{DBE0C537-081E-4EEB-AADB-1F119256A7DE}.Release|x86.ActiveCfg = Release|Win32
		{DBE0C537-081E-4EEB-AADB-1F119256A7DE}.Release|x86.Build.0 = Release|Win32
		{715F6BB7-F722-4F58-AF52-2589219E770C}.Debug|Any CPU.ActiveCfg = Debug|Win32
		{715F6BB7-F722-4F58-AF52-2589219E770C}.Debug|Any CPU.Build.0 = Debug|Win32
		{715F6BB7-F722-4F58-AF52-2589219E770C}.Debug|x64.ActiveCfg = Debug|x64
		{715F6BB7-F722-4F58-AF52-2589219E770C}.Debug|x64.Build.0 = Debug|x64
		{715F6BB7-F722-4F58-AF52-2589219E770C}.Debug|x86.ActiveCfg = Debug|Win32
		{715F6BB7-F722-4F58-AF52-2589219E770C}.Debug|x86.Build.0 = Debug|Win32
		{715F6BB7-F722-4F58-AF52-2589219E770C}.Release|Any CPU.ActiveCfg = Debug|Win32
		{715F6BB7-F722-4F58-AF52-2589219E770C}.Release|Any CPU.Build.0 = Debug|Win32
		{715F6BB7-F722-4F58-AF52-2589219E770C}.Release|x64.ActiveCfg = Release|x64
		{715F6BB7-F722-4F58-AF52-2589219E770C}.Release|x64.Build.0 = Release|x64
		{715F6BB7-F722-4F58-AF52-2589219E770C}.Release|x86.ActiveCfg = Release|Win32
		{715F6BB7-F722-4F58-AF52-2589219E770C}.Release|x86.Build.0 = Release|Win32
		{D000EFD7-E5AD-4383-AA13-249C7524EC6C}.Debug|Any CPU.ActiveCfg = Release|Win32
		{D000EFD7-E5AD-4383-AA13-249C7524EC6C}.Debug|Any CPU.Build.0 = Release|Win32
		{D000EFD7-E5AD-4383-AA13-249C7524EC6C}.Debug|x64.ActiveCfg = Debug|x64
		{D000EFD7-E5AD-4383-AA13-249C7524EC6C}.Debug|x64.Build.0 = Debug|x64
		{D000EFD7-E5AD-4383-AA13-249C7524EC6C}.Debug|x86.ActiveCfg = Debug|Win32
		{D000EFD7-E5AD-4383-AA13-249C7524EC6C}.Debug|x86.Build.0 = Debug|Win32
		{D000EFD7-E5AD-4383-AA13-249C7524EC6C}.Release|Any CPU.ActiveCfg = Release|Win32
		{D000EFD7-E5AD-4383-AA13-249C7524EC6C}.Release|Any CPU.Build.0 = Release|Win32
		{D000EFD7-E5AD-4383-AA13-249C7524EC6C}.Release|x64.ActiveCfg = Release|x64
		{D000EFD7-E5AD-4383-AA13-249C7524EC6C}.Release|x64.Build.0 = Release|x64
		{D000EFD7-E5AD-4383-AA13-249C7524EC6C}.Release|x86.ActiveCfg = Release|Win32
		{D000EFD7-E5AD-4383-AA13-249C7524EC6C}.Release|x86.Build.0 = Release|Win32
		{DBBDBD6F-4963-4635-A5B2-3784B986DBA9}.Debug|Any CPU.ActiveCfg = Debug|Win32
		{DBBDBD6F-4963-4635-A5B2-3784B986DBA9}.Debug|Any CPU.Build.0 = Debug|Win32
		{DBBDBD6F-4963-4635-A5B2-3784B986DBA9}.Debug|x64.ActiveCfg = Debug|x64
		{DBBDBD6F-4963-4635-A5B2-3784B986DBA9}.Debug|x64.Build.0 = Debug|x64
		{DBBDBD6F-4963-4635-A5B2-3784B986DBA9}.Debug|x86.ActiveCfg = Debug|Win32
		{DBBDBD6F-4963-4635-A5B2-3784B986DBA9}.Debug|x86.Build.0 = Debug|Win32
		{DBBDBD6F-4963-4635-A5B2-3784B986DBA9}.Release|Any CPU.ActiveCfg = Debug|Win32
		{DBBDBD6F-4963-4635-A5B2-3784B986DBA9}.Release|Any CPU.Build.0 = Debug|Win32
		{DBBDBD6F-4963-4635-A5B2-3784B986DBA9}.Release|x64.ActiveCfg = Release|x64
		{DBBDBD6F-4963-4635-A5B2-3784B986DBA9}.Release|x64.Build.0 = Release|x64
		{DBBDBD6F-4963-4635-A5B2-3784B986DBA9}.Release|x86.ActiveCfg = Release|Win32
		{DBBDBD6F-4963-4635-A5B2-3784B986DBA9}.Release|x86.Build.0 = Release|Win32
		{0CA224E3-94C8-41A4-A68A-8985A7F2EE4F}.Debug|Any CPU.ActiveCfg = Release|Win32
		{0CA224E3-94C8-41A4-A68A-8985A7F2EE4F}.Debug|Any CPU.Build.0 = Release|Win32
		{0CA224E3-94C8-41A4-A68A-8985A7F2EE4F}.Debug|x64.ActiveCfg = Debug|x64
		{0CA224E3-94C8-41A4-A68A-8985A7F2EE4F}.Debug|x64.Build.0 = Debug|x64
		{0CA224E3-94C8-41A4-A68A-8985A7F2EE4F}.Debug|x86.ActiveCfg = Debug|Win32
		{0CA224E3-94C8-41A4-A68A-8985A7F2EE4F}.Debug|x86.Build.0 = Debug|Win32
		{0CA224E3-94C8-41A4-A68A-8985A7F2EE4F}.Release|Any CPU.ActiveCfg = Release|Win32
		{0CA224E3-94C8-41A4-A68A-8985A7F2EE4F}.Release|Any CPU.Build.0 = Release|Win32
		{0CA224E3-94C8-41A4-A68A-8985A7F2EE4F}.Release|x64.ActiveCfg = Release|x64
		{0CA224E3-94C8-41A4-A68A-8985A7F2EE4F}.Release|x64.Build.0 = Release|x64
		{0CA224E3-94C8-41A4-A68A-8985A7F2EE4F}.Release|x86.ActiveCfg = Release|Win32
		{0CA224E3-94C8-41A4-A68A-8985A7F2EE4F}.Release|x86.Build.0 = Release|Win32
		{2ACB2C9B-8C62-4C4A-9242-E6E5D345D04F}.Debug|Any CPU.ActiveCfg = Release|Win32
		{2ACB2C9B-8C62-4C4A-9242-E6E5D345D04F}.Debug|Any CPU.Build.0 = Release|Win32
		{2ACB2C9B-8C62-4C4A-9242-E6E5D345D04F}.Debug|x64.ActiveCfg = Debug|x64
		{2ACB2C9B-8C62-4C4A-9242-E6E5D345D04F}.Debug|x64.Build.0 = Debug|x64
		{2ACB2C9B-8C62-4C4A-9242-E6E5D345D04F}.Debug|x86.ActiveCfg = Debug|Win32
		{2ACB2C9B-8C62-4C4A-9242-E6E5D345D04F}.Debug|x86.Build.0 = Debug|Win32
		{2ACB2C9B-8C62-4C4A-9242-E6E5D345D04F}.Release|Any CPU.ActiveCfg = Release|Win32
		{2ACB2C9B-8C62-4C4A-9242-E6E5D345D04F}.Release|Any CPU.Build.0 = Release|Win32
		{2ACB2C9B-8C62-4C4A-9242-E6E5D345D04F}.Release|x64.ActiveCfg = Release|x64
		{2ACB2C9B-8C62-4C4A-9242-E6E5D345D04F}.Release|x64.Build.0 = Release|x64
		{2ACB2C9B-8C62-4C4A-9242-E6E5D345D04F}.Release|x86.ActiveCfg = Release|Win32
		{2ACB2C9B-8C62-4C4A-9242-E6E5D345D04F}.Release|x86.Build.0 = Release|Win32
		{F307B9C1-3465-4DD2-A8F0-8995EBE860D1}.Debug|Any CPU.ActiveCfg = Release|Win32
		{F307B9C1-3465-4DD2-A8F0-8995EBE860D1}.Debug|Any CPU.Build.0 = Release|Win32
		{F307B9C1-3465-4DD2-A8F0-8995EBE860D1}.Debug|x64.ActiveCfg = Debug|x64
		{F307B9C1-3465-4DD2-A8F0-8995EBE860D1}.Debug|x64.Build.0 = Debug|x64
		{F307B9C1-3465-4DD2-A8F0-8995EBE860D1}.Debug|x86.ActiveCfg = Debug|Win32
		{F307B9C1-3465-4DD2-A8F0-8995EBE860D1}.Debug|x86.Build.0 = Debug|Win32
		{F307B9C1-3465-4DD2-A8F0-8995EBE860D1}.Release|Any CPU.ActiveCfg = Release|Win32
		{F307B9C1-3465-4DD2-A8F0-8995EBE860D1}.Release|Any CPU.Build.0 = Release|Win32
		{F307B9C1-3465-4DD2-A8F0-8995EBE860D1}.Release|x64.ActiveCfg = Release|x64
		{F307B9C1-3465-4DD2-A8F0-8995EBE860D1}.Release|x64.Build.0 = Release|x64
		{F307B9C1-3465-4DD2-A8F0-8995EBE860D1}.Release|x86.ActiveCfg = Release|Win32
		{F307B9C1-3465-4DD2-A8F0-8995EBE860D1}.Release|x86.Build.0 = Release|Win32
		{27D84543-5F0C-4037-B65F-BC8BB0FF3371}.Debug|Any CPU.ActiveCfg = Release|Win32
		{27D84543-5F0C-4037-B65F-BC8BB0FF3371}.Debug|Any CPU.Build.0 = Release|Win32
		{27D84543-5F0C-4037-B65F-BC8BB0FF3371}.Debug|x64.ActiveCfg = Debug|x64
		{27D84543-5F0C-4037-B65F-BC8BB0FF3371}.Debug|x64.Build.0 = Debug|x64
		{27D84543-5F0C-4037-B65F-BC8BB0FF3371}.Debug|x86.ActiveCfg = Debug|Win32
		{27D84543-5F0C-4037-B65F-BC8BB0FF3371}.Debug|x86.Build.0 = Debug|Win32
		{27D84543-5F0C-4037-B65F-BC8BB0FF3371}.Release|Any CPU.ActiveCfg = Release|Win32
		{27D84543-5F0C-4037-B65F-BC8BB0FF3371}.Release|Any CPU.Build.0 = Release|Win32
		{27D84543-5F0C-4037-B65F-BC8BB0FF3371}.Release|x64.ActiveCfg = Release|x64
		{27D84543-5F0C-4037-B65F-BC8BB0FF3371}.Release|x64.Build.0 = Release|x64
		{27D84543-5F0C-4037-B65F-BC8BB0FF3371}.Release|x86.ActiveCfg = Release|Win32
		{27D84543-5F0C-4037-B65F-BC8BB0FF3371}.Release|x86.Build.0 = Release|Win32
		{149704E2-90B1-41BC-AB0E-2008CB4F31A0}.Debug|Any CPU.ActiveCfg = Debug|Win32
		{149704E2-90B1-41BC-AB0E-2008CB4F31A0}.Debug|Any CPU.Build.0 = Debug|Win32
		{149704E2-90B1-41BC-AB0E-2008CB4F31A0}.Debug|x64.ActiveCfg = Debug|x64
		{149704E2-90B1-41BC-AB0E-2008CB4F31A0}.Debug|x64.Build.0 = Debug|x64
		{149704E2-90B1-41BC-AB0E-2008CB4F31A0}.Debug|x86.ActiveCfg = Debug|Win32
		{149704E2-90B1-41BC-AB0E-2008CB4F31A0}.Debug|x86.Build.0 = Debug|Win32
		{149704E2-90B1-41BC-AB0E-2008CB4F31A0}.Release|Any CPU.ActiveCfg = Debug|Win32
		{149704E2-90B1-41BC-AB0E-2008CB4F31A0}.Release|Any CPU.Build.0 = Debug|Win32
		{149704E2-90B1-41BC-AB0E-2008CB4F31A0}.Release|x64.ActiveCfg = Release|x64
		{149704E2-90B1-41BC-AB0E-2008CB4F31A0}.Release|x64.Build.0 = Release|x64
		{149704E2-90B1-41BC-AB0E-2008CB4F31A0}.Release|x86.ActiveCfg = Release|Win32
		{149704E2-90B1-41BC-AB0E-2008CB4F31A0}.Release|x86.Build.0 = Release|Win32
		{EC59BDB5-FB34-4D44-B127-8D7B970B0E8C}.Debug|Any CPU.ActiveCfg = Debug|Win32
		{EC59BDB5-FB34-4D44-B127-8D7B970B0E8C}.Debug|Any CPU.Build.0 = Debug|Win32
		{EC59BDB5-FB34-4D44-B127-8D7B970B0E8C}.Debug|x64.ActiveCfg = Debug|x64
		{EC59BDB5-FB34-4D44-B127-8D7B970B0E8C}.Debug|x64.Build.0 = Debug|x64
		{EC59BDB5-FB34-4D44-B127-8D7B970B0E8C}.Debug|x86.ActiveCfg = Debug|Win32
		{EC59BDB5-FB34-4D44-B127-8D7B970B0E8C}.Debug|x86.Build.0 = Debug|Win32
		{EC59BDB5-FB34-4D44-B127-8D7B970B0E8C}.Release|Any CPU.ActiveCfg = Debug|Win32
		{EC59BDB5-FB34-4D44-B127-8D7B970B0E8C}.Release|Any CPU.Build.0 = Debug|Win32
		{EC59BDB5-FB34-4D44-B127-8D7B970B0E8C}.Release|x64.ActiveCfg = Release|x64
		{EC59BDB5-FB34-4D44-B127-8D7B970B0E8C}.Release|x64.Build.0 = Release|x64
		{EC59BDB5-FB34-4D44-B127-8D7B970B0E8C}.Release|x86.ActiveCfg = Release|Win32
		{EC59BDB5-FB34-4D44-B127-8D7B970B0E8C}.Release|x86.Build.0 = Release|Win32
		{D3F97B12-649D-4E73-9F85-8C848684E577}.Debug|Any CPU.ActiveCfg = Debug|Win32
		{D3F97B12-649D-4E73-9F85-8C848684E577}.Debug|Any CPU.Build.0 = Debug|Win32
		{D3F97B12-649D-4E73-9F85-8C848684E577}.Debug|x64.ActiveCfg = Debug|x64
		{D3F97B12-649D-4E73-9F85-8C848684E577}.Debug|x64.Build.0 = Debug|x64
		{D3F97B12-649D-4E73-9F85-8C848684E577}.Debug|x86.ActiveCfg = Debug|Win32
		{D3F97B12-649D-4E73-9F85-8C848684E577}.Debug|x86.Build.0 = Debug|Win32
		{D3F97B12-649D-4E73-9F85-8C848684E577}.Release|Any CPU.ActiveCfg = Debug|Win32
		{D3F97B12-649D-4E73-9F85-8C848684E577}.Release|Any CPU.Build.0 = Debug|Win32
		{D3F97B12-649D-4E73-9F85-8C848684E577}.Release|x64.ActiveCfg = Release|x64
		{D3F97B12-649D-4E73-9F85-8C848684E577}.Release|x64.Build.0 = Release|x64
		{D3F97B12-649D-4E73-9F85-8C848684E577}.Release|x86.ActiveCfg = Release|Win32
		{D3F97B12-649D-4E73-9F85-8C848684E577}.Release|x86.Build.0 = Release|Win32
		{CA82B5C7-B4A9-4821-80F3-59E4DCB67C5C}.Debug|Any CPU.ActiveCfg = Release|Win32
		{CA82B5C7-B4A9-4821-80F3-59E4DCB67C5C}.Debug|Any CPU.Build.0 = Release|Win32
		{CA82B5C7-B4A9-4821-80F3-59E4DCB67C5C}.Debug|x64.ActiveCfg = Debug|x64
		{CA82B5C7-B4A9-4821-80F3-59E4DCB67C5C}.Debug|x64.Build.0 = Debug|x64
		{CA82B5C7-B4A9-4821-80F3-59E4DCB67C5C}.Debug|x86.ActiveCfg = Debug|Win32
		{CA82B5C7-B4A9-4821-80F3-59E4DCB67C5C}.Debug|x86.Build.0 = Debug|Win32
		{CA82B5C7-B4A9-4821-80F3-59E4DCB67C5C}.Release|Any CPU.ActiveCfg = Release|Win32
		{CA82B5C7-B4A9-4821-80F3-59E4DCB67C5C}.Release|Any CPU.Build.0 = Release|Win32
		{CA82B5C7-B4A9-4821-80F3-59E4DCB67C5C}.Release|x64.ActiveCfg = Release|x64
		{CA82B5C7-B4A9-4821-80F3-59E4DCB67C5C}.Release|x64.Build.0 = Release|x64
		{CA82B5C7-B4A9-4821-80F3-59E4DCB67C5C}.Release|x86.ActiveCfg = Release|Win32
		{CA82B5C7-B4A9-4821-80F3-59E4DCB67C5C}.Release|x86.Build.0 = Release|Win32
		{E40E1611-2746-491A-A56E-06D3ABBADAAA}.Debug|Any CPU.ActiveCfg = Release|Win32
		{E40E1611-2746-491A-A56E-06D3ABBADAAA}.Debug|Any CPU.Build.0 = Release|Win32
		{E40E1611-2746-491A-A56E-06D3ABBADAAA}.Debug|x64.ActiveCfg = Debug|x64
		{E40E1611-2746-491A-A56E-06D3ABBADAAA}.Debug|x64.Build.0 = Debug|x64
		{E40E1611-2746-491A-A56E-06D3ABBADAAA}.Debug|x86.ActiveCfg = Debug|Win32
		{E40E1611-2746-491A-A56E-06D3ABBADAAA}.Debug|x86.Build.0 = Debug|Win32
		{E40E1611-2746-491A-A56E-06D3ABBADAAA}.Release|Any CPU.ActiveCfg = Release|Win32
		{E40E1611-2746-491A-A56E-06D3ABBADAAA}.Release|Any CPU.Build.0 = Release|Win32
		{E40E1611-2746-491A-A56E-06D3ABBADAAA}.Release|x64.ActiveCfg = Release|x64
		{E40E1611-2746-491A-A56E-06D3ABBADAAA}.Release|x64.Build.0 = Release|x64
		{E40E1611-2746-491A-A56E-06D3ABBADAAA}.Release|x86.ActiveCfg = Release|Win32
		{E40E1611-2746-491A-A56E-06D3ABBADAAA}.Release|x86.Build.0 = Release|Win32
		{A368611D-B15A-4EC6-B452-F10824AFCACB}.Debug|Any CPU.ActiveCfg = Release|Win32
		{A368611D-B15A-4EC6-B452-F10824AFCACB}.Debug|Any CPU.Build.0 = Release|Win32
		{A368611D-B15A-4EC6-B452-F10824AFCACB}.Debug|x64.ActiveCfg = Debug|x64
		{A368611D-B15A-4EC6-B452-F10824AFCACB}.Debug|x64.Build.0 = Debug|x64
		{A368611D-B15A-4EC6-B452-F10824AFCACB}.Debug|x86.ActiveCfg = Debug|Win32
		{A368611D-B15A-4EC6-B452-F10824AFCACB}.Debug|x86.Build.0 = Debug|Win32
		{A368611D-B15A-4EC6-B452-F10824AFCACB}.Release|Any CPU.ActiveCfg = Release|Win32
		{A368611D-B15A-4EC6-B452-F10824AFCACB}.Release|Any CPU.Build.0 = Release|Win32
		{A368611D-B15A-4EC6-B452-F10824AFCACB}.Release|x64.ActiveCfg = Release|x64
		{A368611D-B15A-4EC6-B452-F10824AFCACB}.Release|x64.Build.0 = Release|x64
		{A368611D-B15A-4EC6-B452-F10824AFCACB}.Release|x86.ActiveCfg = Release|Win32
		{A368611D-B15A-4EC6-B452-F10824AFCACB}.Release|x86.Build.0 = Release|Win32
		{35F42A9D-D905-49C3-A650-4495F605CAB5}.Debug|Any CPU.ActiveCfg = Debug|Win32
		{35F42A9D-D905-49C3-A650-4495F605CAB5}.Debug|x64.ActiveCfg = Debug|x64
		{35F42A9D-D905-49C3-A650-4495F605CAB5}.Debug|x64.Build.0 = Debug|x64
		{35F42A9D-D905-49C3-A650-4495F605CAB5}.Debug|x86.ActiveCfg = Debug|Win32
		{35F42A9D-D905-49C3-A650-4495F605CAB5}.Debug|x86.Build.0 = Debug|Win32
		{35F42A9D-D905-49C3-A650-4495F605CAB5}.Release|Any CPU.ActiveCfg = Release|Win32
		{35F42A9D-D905-49C3-A650-4495F605CAB5}.Release|x64.ActiveCfg = Release|x64
		{35F42A9D-D905-49C3-A650-4495F605CAB5}.Release|x64.Build.0 = Release|x64
		{35F42A9D-D905-49C3-A650-4495F605CAB5}.Release|x86.ActiveCfg = Release|Win32
		{35F42A9D-D905-49C3-A650-4495F605CAB5}.Release|x86.Build.0 = Release|Win32
	EndGlobalSection
	GlobalSection(SolutionProperties) = preSolution
		HideSolutionNode = FALSE
	EndGlobalSection
	GlobalSection(ExtensibilityGlobals) = postSolution
		SolutionGuid = {95EE2F99-57B8-4001-B596-51AA8607FCAA}
	EndGlobalSection
EndGlobal
