
Microsoft Visual Studio Solution File, Format Version 12.00
# Visual Studio Version 16
VisualStudioVersion = 16.0.29102.190
MinimumVisualStudioVersion = 10.0.40219.1
Project("{8BC9CEB8-8B4A-11D0-8D11-00A0C91BC942}") = "Qsort", "Qsort\Qsort.vcxproj", "{3816F5B1-BA1F-453E-AF70-91EFA8EF1FCB}"
EndProject
Project("{8BC9CEB8-8B4A-11D0-8D11-00A0C91BC942}") = "kmp1", "kmp1\kmp1.vcxproj", "{7E3B2B56-7E52-4DCB-B200-5A1B2E09FB50}"
EndProject
Global
	GlobalSection(SolutionConfigurationPlatforms) = preSolution
		Debug|x64 = Debug|x64
		Debug|x86 = Debug|x86
		Release|x64 = Release|x64
		Release|x86 = Release|x86
	EndGlobalSection
	GlobalSection(ProjectConfigurationPlatforms) = postSolution
		{3816F5B1-BA1F-453E-AF70-91EFA8EF1FCB}.Debug|x64.ActiveCfg = Debug|x64
		{3816F5B1-BA1F-453E-AF70-91EFA8EF1FCB}.Debug|x64.Build.0 = Debug|x64
		{3816F5B1-BA1F-453E-AF70-91EFA8EF1FCB}.Debug|x86.ActiveCfg = Debug|Win32
		{3816F5B1-BA1F-453E-AF70-91EFA8EF1FCB}.Debug|x86.Build.0 = Debug|Win32
		{3816F5B1-BA1F-453E-AF70-91EFA8EF1FCB}.Release|x64.ActiveCfg = Release|x64
		{3816F5B1-BA1F-453E-AF70-91EFA8EF1FCB}.Release|x64.Build.0 = Release|x64
		{3816F5B1-BA1F-453E-AF70-91EFA8EF1FCB}.Release|x86.ActiveCfg = Release|Win32
		{3816F5B1-BA1F-453E-AF70-91EFA8EF1FCB}.Release|x86.Build.0 = Release|Win32
		{7E3B2B56-7E52-4DCB-B200-5A1B2E09FB50}.Debug|x64.ActiveCfg = Debug|x64
		{7E3B2B56-7E52-4DCB-B200-5A1B2E09FB50}.Debug|x64.Build.0 = Debug|x64
		{7E3B2B56-7E52-4DCB-B200-5A1B2E09FB50}.Debug|x86.ActiveCfg = Debug|Win32
		{7E3B2B56-7E52-4DCB-B200-5A1B2E09FB50}.Debug|x86.Build.0 = Debug|Win32
		{7E3B2B56-7E52-4DCB-B200-5A1B2E09FB50}.Release|x64.ActiveCfg = Release|x64
		{7E3B2B56-7E52-4DCB-B200-5A1B2E09FB50}.Release|x64.Build.0 = Release|x64
		{7E3B2B56-7E52-4DCB-B200-5A1B2E09FB50}.Release|x86.ActiveCfg = Release|Win32
		{7E3B2B56-7E52-4DCB-B200-5A1B2E09FB50}.Release|x86.Build.0 = Release|Win32
	EndGlobalSection
	GlobalSection(SolutionProperties) = preSolution
		HideSolutionNode = FALSE
	EndGlobalSection
	GlobalSection(ExtensibilityGlobals) = postSolution
		SolutionGuid = {1A2D3FF3-0313-4EB5-9588-11A7F39B4BAB}
	EndGlobalSection
EndGlobal
