
Microsoft Visual Studio Solution File, Format Version 12.00
# Visual Studio Version 16
VisualStudioVersion = 16.0.29209.62
MinimumVisualStudioVersion = 10.0.40219.1
Project("{8BC9CEB8-8B4A-11D0-8D11-00A0C91BC942}") = "offer_autumn", "offer_autumn\offer_autumn.vcxproj", "{DCE49FD0-550D-4643-8DDF-F54BE8AB6EDD}"
EndProject
Project("{8BC9CEB8-8B4A-11D0-8D11-00A0C91BC942}") = "CVTE", "CVTE\CVTE.vcxproj", "{90E98633-648C-46FD-B104-482875D262D5}"
EndProject
Project("{8BC9CEB8-8B4A-11D0-8D11-00A0C91BC942}") = "meituan2", "meituan2\meituan2.vcxproj", "{328E0597-0A84-4F17-BBF8-178F7F352AA2}"
EndProject
Project("{8BC9CEB8-8B4A-11D0-8D11-00A0C91BC942}") = "meituan1", "meituan1\meituan1.vcxproj", "{9A03BE31-E38C-4B18-92A8-D6D05053A21C}"
EndProject
Project("{8BC9CEB8-8B4A-11D0-8D11-00A0C91BC942}") = "jd1", "jd1\jd1.vcxproj", "{0638C6DB-8FD1-4D9E-81C0-17A4C13B5B21}"
EndProject
Project("{8BC9CEB8-8B4A-11D0-8D11-00A0C91BC942}") = "jd2", "jd2\jd2.vcxproj", "{307381B7-8636-4B14-A90C-C83BB5A1D481}"
EndProject
Project("{8BC9CEB8-8B4A-11D0-8D11-00A0C91BC942}") = "kuaishou1", "kuaishou1\kuaishou1.vcxproj", "{4B95FA08-D26D-46DA-B966-8B27BF355364}"
EndProject
Project("{8BC9CEB8-8B4A-11D0-8D11-00A0C91BC942}") = "kuaishou2", "kuaishou2\kuaishou2.vcxproj", "{562A482A-98B4-490F-BDC8-03855A242A2F}"
EndProject
Project("{8BC9CEB8-8B4A-11D0-8D11-00A0C91BC942}") = "kuaishou3", "kuaishou3\kuaishou3.vcxproj", "{CE695215-063C-49F9-990E-8B53A9686E60}"
EndProject
Project("{8BC9CEB8-8B4A-11D0-8D11-00A0C91BC942}") = "ihandy", "ihandy\ihandy.vcxproj", "{18B4BD04-9000-49D2-A0C2-5A21246B2516}"
EndProject
Project("{8BC9CEB8-8B4A-11D0-8D11-00A0C91BC942}") = "ihandy2", "ihandy2\ihandy2.vcxproj", "{2B99430B-1BC4-4989-8710-821A79812111}"
EndProject
Project("{8BC9CEB8-8B4A-11D0-8D11-00A0C91BC942}") = "3601", "3601\3601.vcxproj", "{5E2CC511-4D9C-4330-B111-5E27840A8F30}"
EndProject
Project("{8BC9CEB8-8B4A-11D0-8D11-00A0C91BC942}") = "3602", "3602\3602.vcxproj", "{D1279182-9E65-4BAA-93AE-1E6FA93474B7}"
EndProject
Project("{8BC9CEB8-8B4A-11D0-8D11-00A0C91BC942}") = "xiaohongshu1", "xiaohongshu1\xiaohongshu1.vcxproj", "{4C5F67F9-D85A-4D01-B879-96FDE890226E}"
EndProject
Project("{8BC9CEB8-8B4A-11D0-8D11-00A0C91BC942}") = "xiaohongshu2", "xiaohongshu2\xiaohongshu2.vcxproj", "{702C678A-D1A2-46AA-A6E7-0FEF346B59C2}"
EndProject
Project("{8BC9CEB8-8B4A-11D0-8D11-00A0C91BC942}") = "xiaohongshu3", "xiaohongshu3\xiaohongshu3.vcxproj", "{AE4DECA2-0A75-4D1F-A6B2-F86BD00FEB0F}"
EndProject
Project("{8BC9CEB8-8B4A-11D0-8D11-00A0C91BC942}") = "xiaohongshu4", "xiaohongshu4\xiaohongshu4.vcxproj", "{E611D03A-F0AE-49FE-9F09-1837DA1F909A}"
EndProject
Project("{8BC9CEB8-8B4A-11D0-8D11-00A0C91BC942}") = "xiaomi1", "xiaomi1\xiaomi1.vcxproj", "{9C8B47B0-2328-4917-B60D-42637E188383}"
EndProject
Project("{8BC9CEB8-8B4A-11D0-8D11-00A0C91BC942}") = "xiaomi2", "xiaomi2\xiaomi2.vcxproj", "{3D7F3924-F312-4E88-962A-5A107759CAC4}"
EndProject
Project("{8BC9CEB8-8B4A-11D0-8D11-00A0C91BC942}") = "zijie1", "zijie1\zijie1.vcxproj", "{24974738-ADAD-41CB-B6A8-60443F269776}"
EndProject
Project("{8BC9CEB8-8B4A-11D0-8D11-00A0C91BC942}") = "zijie2", "zijie2\zijie2.vcxproj", "{75C95433-C129-42F5-84BE-5BD3959D22C0}"
EndProject
Project("{8BC9CEB8-8B4A-11D0-8D11-00A0C91BC942}") = "zijie3", "zijie3\zijie3.vcxproj", "{699D0044-CAF3-4DE7-A799-5E31F5EEFB4A}"
EndProject
Project("{8BC9CEB8-8B4A-11D0-8D11-00A0C91BC942}") = "zijie4", "zijie4\zijie4.vcxproj", "{2870AE79-9478-44AD-AA73-FFA0B207F94E}"
EndProject
Project("{8BC9CEB8-8B4A-11D0-8D11-00A0C91BC942}") = "huanju1", "huanju1\huanju1.vcxproj", "{1ED9965A-D65D-4BF2-9A95-9953EC62A026}"
EndProject
Project("{8BC9CEB8-8B4A-11D0-8D11-00A0C91BC942}") = "huanju2", "huanju2\huanju2.vcxproj", "{78A198A6-4DF5-4766-9942-5C8D427284FC}"
EndProject
Project("{8BC9CEB8-8B4A-11D0-8D11-00A0C91BC942}") = "bilibili1", "bilibili1\bilibili1.vcxproj", "{F8E17EF0-F406-4798-A291-DE7CF00636DC}"
EndProject
Project("{8BC9CEB8-8B4A-11D0-8D11-00A0C91BC942}") = "bilibili2", "bilibili2\bilibili2.vcxproj", "{87C8085C-90F9-47E0-B80F-09DFAAD276A2}"
EndProject
Project("{8BC9CEB8-8B4A-11D0-8D11-00A0C91BC942}") = "bilibili3", "bilibili3\bilibili3.vcxproj", "{93DF0E32-0DD4-438F-B649-6DA89B5348D7}"
EndProject
Project("{8BC9CEB8-8B4A-11D0-8D11-00A0C91BC942}") = "vivo1", "vivo1\vivo1.vcxproj", "{22F97BC6-4E69-4BE7-8D26-C20F9058CE3A}"
EndProject
Project("{8BC9CEB8-8B4A-11D0-8D11-00A0C91BC942}") = "vivo2", "vivo2\vivo2.vcxproj", "{5D90A334-9D98-4864-AE8B-DC94C7A338CA}"
EndProject
Project("{8BC9CEB8-8B4A-11D0-8D11-00A0C91BC942}") = "vivo3", "vivo3\vivo3.vcxproj", "{2A340172-1C3C-45F3-8642-A821C893D5F6}"
EndProject
Project("{8BC9CEB8-8B4A-11D0-8D11-00A0C91BC942}") = "liulishuo1", "liulishuo1\liulishuo1.vcxproj", "{6821310F-D6C5-41BC-AA52-00C3985EC171}"
EndProject
Project("{8BC9CEB8-8B4A-11D0-8D11-00A0C91BC942}") = "liulishuo2", "liulishuo2\liulishuo2.vcxproj", "{0243C61D-20F7-4BAA-B610-23CB157EDDA3}"
EndProject
Project("{8BC9CEB8-8B4A-11D0-8D11-00A0C91BC942}") = "58", "58\58.vcxproj", "{FA4FBC9F-C92B-4DE7-8D70-7508B945E37F}"
EndProject
Project("{8BC9CEB8-8B4A-11D0-8D11-00A0C91BC942}") = "58-2", "58-2\58-2.vcxproj", "{8BFE6937-D7C3-4DD5-BF47-9141583AFA63}"
EndProject
Project("{8BC9CEB8-8B4A-11D0-8D11-00A0C91BC942}") = "58-3", "58-3\58-3.vcxproj", "{B17D8B74-8506-48B7-B6E9-4D2C3CAB6419}"
EndProject
Project("{8BC9CEB8-8B4A-11D0-8D11-00A0C91BC942}") = "yuanfudao1", "yuanfudao1\yuanfudao1.vcxproj", "{4E6AAB43-76DF-4D37-BA98-C69B4028F44D}"
EndProject
Project("{8BC9CEB8-8B4A-11D0-8D11-00A0C91BC942}") = "yuanfudao2", "yuanfudao2\yuanfudao2.vcxproj", "{41DCE58F-2EF8-465E-99D0-B8BB60364431}"
EndProject
Project("{8BC9CEB8-8B4A-11D0-8D11-00A0C91BC942}") = "yuanfudao3", "yuanfudao3\yuanfudao3.vcxproj", "{EA6E22AA-F5EA-4B07-BD0B-990F34295C8B}"
EndProject
Project("{8BC9CEB8-8B4A-11D0-8D11-00A0C91BC942}") = "qianxin", "qianxin\qianxin.vcxproj", "{9D7B94BA-14EC-486B-AD4E-51CC2FE04F59}"
EndProject
Project("{8BC9CEB8-8B4A-11D0-8D11-00A0C91BC942}") = "qianxin2", "qianxin2\qianxin2.vcxproj", "{58483DBA-3A55-4D02-814A-1836CC084D45}"
EndProject
Project("{8BC9CEB8-8B4A-11D0-8D11-00A0C91BC942}") = "58-4", "58-4\58-4.vcxproj", "{AA83A551-0C81-4AD6-A6CC-65818BF46E73}"
EndProject
Project("{8BC9CEB8-8B4A-11D0-8D11-00A0C91BC942}") = "58-5", "58-5\58-5.vcxproj", "{2FA50EE7-25C5-4858-801F-DFA5F704E6AD}"
EndProject
Project("{8BC9CEB8-8B4A-11D0-8D11-00A0C91BC942}") = "58-6", "58-6\58-6.vcxproj", "{E8991480-6484-4C14-A21C-74738DB6079B}"
EndProject
Global
	GlobalSection(SolutionConfigurationPlatforms) = preSolution
		Debug|x64 = Debug|x64
		Debug|x86 = Debug|x86
		Release|x64 = Release|x64
		Release|x86 = Release|x86
	EndGlobalSection
	GlobalSection(ProjectConfigurationPlatforms) = postSolution
		{DCE49FD0-550D-4643-8DDF-F54BE8AB6EDD}.Debug|x64.ActiveCfg = Debug|x64
		{DCE49FD0-550D-4643-8DDF-F54BE8AB6EDD}.Debug|x64.Build.0 = Debug|x64
		{DCE49FD0-550D-4643-8DDF-F54BE8AB6EDD}.Debug|x86.ActiveCfg = Debug|Win32
		{DCE49FD0-550D-4643-8DDF-F54BE8AB6EDD}.Debug|x86.Build.0 = Debug|Win32
		{DCE49FD0-550D-4643-8DDF-F54BE8AB6EDD}.Release|x64.ActiveCfg = Release|x64
		{DCE49FD0-550D-4643-8DDF-F54BE8AB6EDD}.Release|x64.Build.0 = Release|x64
		{DCE49FD0-550D-4643-8DDF-F54BE8AB6EDD}.Release|x86.ActiveCfg = Release|Win32
		{DCE49FD0-550D-4643-8DDF-F54BE8AB6EDD}.Release|x86.Build.0 = Release|Win32
		{90E98633-648C-46FD-B104-482875D262D5}.Debug|x64.ActiveCfg = Debug|x64
		{90E98633-648C-46FD-B104-482875D262D5}.Debug|x64.Build.0 = Debug|x64
		{90E98633-648C-46FD-B104-482875D262D5}.Debug|x86.ActiveCfg = Debug|Win32
		{90E98633-648C-46FD-B104-482875D262D5}.Debug|x86.Build.0 = Debug|Win32
		{90E98633-648C-46FD-B104-482875D262D5}.Release|x64.ActiveCfg = Release|x64
		{90E98633-648C-46FD-B104-482875D262D5}.Release|x64.Build.0 = Release|x64
		{90E98633-648C-46FD-B104-482875D262D5}.Release|x86.ActiveCfg = Release|Win32
		{90E98633-648C-46FD-B104-482875D262D5}.Release|x86.Build.0 = Release|Win32
		{328E0597-0A84-4F17-BBF8-178F7F352AA2}.Debug|x64.ActiveCfg = Debug|x64
		{328E0597-0A84-4F17-BBF8-178F7F352AA2}.Debug|x64.Build.0 = Debug|x64
		{328E0597-0A84-4F17-BBF8-178F7F352AA2}.Debug|x86.ActiveCfg = Debug|Win32
		{328E0597-0A84-4F17-BBF8-178F7F352AA2}.Debug|x86.Build.0 = Debug|Win32
		{328E0597-0A84-4F17-BBF8-178F7F352AA2}.Release|x64.ActiveCfg = Release|x64
		{328E0597-0A84-4F17-BBF8-178F7F352AA2}.Release|x64.Build.0 = Release|x64
		{328E0597-0A84-4F17-BBF8-178F7F352AA2}.Release|x86.ActiveCfg = Release|Win32
		{328E0597-0A84-4F17-BBF8-178F7F352AA2}.Release|x86.Build.0 = Release|Win32
		{9A03BE31-E38C-4B18-92A8-D6D05053A21C}.Debug|x64.ActiveCfg = Debug|x64
		{9A03BE31-E38C-4B18-92A8-D6D05053A21C}.Debug|x64.Build.0 = Debug|x64
		{9A03BE31-E38C-4B18-92A8-D6D05053A21C}.Debug|x86.ActiveCfg = Debug|Win32
		{9A03BE31-E38C-4B18-92A8-D6D05053A21C}.Debug|x86.Build.0 = Debug|Win32
		{9A03BE31-E38C-4B18-92A8-D6D05053A21C}.Release|x64.ActiveCfg = Release|x64
		{9A03BE31-E38C-4B18-92A8-D6D05053A21C}.Release|x64.Build.0 = Release|x64
		{9A03BE31-E38C-4B18-92A8-D6D05053A21C}.Release|x86.ActiveCfg = Release|Win32
		{9A03BE31-E38C-4B18-92A8-D6D05053A21C}.Release|x86.Build.0 = Release|Win32
		{0638C6DB-8FD1-4D9E-81C0-17A4C13B5B21}.Debug|x64.ActiveCfg = Debug|x64
		{0638C6DB-8FD1-4D9E-81C0-17A4C13B5B21}.Debug|x64.Build.0 = Debug|x64
		{0638C6DB-8FD1-4D9E-81C0-17A4C13B5B21}.Debug|x86.ActiveCfg = Debug|Win32
		{0638C6DB-8FD1-4D9E-81C0-17A4C13B5B21}.Debug|x86.Build.0 = Debug|Win32
		{0638C6DB-8FD1-4D9E-81C0-17A4C13B5B21}.Release|x64.ActiveCfg = Release|x64
		{0638C6DB-8FD1-4D9E-81C0-17A4C13B5B21}.Release|x64.Build.0 = Release|x64
		{0638C6DB-8FD1-4D9E-81C0-17A4C13B5B21}.Release|x86.ActiveCfg = Release|Win32
		{0638C6DB-8FD1-4D9E-81C0-17A4C13B5B21}.Release|x86.Build.0 = Release|Win32
		{307381B7-8636-4B14-A90C-C83BB5A1D481}.Debug|x64.ActiveCfg = Debug|x64
		{307381B7-8636-4B14-A90C-C83BB5A1D481}.Debug|x64.Build.0 = Debug|x64
		{307381B7-8636-4B14-A90C-C83BB5A1D481}.Debug|x86.ActiveCfg = Debug|Win32
		{307381B7-8636-4B14-A90C-C83BB5A1D481}.Debug|x86.Build.0 = Debug|Win32
		{307381B7-8636-4B14-A90C-C83BB5A1D481}.Release|x64.ActiveCfg = Release|x64
		{307381B7-8636-4B14-A90C-C83BB5A1D481}.Release|x64.Build.0 = Release|x64
		{307381B7-8636-4B14-A90C-C83BB5A1D481}.Release|x86.ActiveCfg = Release|Win32
		{307381B7-8636-4B14-A90C-C83BB5A1D481}.Release|x86.Build.0 = Release|Win32
		{4B95FA08-D26D-46DA-B966-8B27BF355364}.Debug|x64.ActiveCfg = Debug|x64
		{4B95FA08-D26D-46DA-B966-8B27BF355364}.Debug|x64.Build.0 = Debug|x64
		{4B95FA08-D26D-46DA-B966-8B27BF355364}.Debug|x86.ActiveCfg = Debug|Win32
		{4B95FA08-D26D-46DA-B966-8B27BF355364}.Debug|x86.Build.0 = Debug|Win32
		{4B95FA08-D26D-46DA-B966-8B27BF355364}.Release|x64.ActiveCfg = Release|x64
		{4B95FA08-D26D-46DA-B966-8B27BF355364}.Release|x64.Build.0 = Release|x64
		{4B95FA08-D26D-46DA-B966-8B27BF355364}.Release|x86.ActiveCfg = Release|Win32
		{4B95FA08-D26D-46DA-B966-8B27BF355364}.Release|x86.Build.0 = Release|Win32
		{562A482A-98B4-490F-BDC8-03855A242A2F}.Debug|x64.ActiveCfg = Debug|x64
		{562A482A-98B4-490F-BDC8-03855A242A2F}.Debug|x64.Build.0 = Debug|x64
		{562A482A-98B4-490F-BDC8-03855A242A2F}.Debug|x86.ActiveCfg = Debug|Win32
		{562A482A-98B4-490F-BDC8-03855A242A2F}.Debug|x86.Build.0 = Debug|Win32
		{562A482A-98B4-490F-BDC8-03855A242A2F}.Release|x64.ActiveCfg = Release|x64
		{562A482A-98B4-490F-BDC8-03855A242A2F}.Release|x64.Build.0 = Release|x64
		{562A482A-98B4-490F-BDC8-03855A242A2F}.Release|x86.ActiveCfg = Release|Win32
		{562A482A-98B4-490F-BDC8-03855A242A2F}.Release|x86.Build.0 = Release|Win32
		{CE695215-063C-49F9-990E-8B53A9686E60}.Debug|x64.ActiveCfg = Debug|x64
		{CE695215-063C-49F9-990E-8B53A9686E60}.Debug|x64.Build.0 = Debug|x64
		{CE695215-063C-49F9-990E-8B53A9686E60}.Debug|x86.ActiveCfg = Debug|Win32
		{CE695215-063C-49F9-990E-8B53A9686E60}.Debug|x86.Build.0 = Debug|Win32
		{CE695215-063C-49F9-990E-8B53A9686E60}.Release|x64.ActiveCfg = Release|x64
		{CE695215-063C-49F9-990E-8B53A9686E60}.Release|x64.Build.0 = Release|x64
		{CE695215-063C-49F9-990E-8B53A9686E60}.Release|x86.ActiveCfg = Release|Win32
		{CE695215-063C-49F9-990E-8B53A9686E60}.Release|x86.Build.0 = Release|Win32
		{18B4BD04-9000-49D2-A0C2-5A21246B2516}.Debug|x64.ActiveCfg = Debug|x64
		{18B4BD04-9000-49D2-A0C2-5A21246B2516}.Debug|x64.Build.0 = Debug|x64
		{18B4BD04-9000-49D2-A0C2-5A21246B2516}.Debug|x86.ActiveCfg = Debug|Win32
		{18B4BD04-9000-49D2-A0C2-5A21246B2516}.Debug|x86.Build.0 = Debug|Win32
		{18B4BD04-9000-49D2-A0C2-5A21246B2516}.Release|x64.ActiveCfg = Release|x64
		{18B4BD04-9000-49D2-A0C2-5A21246B2516}.Release|x64.Build.0 = Release|x64
		{18B4BD04-9000-49D2-A0C2-5A21246B2516}.Release|x86.ActiveCfg = Release|Win32
		{18B4BD04-9000-49D2-A0C2-5A21246B2516}.Release|x86.Build.0 = Release|Win32
		{2B99430B-1BC4-4989-8710-821A79812111}.Debug|x64.ActiveCfg = Debug|x64
		{2B99430B-1BC4-4989-8710-821A79812111}.Debug|x64.Build.0 = Debug|x64
		{2B99430B-1BC4-4989-8710-821A79812111}.Debug|x86.ActiveCfg = Debug|Win32
		{2B99430B-1BC4-4989-8710-821A79812111}.Debug|x86.Build.0 = Debug|Win32
		{2B99430B-1BC4-4989-8710-821A79812111}.Release|x64.ActiveCfg = Release|x64
		{2B99430B-1BC4-4989-8710-821A79812111}.Release|x64.Build.0 = Release|x64
		{2B99430B-1BC4-4989-8710-821A79812111}.Release|x86.ActiveCfg = Release|Win32
		{2B99430B-1BC4-4989-8710-821A79812111}.Release|x86.Build.0 = Release|Win32
		{5E2CC511-4D9C-4330-B111-5E27840A8F30}.Debug|x64.ActiveCfg = Debug|x64
		{5E2CC511-4D9C-4330-B111-5E27840A8F30}.Debug|x64.Build.0 = Debug|x64
		{5E2CC511-4D9C-4330-B111-5E27840A8F30}.Debug|x86.ActiveCfg = Debug|Win32
		{5E2CC511-4D9C-4330-B111-5E27840A8F30}.Debug|x86.Build.0 = Debug|Win32
		{5E2CC511-4D9C-4330-B111-5E27840A8F30}.Release|x64.ActiveCfg = Release|x64
		{5E2CC511-4D9C-4330-B111-5E27840A8F30}.Release|x64.Build.0 = Release|x64
		{5E2CC511-4D9C-4330-B111-5E27840A8F30}.Release|x86.ActiveCfg = Release|Win32
		{5E2CC511-4D9C-4330-B111-5E27840A8F30}.Release|x86.Build.0 = Release|Win32
		{D1279182-9E65-4BAA-93AE-1E6FA93474B7}.Debug|x64.ActiveCfg = Debug|x64
		{D1279182-9E65-4BAA-93AE-1E6FA93474B7}.Debug|x64.Build.0 = Debug|x64
		{D1279182-9E65-4BAA-93AE-1E6FA93474B7}.Debug|x86.ActiveCfg = Debug|Win32
		{D1279182-9E65-4BAA-93AE-1E6FA93474B7}.Debug|x86.Build.0 = Debug|Win32
		{D1279182-9E65-4BAA-93AE-1E6FA93474B7}.Release|x64.ActiveCfg = Release|x64
		{D1279182-9E65-4BAA-93AE-1E6FA93474B7}.Release|x64.Build.0 = Release|x64
		{D1279182-9E65-4BAA-93AE-1E6FA93474B7}.Release|x86.ActiveCfg = Release|Win32
		{D1279182-9E65-4BAA-93AE-1E6FA93474B7}.Release|x86.Build.0 = Release|Win32
		{4C5F67F9-D85A-4D01-B879-96FDE890226E}.Debug|x64.ActiveCfg = Debug|x64
		{4C5F67F9-D85A-4D01-B879-96FDE890226E}.Debug|x64.Build.0 = Debug|x64
		{4C5F67F9-D85A-4D01-B879-96FDE890226E}.Debug|x86.ActiveCfg = Debug|Win32
		{4C5F67F9-D85A-4D01-B879-96FDE890226E}.Debug|x86.Build.0 = Debug|Win32
		{4C5F67F9-D85A-4D01-B879-96FDE890226E}.Release|x64.ActiveCfg = Release|x64
		{4C5F67F9-D85A-4D01-B879-96FDE890226E}.Release|x64.Build.0 = Release|x64
		{4C5F67F9-D85A-4D01-B879-96FDE890226E}.Release|x86.ActiveCfg = Release|Win32
		{4C5F67F9-D85A-4D01-B879-96FDE890226E}.Release|x86.Build.0 = Release|Win32
		{702C678A-D1A2-46AA-A6E7-0FEF346B59C2}.Debug|x64.ActiveCfg = Debug|x64
		{702C678A-D1A2-46AA-A6E7-0FEF346B59C2}.Debug|x64.Build.0 = Debug|x64
		{702C678A-D1A2-46AA-A6E7-0FEF346B59C2}.Debug|x86.ActiveCfg = Debug|Win32
		{702C678A-D1A2-46AA-A6E7-0FEF346B59C2}.Debug|x86.Build.0 = Debug|Win32
		{702C678A-D1A2-46AA-A6E7-0FEF346B59C2}.Release|x64.ActiveCfg = Release|x64
		{702C678A-D1A2-46AA-A6E7-0FEF346B59C2}.Release|x64.Build.0 = Release|x64
		{702C678A-D1A2-46AA-A6E7-0FEF346B59C2}.Release|x86.ActiveCfg = Release|Win32
		{702C678A-D1A2-46AA-A6E7-0FEF346B59C2}.Release|x86.Build.0 = Release|Win32
		{AE4DECA2-0A75-4D1F-A6B2-F86BD00FEB0F}.Debug|x64.ActiveCfg = Debug|x64
		{AE4DECA2-0A75-4D1F-A6B2-F86BD00FEB0F}.Debug|x64.Build.0 = Debug|x64
		{AE4DECA2-0A75-4D1F-A6B2-F86BD00FEB0F}.Debug|x86.ActiveCfg = Debug|Win32
		{AE4DECA2-0A75-4D1F-A6B2-F86BD00FEB0F}.Debug|x86.Build.0 = Debug|Win32
		{AE4DECA2-0A75-4D1F-A6B2-F86BD00FEB0F}.Release|x64.ActiveCfg = Release|x64
		{AE4DECA2-0A75-4D1F-A6B2-F86BD00FEB0F}.Release|x64.Build.0 = Release|x64
		{AE4DECA2-0A75-4D1F-A6B2-F86BD00FEB0F}.Release|x86.ActiveCfg = Release|Win32
		{AE4DECA2-0A75-4D1F-A6B2-F86BD00FEB0F}.Release|x86.Build.0 = Release|Win32
		{E611D03A-F0AE-49FE-9F09-1837DA1F909A}.Debug|x64.ActiveCfg = Debug|x64
		{E611D03A-F0AE-49FE-9F09-1837DA1F909A}.Debug|x64.Build.0 = Debug|x64
		{E611D03A-F0AE-49FE-9F09-1837DA1F909A}.Debug|x86.ActiveCfg = Debug|Win32
		{E611D03A-F0AE-49FE-9F09-1837DA1F909A}.Debug|x86.Build.0 = Debug|Win32
		{E611D03A-F0AE-49FE-9F09-1837DA1F909A}.Release|x64.ActiveCfg = Release|x64
		{E611D03A-F0AE-49FE-9F09-1837DA1F909A}.Release|x64.Build.0 = Release|x64
		{E611D03A-F0AE-49FE-9F09-1837DA1F909A}.Release|x86.ActiveCfg = Release|Win32
		{E611D03A-F0AE-49FE-9F09-1837DA1F909A}.Release|x86.Build.0 = Release|Win32
		{9C8B47B0-2328-4917-B60D-42637E188383}.Debug|x64.ActiveCfg = Debug|x64
		{9C8B47B0-2328-4917-B60D-42637E188383}.Debug|x64.Build.0 = Debug|x64
		{9C8B47B0-2328-4917-B60D-42637E188383}.Debug|x86.ActiveCfg = Debug|Win32
		{9C8B47B0-2328-4917-B60D-42637E188383}.Debug|x86.Build.0 = Debug|Win32
		{9C8B47B0-2328-4917-B60D-42637E188383}.Release|x64.ActiveCfg = Release|x64
		{9C8B47B0-2328-4917-B60D-42637E188383}.Release|x64.Build.0 = Release|x64
		{9C8B47B0-2328-4917-B60D-42637E188383}.Release|x86.ActiveCfg = Release|Win32
		{9C8B47B0-2328-4917-B60D-42637E188383}.Release|x86.Build.0 = Release|Win32
		{3D7F3924-F312-4E88-962A-5A107759CAC4}.Debug|x64.ActiveCfg = Debug|x64
		{3D7F3924-F312-4E88-962A-5A107759CAC4}.Debug|x64.Build.0 = Debug|x64
		{3D7F3924-F312-4E88-962A-5A107759CAC4}.Debug|x86.ActiveCfg = Debug|Win32
		{3D7F3924-F312-4E88-962A-5A107759CAC4}.Debug|x86.Build.0 = Debug|Win32
		{3D7F3924-F312-4E88-962A-5A107759CAC4}.Release|x64.ActiveCfg = Release|x64
		{3D7F3924-F312-4E88-962A-5A107759CAC4}.Release|x64.Build.0 = Release|x64
		{3D7F3924-F312-4E88-962A-5A107759CAC4}.Release|x86.ActiveCfg = Release|Win32
		{3D7F3924-F312-4E88-962A-5A107759CAC4}.Release|x86.Build.0 = Release|Win32
		{24974738-ADAD-41CB-B6A8-60443F269776}.Debug|x64.ActiveCfg = Debug|x64
		{24974738-ADAD-41CB-B6A8-60443F269776}.Debug|x64.Build.0 = Debug|x64
		{24974738-ADAD-41CB-B6A8-60443F269776}.Debug|x86.ActiveCfg = Debug|Win32
		{24974738-ADAD-41CB-B6A8-60443F269776}.Debug|x86.Build.0 = Debug|Win32
		{24974738-ADAD-41CB-B6A8-60443F269776}.Release|x64.ActiveCfg = Release|x64
		{24974738-ADAD-41CB-B6A8-60443F269776}.Release|x64.Build.0 = Release|x64
		{24974738-ADAD-41CB-B6A8-60443F269776}.Release|x86.ActiveCfg = Release|Win32
		{24974738-ADAD-41CB-B6A8-60443F269776}.Release|x86.Build.0 = Release|Win32
		{75C95433-C129-42F5-84BE-5BD3959D22C0}.Debug|x64.ActiveCfg = Debug|x64
		{75C95433-C129-42F5-84BE-5BD3959D22C0}.Debug|x64.Build.0 = Debug|x64
		{75C95433-C129-42F5-84BE-5BD3959D22C0}.Debug|x86.ActiveCfg = Debug|Win32
		{75C95433-C129-42F5-84BE-5BD3959D22C0}.Debug|x86.Build.0 = Debug|Win32
		{75C95433-C129-42F5-84BE-5BD3959D22C0}.Release|x64.ActiveCfg = Release|x64
		{75C95433-C129-42F5-84BE-5BD3959D22C0}.Release|x64.Build.0 = Release|x64
		{75C95433-C129-42F5-84BE-5BD3959D22C0}.Release|x86.ActiveCfg = Release|Win32
		{75C95433-C129-42F5-84BE-5BD3959D22C0}.Release|x86.Build.0 = Release|Win32
		{699D0044-CAF3-4DE7-A799-5E31F5EEFB4A}.Debug|x64.ActiveCfg = Debug|x64
		{699D0044-CAF3-4DE7-A799-5E31F5EEFB4A}.Debug|x64.Build.0 = Debug|x64
		{699D0044-CAF3-4DE7-A799-5E31F5EEFB4A}.Debug|x86.ActiveCfg = Debug|Win32
		{699D0044-CAF3-4DE7-A799-5E31F5EEFB4A}.Debug|x86.Build.0 = Debug|Win32
		{699D0044-CAF3-4DE7-A799-5E31F5EEFB4A}.Release|x64.ActiveCfg = Release|x64
		{699D0044-CAF3-4DE7-A799-5E31F5EEFB4A}.Release|x64.Build.0 = Release|x64
		{699D0044-CAF3-4DE7-A799-5E31F5EEFB4A}.Release|x86.ActiveCfg = Release|Win32
		{699D0044-CAF3-4DE7-A799-5E31F5EEFB4A}.Release|x86.Build.0 = Release|Win32
		{2870AE79-9478-44AD-AA73-FFA0B207F94E}.Debug|x64.ActiveCfg = Debug|x64
		{2870AE79-9478-44AD-AA73-FFA0B207F94E}.Debug|x64.Build.0 = Debug|x64
		{2870AE79-9478-44AD-AA73-FFA0B207F94E}.Debug|x86.ActiveCfg = Debug|Win32
		{2870AE79-9478-44AD-AA73-FFA0B207F94E}.Debug|x86.Build.0 = Debug|Win32
		{2870AE79-9478-44AD-AA73-FFA0B207F94E}.Release|x64.ActiveCfg = Release|x64
		{2870AE79-9478-44AD-AA73-FFA0B207F94E}.Release|x64.Build.0 = Release|x64
		{2870AE79-9478-44AD-AA73-FFA0B207F94E}.Release|x86.ActiveCfg = Release|Win32
		{2870AE79-9478-44AD-AA73-FFA0B207F94E}.Release|x86.Build.0 = Release|Win32
		{1ED9965A-D65D-4BF2-9A95-9953EC62A026}.Debug|x64.ActiveCfg = Debug|x64
		{1ED9965A-D65D-4BF2-9A95-9953EC62A026}.Debug|x64.Build.0 = Debug|x64
		{1ED9965A-D65D-4BF2-9A95-9953EC62A026}.Debug|x86.ActiveCfg = Debug|Win32
		{1ED9965A-D65D-4BF2-9A95-9953EC62A026}.Debug|x86.Build.0 = Debug|Win32
		{1ED9965A-D65D-4BF2-9A95-9953EC62A026}.Release|x64.ActiveCfg = Release|x64
		{1ED9965A-D65D-4BF2-9A95-9953EC62A026}.Release|x64.Build.0 = Release|x64
		{1ED9965A-D65D-4BF2-9A95-9953EC62A026}.Release|x86.ActiveCfg = Release|Win32
		{1ED9965A-D65D-4BF2-9A95-9953EC62A026}.Release|x86.Build.0 = Release|Win32
		{78A198A6-4DF5-4766-9942-5C8D427284FC}.Debug|x64.ActiveCfg = Debug|x64
		{78A198A6-4DF5-4766-9942-5C8D427284FC}.Debug|x64.Build.0 = Debug|x64
		{78A198A6-4DF5-4766-9942-5C8D427284FC}.Debug|x86.ActiveCfg = Debug|Win32
		{78A198A6-4DF5-4766-9942-5C8D427284FC}.Debug|x86.Build.0 = Debug|Win32
		{78A198A6-4DF5-4766-9942-5C8D427284FC}.Release|x64.ActiveCfg = Release|x64
		{78A198A6-4DF5-4766-9942-5C8D427284FC}.Release|x64.Build.0 = Release|x64
		{78A198A6-4DF5-4766-9942-5C8D427284FC}.Release|x86.ActiveCfg = Release|Win32
		{78A198A6-4DF5-4766-9942-5C8D427284FC}.Release|x86.Build.0 = Release|Win32
		{F8E17EF0-F406-4798-A291-DE7CF00636DC}.Debug|x64.ActiveCfg = Debug|x64
		{F8E17EF0-F406-4798-A291-DE7CF00636DC}.Debug|x64.Build.0 = Debug|x64
		{F8E17EF0-F406-4798-A291-DE7CF00636DC}.Debug|x86.ActiveCfg = Debug|Win32
		{F8E17EF0-F406-4798-A291-DE7CF00636DC}.Debug|x86.Build.0 = Debug|Win32
		{F8E17EF0-F406-4798-A291-DE7CF00636DC}.Release|x64.ActiveCfg = Release|x64
		{F8E17EF0-F406-4798-A291-DE7CF00636DC}.Release|x64.Build.0 = Release|x64
		{F8E17EF0-F406-4798-A291-DE7CF00636DC}.Release|x86.ActiveCfg = Release|Win32
		{F8E17EF0-F406-4798-A291-DE7CF00636DC}.Release|x86.Build.0 = Release|Win32
		{87C8085C-90F9-47E0-B80F-09DFAAD276A2}.Debug|x64.ActiveCfg = Debug|x64
		{87C8085C-90F9-47E0-B80F-09DFAAD276A2}.Debug|x64.Build.0 = Debug|x64
		{87C8085C-90F9-47E0-B80F-09DFAAD276A2}.Debug|x86.ActiveCfg = Debug|Win32
		{87C8085C-90F9-47E0-B80F-09DFAAD276A2}.Debug|x86.Build.0 = Debug|Win32
		{87C8085C-90F9-47E0-B80F-09DFAAD276A2}.Release|x64.ActiveCfg = Release|x64
		{87C8085C-90F9-47E0-B80F-09DFAAD276A2}.Release|x64.Build.0 = Release|x64
		{87C8085C-90F9-47E0-B80F-09DFAAD276A2}.Release|x86.ActiveCfg = Release|Win32
		{87C8085C-90F9-47E0-B80F-09DFAAD276A2}.Release|x86.Build.0 = Release|Win32
		{93DF0E32-0DD4-438F-B649-6DA89B5348D7}.Debug|x64.ActiveCfg = Debug|x64
		{93DF0E32-0DD4-438F-B649-6DA89B5348D7}.Debug|x64.Build.0 = Debug|x64
		{93DF0E32-0DD4-438F-B649-6DA89B5348D7}.Debug|x86.ActiveCfg = Debug|Win32
		{93DF0E32-0DD4-438F-B649-6DA89B5348D7}.Debug|x86.Build.0 = Debug|Win32
		{93DF0E32-0DD4-438F-B649-6DA89B5348D7}.Release|x64.ActiveCfg = Release|x64
		{93DF0E32-0DD4-438F-B649-6DA89B5348D7}.Release|x64.Build.0 = Release|x64
		{93DF0E32-0DD4-438F-B649-6DA89B5348D7}.Release|x86.ActiveCfg = Release|Win32
		{93DF0E32-0DD4-438F-B649-6DA89B5348D7}.Release|x86.Build.0 = Release|Win32
		{22F97BC6-4E69-4BE7-8D26-C20F9058CE3A}.Debug|x64.ActiveCfg = Debug|x64
		{22F97BC6-4E69-4BE7-8D26-C20F9058CE3A}.Debug|x64.Build.0 = Debug|x64
		{22F97BC6-4E69-4BE7-8D26-C20F9058CE3A}.Debug|x86.ActiveCfg = Debug|Win32
		{22F97BC6-4E69-4BE7-8D26-C20F9058CE3A}.Debug|x86.Build.0 = Debug|Win32
		{22F97BC6-4E69-4BE7-8D26-C20F9058CE3A}.Release|x64.ActiveCfg = Release|x64
		{22F97BC6-4E69-4BE7-8D26-C20F9058CE3A}.Release|x64.Build.0 = Release|x64
		{22F97BC6-4E69-4BE7-8D26-C20F9058CE3A}.Release|x86.ActiveCfg = Release|Win32
		{22F97BC6-4E69-4BE7-8D26-C20F9058CE3A}.Release|x86.Build.0 = Release|Win32
		{5D90A334-9D98-4864-AE8B-DC94C7A338CA}.Debug|x64.ActiveCfg = Debug|x64
		{5D90A334-9D98-4864-AE8B-DC94C7A338CA}.Debug|x64.Build.0 = Debug|x64
		{5D90A334-9D98-4864-AE8B-DC94C7A338CA}.Debug|x86.ActiveCfg = Debug|Win32
		{5D90A334-9D98-4864-AE8B-DC94C7A338CA}.Debug|x86.Build.0 = Debug|Win32
		{5D90A334-9D98-4864-AE8B-DC94C7A338CA}.Release|x64.ActiveCfg = Release|x64
		{5D90A334-9D98-4864-AE8B-DC94C7A338CA}.Release|x64.Build.0 = Release|x64
		{5D90A334-9D98-4864-AE8B-DC94C7A338CA}.Release|x86.ActiveCfg = Release|Win32
		{5D90A334-9D98-4864-AE8B-DC94C7A338CA}.Release|x86.Build.0 = Release|Win32
		{2A340172-1C3C-45F3-8642-A821C893D5F6}.Debug|x64.ActiveCfg = Debug|x64
		{2A340172-1C3C-45F3-8642-A821C893D5F6}.Debug|x64.Build.0 = Debug|x64
		{2A340172-1C3C-45F3-8642-A821C893D5F6}.Debug|x86.ActiveCfg = Debug|Win32
		{2A340172-1C3C-45F3-8642-A821C893D5F6}.Debug|x86.Build.0 = Debug|Win32
		{2A340172-1C3C-45F3-8642-A821C893D5F6}.Release|x64.ActiveCfg = Release|x64
		{2A340172-1C3C-45F3-8642-A821C893D5F6}.Release|x64.Build.0 = Release|x64
		{2A340172-1C3C-45F3-8642-A821C893D5F6}.Release|x86.ActiveCfg = Release|Win32
		{2A340172-1C3C-45F3-8642-A821C893D5F6}.Release|x86.Build.0 = Release|Win32
		{6821310F-D6C5-41BC-AA52-00C3985EC171}.Debug|x64.ActiveCfg = Debug|x64
		{6821310F-D6C5-41BC-AA52-00C3985EC171}.Debug|x64.Build.0 = Debug|x64
		{6821310F-D6C5-41BC-AA52-00C3985EC171}.Debug|x86.ActiveCfg = Debug|Win32
		{6821310F-D6C5-41BC-AA52-00C3985EC171}.Debug|x86.Build.0 = Debug|Win32
		{6821310F-D6C5-41BC-AA52-00C3985EC171}.Release|x64.ActiveCfg = Release|x64
		{6821310F-D6C5-41BC-AA52-00C3985EC171}.Release|x64.Build.0 = Release|x64
		{6821310F-D6C5-41BC-AA52-00C3985EC171}.Release|x86.ActiveCfg = Release|Win32
		{6821310F-D6C5-41BC-AA52-00C3985EC171}.Release|x86.Build.0 = Release|Win32
		{0243C61D-20F7-4BAA-B610-23CB157EDDA3}.Debug|x64.ActiveCfg = Debug|x64
		{0243C61D-20F7-4BAA-B610-23CB157EDDA3}.Debug|x64.Build.0 = Debug|x64
		{0243C61D-20F7-4BAA-B610-23CB157EDDA3}.Debug|x86.ActiveCfg = Debug|Win32
		{0243C61D-20F7-4BAA-B610-23CB157EDDA3}.Debug|x86.Build.0 = Debug|Win32
		{0243C61D-20F7-4BAA-B610-23CB157EDDA3}.Release|x64.ActiveCfg = Release|x64
		{0243C61D-20F7-4BAA-B610-23CB157EDDA3}.Release|x64.Build.0 = Release|x64
		{0243C61D-20F7-4BAA-B610-23CB157EDDA3}.Release|x86.ActiveCfg = Release|Win32
		{0243C61D-20F7-4BAA-B610-23CB157EDDA3}.Release|x86.Build.0 = Release|Win32
		{FA4FBC9F-C92B-4DE7-8D70-7508B945E37F}.Debug|x64.ActiveCfg = Debug|x64
		{FA4FBC9F-C92B-4DE7-8D70-7508B945E37F}.Debug|x64.Build.0 = Debug|x64
		{FA4FBC9F-C92B-4DE7-8D70-7508B945E37F}.Debug|x86.ActiveCfg = Debug|Win32
		{FA4FBC9F-C92B-4DE7-8D70-7508B945E37F}.Debug|x86.Build.0 = Debug|Win32
		{FA4FBC9F-C92B-4DE7-8D70-7508B945E37F}.Release|x64.ActiveCfg = Release|x64
		{FA4FBC9F-C92B-4DE7-8D70-7508B945E37F}.Release|x64.Build.0 = Release|x64
		{FA4FBC9F-C92B-4DE7-8D70-7508B945E37F}.Release|x86.ActiveCfg = Release|Win32
		{FA4FBC9F-C92B-4DE7-8D70-7508B945E37F}.Release|x86.Build.0 = Release|Win32
		{8BFE6937-D7C3-4DD5-BF47-9141583AFA63}.Debug|x64.ActiveCfg = Debug|x64
		{8BFE6937-D7C3-4DD5-BF47-9141583AFA63}.Debug|x64.Build.0 = Debug|x64
		{8BFE6937-D7C3-4DD5-BF47-9141583AFA63}.Debug|x86.ActiveCfg = Debug|Win32
		{8BFE6937-D7C3-4DD5-BF47-9141583AFA63}.Debug|x86.Build.0 = Debug|Win32
		{8BFE6937-D7C3-4DD5-BF47-9141583AFA63}.Release|x64.ActiveCfg = Release|x64
		{8BFE6937-D7C3-4DD5-BF47-9141583AFA63}.Release|x64.Build.0 = Release|x64
		{8BFE6937-D7C3-4DD5-BF47-9141583AFA63}.Release|x86.ActiveCfg = Release|Win32
		{8BFE6937-D7C3-4DD5-BF47-9141583AFA63}.Release|x86.Build.0 = Release|Win32
		{B17D8B74-8506-48B7-B6E9-4D2C3CAB6419}.Debug|x64.ActiveCfg = Debug|x64
		{B17D8B74-8506-48B7-B6E9-4D2C3CAB6419}.Debug|x64.Build.0 = Debug|x64
		{B17D8B74-8506-48B7-B6E9-4D2C3CAB6419}.Debug|x86.ActiveCfg = Debug|Win32
		{B17D8B74-8506-48B7-B6E9-4D2C3CAB6419}.Debug|x86.Build.0 = Debug|Win32
		{B17D8B74-8506-48B7-B6E9-4D2C3CAB6419}.Release|x64.ActiveCfg = Release|x64
		{B17D8B74-8506-48B7-B6E9-4D2C3CAB6419}.Release|x64.Build.0 = Release|x64
		{B17D8B74-8506-48B7-B6E9-4D2C3CAB6419}.Release|x86.ActiveCfg = Release|Win32
		{B17D8B74-8506-48B7-B6E9-4D2C3CAB6419}.Release|x86.Build.0 = Release|Win32
		{4E6AAB43-76DF-4D37-BA98-C69B4028F44D}.Debug|x64.ActiveCfg = Debug|x64
		{4E6AAB43-76DF-4D37-BA98-C69B4028F44D}.Debug|x64.Build.0 = Debug|x64
		{4E6AAB43-76DF-4D37-BA98-C69B4028F44D}.Debug|x86.ActiveCfg = Debug|Win32
		{4E6AAB43-76DF-4D37-BA98-C69B4028F44D}.Debug|x86.Build.0 = Debug|Win32
		{4E6AAB43-76DF-4D37-BA98-C69B4028F44D}.Release|x64.ActiveCfg = Release|x64
		{4E6AAB43-76DF-4D37-BA98-C69B4028F44D}.Release|x64.Build.0 = Release|x64
		{4E6AAB43-76DF-4D37-BA98-C69B4028F44D}.Release|x86.ActiveCfg = Release|Win32
		{4E6AAB43-76DF-4D37-BA98-C69B4028F44D}.Release|x86.Build.0 = Release|Win32
		{41DCE58F-2EF8-465E-99D0-B8BB60364431}.Debug|x64.ActiveCfg = Debug|x64
		{41DCE58F-2EF8-465E-99D0-B8BB60364431}.Debug|x64.Build.0 = Debug|x64
		{41DCE58F-2EF8-465E-99D0-B8BB60364431}.Debug|x86.ActiveCfg = Debug|Win32
		{41DCE58F-2EF8-465E-99D0-B8BB60364431}.Debug|x86.Build.0 = Debug|Win32
		{41DCE58F-2EF8-465E-99D0-B8BB60364431}.Release|x64.ActiveCfg = Release|x64
		{41DCE58F-2EF8-465E-99D0-B8BB60364431}.Release|x64.Build.0 = Release|x64
		{41DCE58F-2EF8-465E-99D0-B8BB60364431}.Release|x86.ActiveCfg = Release|Win32
		{41DCE58F-2EF8-465E-99D0-B8BB60364431}.Release|x86.Build.0 = Release|Win32
		{EA6E22AA-F5EA-4B07-BD0B-990F34295C8B}.Debug|x64.ActiveCfg = Debug|x64
		{EA6E22AA-F5EA-4B07-BD0B-990F34295C8B}.Debug|x64.Build.0 = Debug|x64
		{EA6E22AA-F5EA-4B07-BD0B-990F34295C8B}.Debug|x86.ActiveCfg = Debug|Win32
		{EA6E22AA-F5EA-4B07-BD0B-990F34295C8B}.Debug|x86.Build.0 = Debug|Win32
		{EA6E22AA-F5EA-4B07-BD0B-990F34295C8B}.Release|x64.ActiveCfg = Release|x64
		{EA6E22AA-F5EA-4B07-BD0B-990F34295C8B}.Release|x64.Build.0 = Release|x64
		{EA6E22AA-F5EA-4B07-BD0B-990F34295C8B}.Release|x86.ActiveCfg = Release|Win32
		{EA6E22AA-F5EA-4B07-BD0B-990F34295C8B}.Release|x86.Build.0 = Release|Win32
		{9D7B94BA-14EC-486B-AD4E-51CC2FE04F59}.Debug|x64.ActiveCfg = Debug|x64
		{9D7B94BA-14EC-486B-AD4E-51CC2FE04F59}.Debug|x64.Build.0 = Debug|x64
		{9D7B94BA-14EC-486B-AD4E-51CC2FE04F59}.Debug|x86.ActiveCfg = Debug|Win32
		{9D7B94BA-14EC-486B-AD4E-51CC2FE04F59}.Debug|x86.Build.0 = Debug|Win32
		{9D7B94BA-14EC-486B-AD4E-51CC2FE04F59}.Release|x64.ActiveCfg = Release|x64
		{9D7B94BA-14EC-486B-AD4E-51CC2FE04F59}.Release|x64.Build.0 = Release|x64
		{9D7B94BA-14EC-486B-AD4E-51CC2FE04F59}.Release|x86.ActiveCfg = Release|Win32
		{9D7B94BA-14EC-486B-AD4E-51CC2FE04F59}.Release|x86.Build.0 = Release|Win32
		{58483DBA-3A55-4D02-814A-1836CC084D45}.Debug|x64.ActiveCfg = Debug|x64
		{58483DBA-3A55-4D02-814A-1836CC084D45}.Debug|x64.Build.0 = Debug|x64
		{58483DBA-3A55-4D02-814A-1836CC084D45}.Debug|x86.ActiveCfg = Debug|Win32
		{58483DBA-3A55-4D02-814A-1836CC084D45}.Debug|x86.Build.0 = Debug|Win32
		{58483DBA-3A55-4D02-814A-1836CC084D45}.Release|x64.ActiveCfg = Release|x64
		{58483DBA-3A55-4D02-814A-1836CC084D45}.Release|x64.Build.0 = Release|x64
		{58483DBA-3A55-4D02-814A-1836CC084D45}.Release|x86.ActiveCfg = Release|Win32
		{58483DBA-3A55-4D02-814A-1836CC084D45}.Release|x86.Build.0 = Release|Win32
		{AA83A551-0C81-4AD6-A6CC-65818BF46E73}.Debug|x64.ActiveCfg = Debug|x64
		{AA83A551-0C81-4AD6-A6CC-65818BF46E73}.Debug|x64.Build.0 = Debug|x64
		{AA83A551-0C81-4AD6-A6CC-65818BF46E73}.Debug|x86.ActiveCfg = Debug|Win32
		{AA83A551-0C81-4AD6-A6CC-65818BF46E73}.Debug|x86.Build.0 = Debug|Win32
		{AA83A551-0C81-4AD6-A6CC-65818BF46E73}.Release|x64.ActiveCfg = Release|x64
		{AA83A551-0C81-4AD6-A6CC-65818BF46E73}.Release|x64.Build.0 = Release|x64
		{AA83A551-0C81-4AD6-A6CC-65818BF46E73}.Release|x86.ActiveCfg = Release|Win32
		{AA83A551-0C81-4AD6-A6CC-65818BF46E73}.Release|x86.Build.0 = Release|Win32
		{2FA50EE7-25C5-4858-801F-DFA5F704E6AD}.Debug|x64.ActiveCfg = Debug|x64
		{2FA50EE7-25C5-4858-801F-DFA5F704E6AD}.Debug|x64.Build.0 = Debug|x64
		{2FA50EE7-25C5-4858-801F-DFA5F704E6AD}.Debug|x86.ActiveCfg = Debug|Win32
		{2FA50EE7-25C5-4858-801F-DFA5F704E6AD}.Debug|x86.Build.0 = Debug|Win32
		{2FA50EE7-25C5-4858-801F-DFA5F704E6AD}.Release|x64.ActiveCfg = Release|x64
		{2FA50EE7-25C5-4858-801F-DFA5F704E6AD}.Release|x64.Build.0 = Release|x64
		{2FA50EE7-25C5-4858-801F-DFA5F704E6AD}.Release|x86.ActiveCfg = Release|Win32
		{2FA50EE7-25C5-4858-801F-DFA5F704E6AD}.Release|x86.Build.0 = Release|Win32
		{E8991480-6484-4C14-A21C-74738DB6079B}.Debug|x64.ActiveCfg = Debug|x64
		{E8991480-6484-4C14-A21C-74738DB6079B}.Debug|x64.Build.0 = Debug|x64
		{E8991480-6484-4C14-A21C-74738DB6079B}.Debug|x86.ActiveCfg = Debug|Win32
		{E8991480-6484-4C14-A21C-74738DB6079B}.Debug|x86.Build.0 = Debug|Win32
		{E8991480-6484-4C14-A21C-74738DB6079B}.Release|x64.ActiveCfg = Release|x64
		{E8991480-6484-4C14-A21C-74738DB6079B}.Release|x64.Build.0 = Release|x64
		{E8991480-6484-4C14-A21C-74738DB6079B}.Release|x86.ActiveCfg = Release|Win32
		{E8991480-6484-4C14-A21C-74738DB6079B}.Release|x86.Build.0 = Release|Win32
	EndGlobalSection
	GlobalSection(SolutionProperties) = preSolution
		HideSolutionNode = FALSE
	EndGlobalSection
	GlobalSection(ExtensibilityGlobals) = postSolution
		SolutionGuid = {96C5A51C-B074-46F0-9AEE-6320BEAE93A1}
	EndGlobalSection
EndGlobal
