
Microsoft Visual Studio Solution File, Format Version 12.00
# Visual Studio Version 16
VisualStudioVersion = 16.0.28922.388
MinimumVisualStudioVersion = 10.0.40219.1
Project("{8BC9CEB8-8B4A-11D0-8D11-00A0C91BC942}") = "notes", "notes\notes.vcxproj", "{5ED3F7DF-E1E6-4AE0-9835-7C46891644A2}"
EndProject
Project("{8BC9CEB8-8B4A-11D0-8D11-00A0C91BC942}") = "virtualFunction", "virtualFunction\virtualFunction.vcxproj", "{A30DE425-C16B-4CB6-9586-07812CC52600}"
EndProject
Project("{8BC9CEB8-8B4A-11D0-8D11-00A0C91BC942}") = "nowcoder_exercise", "nowcoder_exercise\nowcoder_exercise.vcxproj", "{DB59E1D2-9318-4A58-84AD-5A50EEE7414E}"
EndProject
Project("{8BC9CEB8-8B4A-11D0-8D11-00A0C91BC942}") = "pointer", "pointer\pointer.vcxproj", "{CAA10C5D-C28B-4918-9256-36EFE28EC029}"
EndProject
Project("{8BC9CEB8-8B4A-11D0-8D11-00A0C91BC942}") = "计算数组长度", "计算数组长度\计算数组长度.vcxproj", "{9C5DB539-5937-4106-93F7-61B2DAADC39B}"
EndProject
Project("{8BC9CEB8-8B4A-11D0-8D11-00A0C91BC942}") = "输入", "输入\输入.vcxproj", "{8F83BD85-DD0D-4287-A40C-0E70DD4EBA9B}"
EndProject
Project("{8BC9CEB8-8B4A-11D0-8D11-00A0C91BC942}") = "重载", "重载\重载.vcxproj", "{8C3D63C8-02F7-461A-AFE1-C339772DBF5C}"
EndProject
Project("{8BC9CEB8-8B4A-11D0-8D11-00A0C91BC942}") = "fstream", "fstream\fstream.vcxproj", "{F639909E-238C-4796-8CBB-D9F0AA6837A1}"
EndProject
Project("{8BC9CEB8-8B4A-11D0-8D11-00A0C91BC942}") = "fstream_binary", "fstream_binary\fstream_binary.vcxproj", "{1881238F-705B-4903-9E5A-57281D53C39D}"
EndProject
Project("{8BC9CEB8-8B4A-11D0-8D11-00A0C91BC942}") = "ifstream", "ifstream\ifstream.vcxproj", "{93088710-891B-4133-A58C-904EC794A6C8}"
EndProject
Project("{8BC9CEB8-8B4A-11D0-8D11-00A0C91BC942}") = "ifstream_binary", "ifstream_binary\ifstream_binary.vcxproj", "{DF45B841-B8D6-4604-B04E-32A170F4A0FF}"
EndProject
Project("{2150E333-8FDC-42A3-9474-1A3956D46DE8}") = "Solution Items", "Solution Items", "{13466861-C2B3-4C15-92DD-D82F860BC627}"
	ProjectSection(SolutionItems) = preProject
		git_operation.md = git_operation.md
		note.md = note.md
	EndProjectSection
EndProject
Project("{8BC9CEB8-8B4A-11D0-8D11-00A0C91BC942}") = "文件指针", "文件指针\文件指针.vcxproj", "{10403BF6-247E-4FAE-88EC-6FE6DD1B65CF}"
EndProject
Project("{8BC9CEB8-8B4A-11D0-8D11-00A0C91BC942}") = "函数模板", "函数模板\函数模板.vcxproj", "{7345962F-E627-40CD-942F-24194697226F}"
EndProject
Project("{8BC9CEB8-8B4A-11D0-8D11-00A0C91BC942}") = "函数模板2", "函数模板2\函数模板2.vcxproj", "{F6F67993-4624-4503-8758-CFE96985A735}"
EndProject
Project("{8BC9CEB8-8B4A-11D0-8D11-00A0C91BC942}") = "类模板", "类模板\类模板.vcxproj", "{C655A70F-5E30-4621-AC42-A44E84AF55F8}"
EndProject
Project("{8BC9CEB8-8B4A-11D0-8D11-00A0C91BC942}") = "try-catch", "try-catch\try-catch.vcxproj", "{5C5C127A-0299-4861-88EE-E233C22C194C}"
EndProject
Project("{8BC9CEB8-8B4A-11D0-8D11-00A0C91BC942}") = "try-catch2", "try-catch2\try-catch2.vcxproj", "{D1980892-032B-412F-B224-4666CF665003}"
EndProject
Project("{8BC9CEB8-8B4A-11D0-8D11-00A0C91BC942}") = "数据集合及其处理算法", "数据集合及其处理算法\数据集合及其处理算法.vcxproj", "{40A9FB54-9B3F-4E55-8E19-9A7EC96229B9}"
EndProject
Project("{8BC9CEB8-8B4A-11D0-8D11-00A0C91BC942}") = "knapsack problem", "knapsack problem\knapsack problem.vcxproj", "{97AA4721-F807-4B0C-864A-CE1DA1E2AD77}"
EndProject
Project("{8BC9CEB8-8B4A-11D0-8D11-00A0C91BC942}") = "weak_ptr", "weak_ptr\weak_ptr.vcxproj", "{FF6802AA-3344-4BA1-8DEF-3B07F1DE91AF}"
EndProject
Project("{8BC9CEB8-8B4A-11D0-8D11-00A0C91BC942}") = "shared_ptr", "shared_ptr\shared_ptr.vcxproj", "{2AE6EDBD-304C-4754-9D2A-F6CDCF4C8026}"
EndProject
Project("{8BC9CEB8-8B4A-11D0-8D11-00A0C91BC942}") = "static", "static\static.vcxproj", "{2D359A35-3A75-49C3-8380-36C094474A4A}"
EndProject
Project("{8BC9CEB8-8B4A-11D0-8D11-00A0C91BC942}") = "进制", "进制\进制.vcxproj", "{218A16C0-8236-416C-AF13-5A960F269D8F}"
EndProject
Project("{8BC9CEB8-8B4A-11D0-8D11-00A0C91BC942}") = "thread", "thread\thread.vcxproj", "{9962F780-88F0-4D74-8CB5-DFE1CB08E1D3}"
EndProject
Project("{8BC9CEB8-8B4A-11D0-8D11-00A0C91BC942}") = "threads", "threads\threads.vcxproj", "{7A8B6BAB-8307-4215-81E5-CDF18CC9BBC6}"
EndProject
Project("{8BC9CEB8-8B4A-11D0-8D11-00A0C91BC942}") = "memory_leak", "memory_leak\memory_leak.vcxproj", "{470CFA30-415E-4369-9D03-3A69C3D14772}"
EndProject
Project("{8BC9CEB8-8B4A-11D0-8D11-00A0C91BC942}") = "memory_leak2", "memory_leak2\memory_leak2.vcxproj", "{49797040-D7C4-4FC0-8F6B-AF80E0C5FECC}"
EndProject
Project("{8BC9CEB8-8B4A-11D0-8D11-00A0C91BC942}") = "内存对齐", "内存对齐\内存对齐.vcxproj", "{06000FE3-3B86-4442-ADA9-65D7F747F75A}"
EndProject
Project("{8BC9CEB8-8B4A-11D0-8D11-00A0C91BC942}") = "大端小端", "大端小端\大端小端.vcxproj", "{AD3EB221-B790-4D9F-8642-A645FC51E6DC}"
EndProject
Project("{8BC9CEB8-8B4A-11D0-8D11-00A0C91BC942}") = "补码", "补码\补码.vcxproj", "{60BF7C6B-47C6-4280-97D9-E5807370F57C}"
EndProject
Project("{8BC9CEB8-8B4A-11D0-8D11-00A0C91BC942}") = "堆-栈对象", "堆-栈对象\堆-栈对象.vcxproj", "{51509556-D1EF-4125-84D1-5AE86D03F64F}"
EndProject
Project("{8BC9CEB8-8B4A-11D0-8D11-00A0C91BC942}") = "Interface class", "Interface class\Interface class.vcxproj", "{7755F415-D9B1-40F1-8AF5-E8A47F87689C}"
EndProject
Project("{8BC9CEB8-8B4A-11D0-8D11-00A0C91BC942}") = "ghost_examinee", "ghost_examinee\ghost_examinee.vcxproj", "{77E92877-0FB0-4E9C-81F5-F14435A871AC}"
EndProject
Project("{8BC9CEB8-8B4A-11D0-8D11-00A0C91BC942}") = "ghost_examinee2", "ghost_examinee2\ghost_examinee2.vcxproj", "{9C261F67-4386-4E0A-8CF2-BF46E653C7BB}"
EndProject
Project("{8BC9CEB8-8B4A-11D0-8D11-00A0C91BC942}") = "ghost_examinee3", "ghost_examinee3\ghost_examinee3.vcxproj", "{0F5EEF91-CB88-4CD6-8B19-7C4968017CC3}"
EndProject
Project("{8BC9CEB8-8B4A-11D0-8D11-00A0C91BC942}") = "template", "template\template.vcxproj", "{EBCF4074-ED58-4F09-80F2-BD1A1F88B9BD}"
EndProject
Project("{8BC9CEB8-8B4A-11D0-8D11-00A0C91BC942}") = "TMP", "TMP\TMP.vcxproj", "{83FD1E11-5618-4D6A-8B7C-656018209240}"
EndProject
Project("{8BC9CEB8-8B4A-11D0-8D11-00A0C91BC942}") = "new", "new\new.vcxproj", "{3CB4415F-2893-4C06-99AD-D9C847FAEE7B}"
EndProject
Project("{8BC9CEB8-8B4A-11D0-8D11-00A0C91BC942}") = "test", "test\test.vcxproj", "{CC30B092-CB46-4E6C-B306-E09C67F40B5C}"
EndProject
Project("{8BC9CEB8-8B4A-11D0-8D11-00A0C91BC942}") = "test2", "test2\test2.vcxproj", "{9321D12A-5661-445C-B411-F1DB949C0933}"
EndProject
Project("{FAE04EC0-301F-11D3-BF4B-00C04F79EFBC}") = "DateTimeTest", "DateTime\DateTimeTest.csproj", "{395EC7A5-9FFF-4D21-B595-CFB4B5605BFE}"
EndProject
Global
	GlobalSection(SolutionConfigurationPlatforms) = preSolution
		Debug|Any CPU = Debug|Any CPU
		Debug|x64 = Debug|x64
		Debug|x86 = Debug|x86
		Release|Any CPU = Release|Any CPU
		Release|x64 = Release|x64
		Release|x86 = Release|x86
	EndGlobalSection
	GlobalSection(ProjectConfigurationPlatforms) = postSolution
		{5ED3F7DF-E1E6-4AE0-9835-7C46891644A2}.Debug|Any CPU.ActiveCfg = Debug|Win32
		{5ED3F7DF-E1E6-4AE0-9835-7C46891644A2}.Debug|x64.ActiveCfg = Debug|x64
		{5ED3F7DF-E1E6-4AE0-9835-7C46891644A2}.Debug|x64.Build.0 = Debug|x64
		{5ED3F7DF-E1E6-4AE0-9835-7C46891644A2}.Debug|x86.ActiveCfg = Debug|Win32
		{5ED3F7DF-E1E6-4AE0-9835-7C46891644A2}.Debug|x86.Build.0 = Debug|Win32
		{5ED3F7DF-E1E6-4AE0-9835-7C46891644A2}.Release|Any CPU.ActiveCfg = Release|Win32
		{5ED3F7DF-E1E6-4AE0-9835-7C46891644A2}.Release|x64.ActiveCfg = Release|x64
		{5ED3F7DF-E1E6-4AE0-9835-7C46891644A2}.Release|x64.Build.0 = Release|x64
		{5ED3F7DF-E1E6-4AE0-9835-7C46891644A2}.Release|x86.ActiveCfg = Release|Win32
		{5ED3F7DF-E1E6-4AE0-9835-7C46891644A2}.Release|x86.Build.0 = Release|Win32
		{A30DE425-C16B-4CB6-9586-07812CC52600}.Debug|Any CPU.ActiveCfg = Debug|Win32
		{A30DE425-C16B-4CB6-9586-07812CC52600}.Debug|x64.ActiveCfg = Debug|x64
		{A30DE425-C16B-4CB6-9586-07812CC52600}.Debug|x64.Build.0 = Debug|x64
		{A30DE425-C16B-4CB6-9586-07812CC52600}.Debug|x86.ActiveCfg = Debug|Win32
		{A30DE425-C16B-4CB6-9586-07812CC52600}.Debug|x86.Build.0 = Debug|Win32
		{A30DE425-C16B-4CB6-9586-07812CC52600}.Release|Any CPU.ActiveCfg = Release|Win32
		{A30DE425-C16B-4CB6-9586-07812CC52600}.Release|x64.ActiveCfg = Release|x64
		{A30DE425-C16B-4CB6-9586-07812CC52600}.Release|x64.Build.0 = Release|x64
		{A30DE425-C16B-4CB6-9586-07812CC52600}.Release|x86.ActiveCfg = Release|Win32
		{A30DE425-C16B-4CB6-9586-07812CC52600}.Release|x86.Build.0 = Release|Win32
		{DB59E1D2-9318-4A58-84AD-5A50EEE7414E}.Debug|Any CPU.ActiveCfg = Debug|Win32
		{DB59E1D2-9318-4A58-84AD-5A50EEE7414E}.Debug|x64.ActiveCfg = Debug|x64
		{DB59E1D2-9318-4A58-84AD-5A50EEE7414E}.Debug|x64.Build.0 = Debug|x64
		{DB59E1D2-9318-4A58-84AD-5A50EEE7414E}.Debug|x86.ActiveCfg = Debug|Win32
		{DB59E1D2-9318-4A58-84AD-5A50EEE7414E}.Debug|x86.Build.0 = Debug|Win32
		{DB59E1D2-9318-4A58-84AD-5A50EEE7414E}.Release|Any CPU.ActiveCfg = Release|Win32
		{DB59E1D2-9318-4A58-84AD-5A50EEE7414E}.Release|x64.ActiveCfg = Release|x64
		{DB59E1D2-9318-4A58-84AD-5A50EEE7414E}.Release|x64.Build.0 = Release|x64
		{DB59E1D2-9318-4A58-84AD-5A50EEE7414E}.Release|x86.ActiveCfg = Release|Win32
		{DB59E1D2-9318-4A58-84AD-5A50EEE7414E}.Release|x86.Build.0 = Release|Win32
		{CAA10C5D-C28B-4918-9256-36EFE28EC029}.Debug|Any CPU.ActiveCfg = Debug|Win32
		{CAA10C5D-C28B-4918-9256-36EFE28EC029}.Debug|x64.ActiveCfg = Debug|x64
		{CAA10C5D-C28B-4918-9256-36EFE28EC029}.Debug|x64.Build.0 = Debug|x64
		{CAA10C5D-C28B-4918-9256-36EFE28EC029}.Debug|x86.ActiveCfg = Debug|Win32
		{CAA10C5D-C28B-4918-9256-36EFE28EC029}.Debug|x86.Build.0 = Debug|Win32
		{CAA10C5D-C28B-4918-9256-36EFE28EC029}.Release|Any CPU.ActiveCfg = Release|Win32
		{CAA10C5D-C28B-4918-9256-36EFE28EC029}.Release|x64.ActiveCfg = Release|x64
		{CAA10C5D-C28B-4918-9256-36EFE28EC029}.Release|x64.Build.0 = Release|x64
		{CAA10C5D-C28B-4918-9256-36EFE28EC029}.Release|x86.ActiveCfg = Release|Win32
		{CAA10C5D-C28B-4918-9256-36EFE28EC029}.Release|x86.Build.0 = Release|Win32
		{9C5DB539-5937-4106-93F7-61B2DAADC39B}.Debug|Any CPU.ActiveCfg = Debug|Win32
		{9C5DB539-5937-4106-93F7-61B2DAADC39B}.Debug|x64.ActiveCfg = Debug|x64
		{9C5DB539-5937-4106-93F7-61B2DAADC39B}.Debug|x64.Build.0 = Debug|x64
		{9C5DB539-5937-4106-93F7-61B2DAADC39B}.Debug|x86.ActiveCfg = Debug|Win32
		{9C5DB539-5937-4106-93F7-61B2DAADC39B}.Debug|x86.Build.0 = Debug|Win32
		{9C5DB539-5937-4106-93F7-61B2DAADC39B}.Release|Any CPU.ActiveCfg = Release|Win32
		{9C5DB539-5937-4106-93F7-61B2DAADC39B}.Release|x64.ActiveCfg = Release|x64
		{9C5DB539-5937-4106-93F7-61B2DAADC39B}.Release|x64.Build.0 = Release|x64
		{9C5DB539-5937-4106-93F7-61B2DAADC39B}.Release|x86.ActiveCfg = Release|Win32
		{9C5DB539-5937-4106-93F7-61B2DAADC39B}.Release|x86.Build.0 = Release|Win32
		{8F83BD85-DD0D-4287-A40C-0E70DD4EBA9B}.Debug|Any CPU.ActiveCfg = Debug|Win32
		{8F83BD85-DD0D-4287-A40C-0E70DD4EBA9B}.Debug|x64.ActiveCfg = Debug|x64
		{8F83BD85-DD0D-4287-A40C-0E70DD4EBA9B}.Debug|x64.Build.0 = Debug|x64
		{8F83BD85-DD0D-4287-A40C-0E70DD4EBA9B}.Debug|x86.ActiveCfg = Debug|Win32
		{8F83BD85-DD0D-4287-A40C-0E70DD4EBA9B}.Debug|x86.Build.0 = Debug|Win32
		{8F83BD85-DD0D-4287-A40C-0E70DD4EBA9B}.Release|Any CPU.ActiveCfg = Release|Win32
		{8F83BD85-DD0D-4287-A40C-0E70DD4EBA9B}.Release|x64.ActiveCfg = Release|x64
		{8F83BD85-DD0D-4287-A40C-0E70DD4EBA9B}.Release|x64.Build.0 = Release|x64
		{8F83BD85-DD0D-4287-A40C-0E70DD4EBA9B}.Release|x86.ActiveCfg = Release|Win32
		{8F83BD85-DD0D-4287-A40C-0E70DD4EBA9B}.Release|x86.Build.0 = Release|Win32
		{8C3D63C8-02F7-461A-AFE1-C339772DBF5C}.Debug|Any CPU.ActiveCfg = Debug|Win32
		{8C3D63C8-02F7-461A-AFE1-C339772DBF5C}.Debug|x64.ActiveCfg = Debug|x64
		{8C3D63C8-02F7-461A-AFE1-C339772DBF5C}.Debug|x64.Build.0 = Debug|x64
		{8C3D63C8-02F7-461A-AFE1-C339772DBF5C}.Debug|x86.ActiveCfg = Debug|Win32
		{8C3D63C8-02F7-461A-AFE1-C339772DBF5C}.Debug|x86.Build.0 = Debug|Win32
		{8C3D63C8-02F7-461A-AFE1-C339772DBF5C}.Release|Any CPU.ActiveCfg = Release|Win32
		{8C3D63C8-02F7-461A-AFE1-C339772DBF5C}.Release|x64.ActiveCfg = Release|x64
		{8C3D63C8-02F7-461A-AFE1-C339772DBF5C}.Release|x64.Build.0 = Release|x64
		{8C3D63C8-02F7-461A-AFE1-C339772DBF5C}.Release|x86.ActiveCfg = Release|Win32
		{8C3D63C8-02F7-461A-AFE1-C339772DBF5C}.Release|x86.Build.0 = Release|Win32
		{F639909E-238C-4796-8CBB-D9F0AA6837A1}.Debug|Any CPU.ActiveCfg = Debug|Win32
		{F639909E-238C-4796-8CBB-D9F0AA6837A1}.Debug|x64.ActiveCfg = Debug|x64
		{F639909E-238C-4796-8CBB-D9F0AA6837A1}.Debug|x64.Build.0 = Debug|x64
		{F639909E-238C-4796-8CBB-D9F0AA6837A1}.Debug|x86.ActiveCfg = Debug|Win32
		{F639909E-238C-4796-8CBB-D9F0AA6837A1}.Debug|x86.Build.0 = Debug|Win32
		{F639909E-238C-4796-8CBB-D9F0AA6837A1}.Release|Any CPU.ActiveCfg = Release|Win32
		{F639909E-238C-4796-8CBB-D9F0AA6837A1}.Release|x64.ActiveCfg = Release|x64
		{F639909E-238C-4796-8CBB-D9F0AA6837A1}.Release|x64.Build.0 = Release|x64
		{F639909E-238C-4796-8CBB-D9F0AA6837A1}.Release|x86.ActiveCfg = Release|Win32
		{F639909E-238C-4796-8CBB-D9F0AA6837A1}.Release|x86.Build.0 = Release|Win32
		{1881238F-705B-4903-9E5A-57281D53C39D}.Debug|Any CPU.ActiveCfg = Debug|Win32
		{1881238F-705B-4903-9E5A-57281D53C39D}.Debug|x64.ActiveCfg = Debug|x64
		{1881238F-705B-4903-9E5A-57281D53C39D}.Debug|x64.Build.0 = Debug|x64
		{1881238F-705B-4903-9E5A-57281D53C39D}.Debug|x86.ActiveCfg = Debug|Win32
		{1881238F-705B-4903-9E5A-57281D53C39D}.Debug|x86.Build.0 = Debug|Win32
		{1881238F-705B-4903-9E5A-57281D53C39D}.Release|Any CPU.ActiveCfg = Release|Win32
		{1881238F-705B-4903-9E5A-57281D53C39D}.Release|x64.ActiveCfg = Release|x64
		{1881238F-705B-4903-9E5A-57281D53C39D}.Release|x64.Build.0 = Release|x64
		{1881238F-705B-4903-9E5A-57281D53C39D}.Release|x86.ActiveCfg = Release|Win32
		{1881238F-705B-4903-9E5A-57281D53C39D}.Release|x86.Build.0 = Release|Win32
		{93088710-891B-4133-A58C-904EC794A6C8}.Debug|Any CPU.ActiveCfg = Debug|Win32
		{93088710-891B-4133-A58C-904EC794A6C8}.Debug|x64.ActiveCfg = Debug|x64
		{93088710-891B-4133-A58C-904EC794A6C8}.Debug|x64.Build.0 = Debug|x64
		{93088710-891B-4133-A58C-904EC794A6C8}.Debug|x86.ActiveCfg = Debug|Win32
		{93088710-891B-4133-A58C-904EC794A6C8}.Debug|x86.Build.0 = Debug|Win32
		{93088710-891B-4133-A58C-904EC794A6C8}.Release|Any CPU.ActiveCfg = Release|Win32
		{93088710-891B-4133-A58C-904EC794A6C8}.Release|x64.ActiveCfg = Release|x64
		{93088710-891B-4133-A58C-904EC794A6C8}.Release|x64.Build.0 = Release|x64
		{93088710-891B-4133-A58C-904EC794A6C8}.Release|x86.ActiveCfg = Release|Win32
		{93088710-891B-4133-A58C-904EC794A6C8}.Release|x86.Build.0 = Release|Win32
		{DF45B841-B8D6-4604-B04E-32A170F4A0FF}.Debug|Any CPU.ActiveCfg = Debug|Win32
		{DF45B841-B8D6-4604-B04E-32A170F4A0FF}.Debug|x64.ActiveCfg = Debug|x64
		{DF45B841-B8D6-4604-B04E-32A170F4A0FF}.Debug|x64.Build.0 = Debug|x64
		{DF45B841-B8D6-4604-B04E-32A170F4A0FF}.Debug|x86.ActiveCfg = Debug|Win32
		{DF45B841-B8D6-4604-B04E-32A170F4A0FF}.Debug|x86.Build.0 = Debug|Win32
		{DF45B841-B8D6-4604-B04E-32A170F4A0FF}.Release|Any CPU.ActiveCfg = Release|Win32
		{DF45B841-B8D6-4604-B04E-32A170F4A0FF}.Release|x64.ActiveCfg = Release|x64
		{DF45B841-B8D6-4604-B04E-32A170F4A0FF}.Release|x64.Build.0 = Release|x64
		{DF45B841-B8D6-4604-B04E-32A170F4A0FF}.Release|x86.ActiveCfg = Release|Win32
		{DF45B841-B8D6-4604-B04E-32A170F4A0FF}.Release|x86.Build.0 = Release|Win32
		{10403BF6-247E-4FAE-88EC-6FE6DD1B65CF}.Debug|Any CPU.ActiveCfg = Debug|Win32
		{10403BF6-247E-4FAE-88EC-6FE6DD1B65CF}.Debug|x64.ActiveCfg = Debug|x64
		{10403BF6-247E-4FAE-88EC-6FE6DD1B65CF}.Debug|x64.Build.0 = Debug|x64
		{10403BF6-247E-4FAE-88EC-6FE6DD1B65CF}.Debug|x86.ActiveCfg = Debug|Win32
		{10403BF6-247E-4FAE-88EC-6FE6DD1B65CF}.Debug|x86.Build.0 = Debug|Win32
		{10403BF6-247E-4FAE-88EC-6FE6DD1B65CF}.Release|Any CPU.ActiveCfg = Release|Win32
		{10403BF6-247E-4FAE-88EC-6FE6DD1B65CF}.Release|x64.ActiveCfg = Release|x64
		{10403BF6-247E-4FAE-88EC-6FE6DD1B65CF}.Release|x64.Build.0 = Release|x64
		{10403BF6-247E-4FAE-88EC-6FE6DD1B65CF}.Release|x86.ActiveCfg = Release|Win32
		{10403BF6-247E-4FAE-88EC-6FE6DD1B65CF}.Release|x86.Build.0 = Release|Win32
		{7345962F-E627-40CD-942F-24194697226F}.Debug|Any CPU.ActiveCfg = Debug|Win32
		{7345962F-E627-40CD-942F-24194697226F}.Debug|x64.ActiveCfg = Debug|x64
		{7345962F-E627-40CD-942F-24194697226F}.Debug|x64.Build.0 = Debug|x64
		{7345962F-E627-40CD-942F-24194697226F}.Debug|x86.ActiveCfg = Debug|Win32
		{7345962F-E627-40CD-942F-24194697226F}.Debug|x86.Build.0 = Debug|Win32
		{7345962F-E627-40CD-942F-24194697226F}.Release|Any CPU.ActiveCfg = Release|Win32
		{7345962F-E627-40CD-942F-24194697226F}.Release|x64.ActiveCfg = Release|x64
		{7345962F-E627-40CD-942F-24194697226F}.Release|x64.Build.0 = Release|x64
		{7345962F-E627-40CD-942F-24194697226F}.Release|x86.ActiveCfg = Release|Win32
		{7345962F-E627-40CD-942F-24194697226F}.Release|x86.Build.0 = Release|Win32
		{F6F67993-4624-4503-8758-CFE96985A735}.Debug|Any CPU.ActiveCfg = Debug|Win32
		{F6F67993-4624-4503-8758-CFE96985A735}.Debug|x64.ActiveCfg = Debug|x64
		{F6F67993-4624-4503-8758-CFE96985A735}.Debug|x64.Build.0 = Debug|x64
		{F6F67993-4624-4503-8758-CFE96985A735}.Debug|x86.ActiveCfg = Debug|Win32
		{F6F67993-4624-4503-8758-CFE96985A735}.Debug|x86.Build.0 = Debug|Win32
		{F6F67993-4624-4503-8758-CFE96985A735}.Release|Any CPU.ActiveCfg = Release|Win32
		{F6F67993-4624-4503-8758-CFE96985A735}.Release|x64.ActiveCfg = Release|x64
		{F6F67993-4624-4503-8758-CFE96985A735}.Release|x64.Build.0 = Release|x64
		{F6F67993-4624-4503-8758-CFE96985A735}.Release|x86.ActiveCfg = Release|Win32
		{F6F67993-4624-4503-8758-CFE96985A735}.Release|x86.Build.0 = Release|Win32
		{C655A70F-5E30-4621-AC42-A44E84AF55F8}.Debug|Any CPU.ActiveCfg = Debug|Win32
		{C655A70F-5E30-4621-AC42-A44E84AF55F8}.Debug|x64.ActiveCfg = Debug|x64
		{C655A70F-5E30-4621-AC42-A44E84AF55F8}.Debug|x64.Build.0 = Debug|x64
		{C655A70F-5E30-4621-AC42-A44E84AF55F8}.Debug|x86.ActiveCfg = Debug|Win32
		{C655A70F-5E30-4621-AC42-A44E84AF55F8}.Debug|x86.Build.0 = Debug|Win32
		{C655A70F-5E30-4621-AC42-A44E84AF55F8}.Release|Any CPU.ActiveCfg = Release|Win32
		{C655A70F-5E30-4621-AC42-A44E84AF55F8}.Release|x64.ActiveCfg = Release|x64
		{C655A70F-5E30-4621-AC42-A44E84AF55F8}.Release|x64.Build.0 = Release|x64
		{C655A70F-5E30-4621-AC42-A44E84AF55F8}.Release|x86.ActiveCfg = Release|Win32
		{C655A70F-5E30-4621-AC42-A44E84AF55F8}.Release|x86.Build.0 = Release|Win32
		{5C5C127A-0299-4861-88EE-E233C22C194C}.Debug|Any CPU.ActiveCfg = Debug|Win32
		{5C5C127A-0299-4861-88EE-E233C22C194C}.Debug|x64.ActiveCfg = Debug|x64
		{5C5C127A-0299-4861-88EE-E233C22C194C}.Debug|x64.Build.0 = Debug|x64
		{5C5C127A-0299-4861-88EE-E233C22C194C}.Debug|x86.ActiveCfg = Debug|Win32
		{5C5C127A-0299-4861-88EE-E233C22C194C}.Debug|x86.Build.0 = Debug|Win32
		{5C5C127A-0299-4861-88EE-E233C22C194C}.Release|Any CPU.ActiveCfg = Release|Win32
		{5C5C127A-0299-4861-88EE-E233C22C194C}.Release|x64.ActiveCfg = Release|x64
		{5C5C127A-0299-4861-88EE-E233C22C194C}.Release|x64.Build.0 = Release|x64
		{5C5C127A-0299-4861-88EE-E233C22C194C}.Release|x86.ActiveCfg = Release|Win32
		{5C5C127A-0299-4861-88EE-E233C22C194C}.Release|x86.Build.0 = Release|Win32
		{D1980892-032B-412F-B224-4666CF665003}.Debug|Any CPU.ActiveCfg = Debug|Win32
		{D1980892-032B-412F-B224-4666CF665003}.Debug|x64.ActiveCfg = Debug|x64
		{D1980892-032B-412F-B224-4666CF665003}.Debug|x64.Build.0 = Debug|x64
		{D1980892-032B-412F-B224-4666CF665003}.Debug|x86.ActiveCfg = Debug|Win32
		{D1980892-032B-412F-B224-4666CF665003}.Debug|x86.Build.0 = Debug|Win32
		{D1980892-032B-412F-B224-4666CF665003}.Release|Any CPU.ActiveCfg = Release|Win32
		{D1980892-032B-412F-B224-4666CF665003}.Release|x64.ActiveCfg = Release|x64
		{D1980892-032B-412F-B224-4666CF665003}.Release|x64.Build.0 = Release|x64
		{D1980892-032B-412F-B224-4666CF665003}.Release|x86.ActiveCfg = Release|Win32
		{D1980892-032B-412F-B224-4666CF665003}.Release|x86.Build.0 = Release|Win32
		{40A9FB54-9B3F-4E55-8E19-9A7EC96229B9}.Debug|Any CPU.ActiveCfg = Debug|Win32
		{40A9FB54-9B3F-4E55-8E19-9A7EC96229B9}.Debug|x64.ActiveCfg = Debug|x64
		{40A9FB54-9B3F-4E55-8E19-9A7EC96229B9}.Debug|x64.Build.0 = Debug|x64
		{40A9FB54-9B3F-4E55-8E19-9A7EC96229B9}.Debug|x86.ActiveCfg = Debug|Win32
		{40A9FB54-9B3F-4E55-8E19-9A7EC96229B9}.Debug|x86.Build.0 = Debug|Win32
		{40A9FB54-9B3F-4E55-8E19-9A7EC96229B9}.Release|Any CPU.ActiveCfg = Release|Win32
		{40A9FB54-9B3F-4E55-8E19-9A7EC96229B9}.Release|x64.ActiveCfg = Release|x64
		{40A9FB54-9B3F-4E55-8E19-9A7EC96229B9}.Release|x64.Build.0 = Release|x64
		{40A9FB54-9B3F-4E55-8E19-9A7EC96229B9}.Release|x86.ActiveCfg = Release|Win32
		{40A9FB54-9B3F-4E55-8E19-9A7EC96229B9}.Release|x86.Build.0 = Release|Win32
		{97AA4721-F807-4B0C-864A-CE1DA1E2AD77}.Debug|Any CPU.ActiveCfg = Debug|Win32
		{97AA4721-F807-4B0C-864A-CE1DA1E2AD77}.Debug|x64.ActiveCfg = Debug|x64
		{97AA4721-F807-4B0C-864A-CE1DA1E2AD77}.Debug|x64.Build.0 = Debug|x64
		{97AA4721-F807-4B0C-864A-CE1DA1E2AD77}.Debug|x86.ActiveCfg = Debug|Win32
		{97AA4721-F807-4B0C-864A-CE1DA1E2AD77}.Debug|x86.Build.0 = Debug|Win32
		{97AA4721-F807-4B0C-864A-CE1DA1E2AD77}.Release|Any CPU.ActiveCfg = Release|Win32
		{97AA4721-F807-4B0C-864A-CE1DA1E2AD77}.Release|x64.ActiveCfg = Release|x64
		{97AA4721-F807-4B0C-864A-CE1DA1E2AD77}.Release|x64.Build.0 = Release|x64
		{97AA4721-F807-4B0C-864A-CE1DA1E2AD77}.Release|x86.ActiveCfg = Release|Win32
		{97AA4721-F807-4B0C-864A-CE1DA1E2AD77}.Release|x86.Build.0 = Release|Win32
		{FF6802AA-3344-4BA1-8DEF-3B07F1DE91AF}.Debug|Any CPU.ActiveCfg = Debug|Win32
		{FF6802AA-3344-4BA1-8DEF-3B07F1DE91AF}.Debug|x64.ActiveCfg = Debug|x64
		{FF6802AA-3344-4BA1-8DEF-3B07F1DE91AF}.Debug|x64.Build.0 = Debug|x64
		{FF6802AA-3344-4BA1-8DEF-3B07F1DE91AF}.Debug|x86.ActiveCfg = Debug|Win32
		{FF6802AA-3344-4BA1-8DEF-3B07F1DE91AF}.Debug|x86.Build.0 = Debug|Win32
		{FF6802AA-3344-4BA1-8DEF-3B07F1DE91AF}.Release|Any CPU.ActiveCfg = Release|Win32
		{FF6802AA-3344-4BA1-8DEF-3B07F1DE91AF}.Release|x64.ActiveCfg = Release|x64
		{FF6802AA-3344-4BA1-8DEF-3B07F1DE91AF}.Release|x64.Build.0 = Release|x64
		{FF6802AA-3344-4BA1-8DEF-3B07F1DE91AF}.Release|x86.ActiveCfg = Release|Win32
		{FF6802AA-3344-4BA1-8DEF-3B07F1DE91AF}.Release|x86.Build.0 = Release|Win32
		{2AE6EDBD-304C-4754-9D2A-F6CDCF4C8026}.Debug|Any CPU.ActiveCfg = Debug|Win32
		{2AE6EDBD-304C-4754-9D2A-F6CDCF4C8026}.Debug|x64.ActiveCfg = Debug|x64
		{2AE6EDBD-304C-4754-9D2A-F6CDCF4C8026}.Debug|x64.Build.0 = Debug|x64
		{2AE6EDBD-304C-4754-9D2A-F6CDCF4C8026}.Debug|x86.ActiveCfg = Debug|Win32
		{2AE6EDBD-304C-4754-9D2A-F6CDCF4C8026}.Debug|x86.Build.0 = Debug|Win32
		{2AE6EDBD-304C-4754-9D2A-F6CDCF4C8026}.Release|Any CPU.ActiveCfg = Release|Win32
		{2AE6EDBD-304C-4754-9D2A-F6CDCF4C8026}.Release|x64.ActiveCfg = Release|x64
		{2AE6EDBD-304C-4754-9D2A-F6CDCF4C8026}.Release|x64.Build.0 = Release|x64
		{2AE6EDBD-304C-4754-9D2A-F6CDCF4C8026}.Release|x86.ActiveCfg = Release|Win32
		{2AE6EDBD-304C-4754-9D2A-F6CDCF4C8026}.Release|x86.Build.0 = Release|Win32
		{2D359A35-3A75-49C3-8380-36C094474A4A}.Debug|Any CPU.ActiveCfg = Debug|Win32
		{2D359A35-3A75-49C3-8380-36C094474A4A}.Debug|x64.ActiveCfg = Debug|x64
		{2D359A35-3A75-49C3-8380-36C094474A4A}.Debug|x64.Build.0 = Debug|x64
		{2D359A35-3A75-49C3-8380-36C094474A4A}.Debug|x86.ActiveCfg = Debug|Win32
		{2D359A35-3A75-49C3-8380-36C094474A4A}.Debug|x86.Build.0 = Debug|Win32
		{2D359A35-3A75-49C3-8380-36C094474A4A}.Release|Any CPU.ActiveCfg = Release|Win32
		{2D359A35-3A75-49C3-8380-36C094474A4A}.Release|x64.ActiveCfg = Release|x64
		{2D359A35-3A75-49C3-8380-36C094474A4A}.Release|x64.Build.0 = Release|x64
		{2D359A35-3A75-49C3-8380-36C094474A4A}.Release|x86.ActiveCfg = Release|Win32
		{2D359A35-3A75-49C3-8380-36C094474A4A}.Release|x86.Build.0 = Release|Win32
		{218A16C0-8236-416C-AF13-5A960F269D8F}.Debug|Any CPU.ActiveCfg = Debug|Win32
		{218A16C0-8236-416C-AF13-5A960F269D8F}.Debug|x64.ActiveCfg = Debug|x64
		{218A16C0-8236-416C-AF13-5A960F269D8F}.Debug|x64.Build.0 = Debug|x64
		{218A16C0-8236-416C-AF13-5A960F269D8F}.Debug|x86.ActiveCfg = Debug|Win32
		{218A16C0-8236-416C-AF13-5A960F269D8F}.Debug|x86.Build.0 = Debug|Win32
		{218A16C0-8236-416C-AF13-5A960F269D8F}.Release|Any CPU.ActiveCfg = Release|Win32
		{218A16C0-8236-416C-AF13-5A960F269D8F}.Release|x64.ActiveCfg = Release|x64
		{218A16C0-8236-416C-AF13-5A960F269D8F}.Release|x64.Build.0 = Release|x64
		{218A16C0-8236-416C-AF13-5A960F269D8F}.Release|x86.ActiveCfg = Release|Win32
		{218A16C0-8236-416C-AF13-5A960F269D8F}.Release|x86.Build.0 = Release|Win32
		{9962F780-88F0-4D74-8CB5-DFE1CB08E1D3}.Debug|Any CPU.ActiveCfg = Debug|Win32
		{9962F780-88F0-4D74-8CB5-DFE1CB08E1D3}.Debug|x64.ActiveCfg = Debug|x64
		{9962F780-88F0-4D74-8CB5-DFE1CB08E1D3}.Debug|x64.Build.0 = Debug|x64
		{9962F780-88F0-4D74-8CB5-DFE1CB08E1D3}.Debug|x86.ActiveCfg = Debug|Win32
		{9962F780-88F0-4D74-8CB5-DFE1CB08E1D3}.Debug|x86.Build.0 = Debug|Win32
		{9962F780-88F0-4D74-8CB5-DFE1CB08E1D3}.Release|Any CPU.ActiveCfg = Release|Win32
		{9962F780-88F0-4D74-8CB5-DFE1CB08E1D3}.Release|x64.ActiveCfg = Release|x64
		{9962F780-88F0-4D74-8CB5-DFE1CB08E1D3}.Release|x64.Build.0 = Release|x64
		{9962F780-88F0-4D74-8CB5-DFE1CB08E1D3}.Release|x86.ActiveCfg = Release|Win32
		{9962F780-88F0-4D74-8CB5-DFE1CB08E1D3}.Release|x86.Build.0 = Release|Win32
		{7A8B6BAB-8307-4215-81E5-CDF18CC9BBC6}.Debug|Any CPU.ActiveCfg = Debug|Win32
		{7A8B6BAB-8307-4215-81E5-CDF18CC9BBC6}.Debug|x64.ActiveCfg = Debug|x64
		{7A8B6BAB-8307-4215-81E5-CDF18CC9BBC6}.Debug|x64.Build.0 = Debug|x64
		{7A8B6BAB-8307-4215-81E5-CDF18CC9BBC6}.Debug|x86.ActiveCfg = Debug|Win32
		{7A8B6BAB-8307-4215-81E5-CDF18CC9BBC6}.Debug|x86.Build.0 = Debug|Win32
		{7A8B6BAB-8307-4215-81E5-CDF18CC9BBC6}.Release|Any CPU.ActiveCfg = Release|Win32
		{7A8B6BAB-8307-4215-81E5-CDF18CC9BBC6}.Release|x64.ActiveCfg = Release|x64
		{7A8B6BAB-8307-4215-81E5-CDF18CC9BBC6}.Release|x64.Build.0 = Release|x64
		{7A8B6BAB-8307-4215-81E5-CDF18CC9BBC6}.Release|x86.ActiveCfg = Release|Win32
		{7A8B6BAB-8307-4215-81E5-CDF18CC9BBC6}.Release|x86.Build.0 = Release|Win32
		{470CFA30-415E-4369-9D03-3A69C3D14772}.Debug|Any CPU.ActiveCfg = Debug|Win32
		{470CFA30-415E-4369-9D03-3A69C3D14772}.Debug|x64.ActiveCfg = Debug|x64
		{470CFA30-415E-4369-9D03-3A69C3D14772}.Debug|x64.Build.0 = Debug|x64
		{470CFA30-415E-4369-9D03-3A69C3D14772}.Debug|x86.ActiveCfg = Debug|Win32
		{470CFA30-415E-4369-9D03-3A69C3D14772}.Debug|x86.Build.0 = Debug|Win32
		{470CFA30-415E-4369-9D03-3A69C3D14772}.Release|Any CPU.ActiveCfg = Release|Win32
		{470CFA30-415E-4369-9D03-3A69C3D14772}.Release|x64.ActiveCfg = Release|x64
		{470CFA30-415E-4369-9D03-3A69C3D14772}.Release|x64.Build.0 = Release|x64
		{470CFA30-415E-4369-9D03-3A69C3D14772}.Release|x86.ActiveCfg = Release|Win32
		{470CFA30-415E-4369-9D03-3A69C3D14772}.Release|x86.Build.0 = Release|Win32
		{49797040-D7C4-4FC0-8F6B-AF80E0C5FECC}.Debug|Any CPU.ActiveCfg = Debug|Win32
		{49797040-D7C4-4FC0-8F6B-AF80E0C5FECC}.Debug|x64.ActiveCfg = Debug|x64
		{49797040-D7C4-4FC0-8F6B-AF80E0C5FECC}.Debug|x64.Build.0 = Debug|x64
		{49797040-D7C4-4FC0-8F6B-AF80E0C5FECC}.Debug|x86.ActiveCfg = Debug|Win32
		{49797040-D7C4-4FC0-8F6B-AF80E0C5FECC}.Debug|x86.Build.0 = Debug|Win32
		{49797040-D7C4-4FC0-8F6B-AF80E0C5FECC}.Release|Any CPU.ActiveCfg = Release|Win32
		{49797040-D7C4-4FC0-8F6B-AF80E0C5FECC}.Release|x64.ActiveCfg = Release|x64
		{49797040-D7C4-4FC0-8F6B-AF80E0C5FECC}.Release|x64.Build.0 = Release|x64
		{49797040-D7C4-4FC0-8F6B-AF80E0C5FECC}.Release|x86.ActiveCfg = Release|Win32
		{49797040-D7C4-4FC0-8F6B-AF80E0C5FECC}.Release|x86.Build.0 = Release|Win32
		{06000FE3-3B86-4442-ADA9-65D7F747F75A}.Debug|Any CPU.ActiveCfg = Debug|Win32
		{06000FE3-3B86-4442-ADA9-65D7F747F75A}.Debug|x64.ActiveCfg = Debug|x64
		{06000FE3-3B86-4442-ADA9-65D7F747F75A}.Debug|x64.Build.0 = Debug|x64
		{06000FE3-3B86-4442-ADA9-65D7F747F75A}.Debug|x86.ActiveCfg = Debug|Win32
		{06000FE3-3B86-4442-ADA9-65D7F747F75A}.Debug|x86.Build.0 = Debug|Win32
		{06000FE3-3B86-4442-ADA9-65D7F747F75A}.Release|Any CPU.ActiveCfg = Release|Win32
		{06000FE3-3B86-4442-ADA9-65D7F747F75A}.Release|x64.ActiveCfg = Release|x64
		{06000FE3-3B86-4442-ADA9-65D7F747F75A}.Release|x64.Build.0 = Release|x64
		{06000FE3-3B86-4442-ADA9-65D7F747F75A}.Release|x86.ActiveCfg = Release|Win32
		{06000FE3-3B86-4442-ADA9-65D7F747F75A}.Release|x86.Build.0 = Release|Win32
		{AD3EB221-B790-4D9F-8642-A645FC51E6DC}.Debug|Any CPU.ActiveCfg = Debug|Win32
		{AD3EB221-B790-4D9F-8642-A645FC51E6DC}.Debug|x64.ActiveCfg = Debug|x64
		{AD3EB221-B790-4D9F-8642-A645FC51E6DC}.Debug|x64.Build.0 = Debug|x64
		{AD3EB221-B790-4D9F-8642-A645FC51E6DC}.Debug|x86.ActiveCfg = Debug|Win32
		{AD3EB221-B790-4D9F-8642-A645FC51E6DC}.Debug|x86.Build.0 = Debug|Win32
		{AD3EB221-B790-4D9F-8642-A645FC51E6DC}.Release|Any CPU.ActiveCfg = Release|Win32
		{AD3EB221-B790-4D9F-8642-A645FC51E6DC}.Release|x64.ActiveCfg = Release|x64
		{AD3EB221-B790-4D9F-8642-A645FC51E6DC}.Release|x64.Build.0 = Release|x64
		{AD3EB221-B790-4D9F-8642-A645FC51E6DC}.Release|x86.ActiveCfg = Release|Win32
		{AD3EB221-B790-4D9F-8642-A645FC51E6DC}.Release|x86.Build.0 = Release|Win32
		{60BF7C6B-47C6-4280-97D9-E5807370F57C}.Debug|Any CPU.ActiveCfg = Debug|Win32
		{60BF7C6B-47C6-4280-97D9-E5807370F57C}.Debug|x64.ActiveCfg = Debug|x64
		{60BF7C6B-47C6-4280-97D9-E5807370F57C}.Debug|x64.Build.0 = Debug|x64
		{60BF7C6B-47C6-4280-97D9-E5807370F57C}.Debug|x86.ActiveCfg = Debug|Win32
		{60BF7C6B-47C6-4280-97D9-E5807370F57C}.Debug|x86.Build.0 = Debug|Win32
		{60BF7C6B-47C6-4280-97D9-E5807370F57C}.Release|Any CPU.ActiveCfg = Release|Win32
		{60BF7C6B-47C6-4280-97D9-E5807370F57C}.Release|x64.ActiveCfg = Release|x64
		{60BF7C6B-47C6-4280-97D9-E5807370F57C}.Release|x64.Build.0 = Release|x64
		{60BF7C6B-47C6-4280-97D9-E5807370F57C}.Release|x86.ActiveCfg = Release|Win32
		{60BF7C6B-47C6-4280-97D9-E5807370F57C}.Release|x86.Build.0 = Release|Win32
		{51509556-D1EF-4125-84D1-5AE86D03F64F}.Debug|Any CPU.ActiveCfg = Debug|Win32
		{51509556-D1EF-4125-84D1-5AE86D03F64F}.Debug|x64.ActiveCfg = Debug|x64
		{51509556-D1EF-4125-84D1-5AE86D03F64F}.Debug|x64.Build.0 = Debug|x64
		{51509556-D1EF-4125-84D1-5AE86D03F64F}.Debug|x86.ActiveCfg = Debug|Win32
		{51509556-D1EF-4125-84D1-5AE86D03F64F}.Debug|x86.Build.0 = Debug|Win32
		{51509556-D1EF-4125-84D1-5AE86D03F64F}.Release|Any CPU.ActiveCfg = Release|Win32
		{51509556-D1EF-4125-84D1-5AE86D03F64F}.Release|x64.ActiveCfg = Release|x64
		{51509556-D1EF-4125-84D1-5AE86D03F64F}.Release|x64.Build.0 = Release|x64
		{51509556-D1EF-4125-84D1-5AE86D03F64F}.Release|x86.ActiveCfg = Release|Win32
		{51509556-D1EF-4125-84D1-5AE86D03F64F}.Release|x86.Build.0 = Release|Win32
		{7755F415-D9B1-40F1-8AF5-E8A47F87689C}.Debug|Any CPU.ActiveCfg = Debug|Win32
		{7755F415-D9B1-40F1-8AF5-E8A47F87689C}.Debug|x64.ActiveCfg = Debug|x64
		{7755F415-D9B1-40F1-8AF5-E8A47F87689C}.Debug|x64.Build.0 = Debug|x64
		{7755F415-D9B1-40F1-8AF5-E8A47F87689C}.Debug|x86.ActiveCfg = Debug|Win32
		{7755F415-D9B1-40F1-8AF5-E8A47F87689C}.Debug|x86.Build.0 = Debug|Win32
		{7755F415-D9B1-40F1-8AF5-E8A47F87689C}.Release|Any CPU.ActiveCfg = Release|Win32
		{7755F415-D9B1-40F1-8AF5-E8A47F87689C}.Release|x64.ActiveCfg = Release|x64
		{7755F415-D9B1-40F1-8AF5-E8A47F87689C}.Release|x64.Build.0 = Release|x64
		{7755F415-D9B1-40F1-8AF5-E8A47F87689C}.Release|x86.ActiveCfg = Release|Win32
		{7755F415-D9B1-40F1-8AF5-E8A47F87689C}.Release|x86.Build.0 = Release|Win32
		{77E92877-0FB0-4E9C-81F5-F14435A871AC}.Debug|Any CPU.ActiveCfg = Debug|Win32
		{77E92877-0FB0-4E9C-81F5-F14435A871AC}.Debug|x64.ActiveCfg = Debug|x64
		{77E92877-0FB0-4E9C-81F5-F14435A871AC}.Debug|x64.Build.0 = Debug|x64
		{77E92877-0FB0-4E9C-81F5-F14435A871AC}.Debug|x86.ActiveCfg = Debug|Win32
		{77E92877-0FB0-4E9C-81F5-F14435A871AC}.Debug|x86.Build.0 = Debug|Win32
		{77E92877-0FB0-4E9C-81F5-F14435A871AC}.Release|Any CPU.ActiveCfg = Release|Win32
		{77E92877-0FB0-4E9C-81F5-F14435A871AC}.Release|x64.ActiveCfg = Release|x64
		{77E92877-0FB0-4E9C-81F5-F14435A871AC}.Release|x64.Build.0 = Release|x64
		{77E92877-0FB0-4E9C-81F5-F14435A871AC}.Release|x86.ActiveCfg = Release|Win32
		{77E92877-0FB0-4E9C-81F5-F14435A871AC}.Release|x86.Build.0 = Release|Win32
		{9C261F67-4386-4E0A-8CF2-BF46E653C7BB}.Debug|Any CPU.ActiveCfg = Debug|Win32
		{9C261F67-4386-4E0A-8CF2-BF46E653C7BB}.Debug|x64.ActiveCfg = Debug|x64
		{9C261F67-4386-4E0A-8CF2-BF46E653C7BB}.Debug|x64.Build.0 = Debug|x64
		{9C261F67-4386-4E0A-8CF2-BF46E653C7BB}.Debug|x86.ActiveCfg = Debug|Win32
		{9C261F67-4386-4E0A-8CF2-BF46E653C7BB}.Debug|x86.Build.0 = Debug|Win32
		{9C261F67-4386-4E0A-8CF2-BF46E653C7BB}.Release|Any CPU.ActiveCfg = Release|Win32
		{9C261F67-4386-4E0A-8CF2-BF46E653C7BB}.Release|x64.ActiveCfg = Release|x64
		{9C261F67-4386-4E0A-8CF2-BF46E653C7BB}.Release|x64.Build.0 = Release|x64
		{9C261F67-4386-4E0A-8CF2-BF46E653C7BB}.Release|x86.ActiveCfg = Release|Win32
		{9C261F67-4386-4E0A-8CF2-BF46E653C7BB}.Release|x86.Build.0 = Release|Win32
		{0F5EEF91-CB88-4CD6-8B19-7C4968017CC3}.Debug|Any CPU.ActiveCfg = Debug|Win32
		{0F5EEF91-CB88-4CD6-8B19-7C4968017CC3}.Debug|x64.ActiveCfg = Debug|x64
		{0F5EEF91-CB88-4CD6-8B19-7C4968017CC3}.Debug|x64.Build.0 = Debug|x64
		{0F5EEF91-CB88-4CD6-8B19-7C4968017CC3}.Debug|x86.ActiveCfg = Debug|Win32
		{0F5EEF91-CB88-4CD6-8B19-7C4968017CC3}.Debug|x86.Build.0 = Debug|Win32
		{0F5EEF91-CB88-4CD6-8B19-7C4968017CC3}.Release|Any CPU.ActiveCfg = Release|Win32
		{0F5EEF91-CB88-4CD6-8B19-7C4968017CC3}.Release|x64.ActiveCfg = Release|x64
		{0F5EEF91-CB88-4CD6-8B19-7C4968017CC3}.Release|x64.Build.0 = Release|x64
		{0F5EEF91-CB88-4CD6-8B19-7C4968017CC3}.Release|x86.ActiveCfg = Release|Win32
		{0F5EEF91-CB88-4CD6-8B19-7C4968017CC3}.Release|x86.Build.0 = Release|Win32
		{EBCF4074-ED58-4F09-80F2-BD1A1F88B9BD}.Debug|Any CPU.ActiveCfg = Debug|Win32
		{EBCF4074-ED58-4F09-80F2-BD1A1F88B9BD}.Debug|x64.ActiveCfg = Debug|x64
		{EBCF4074-ED58-4F09-80F2-BD1A1F88B9BD}.Debug|x64.Build.0 = Debug|x64
		{EBCF4074-ED58-4F09-80F2-BD1A1F88B9BD}.Debug|x86.ActiveCfg = Debug|Win32
		{EBCF4074-ED58-4F09-80F2-BD1A1F88B9BD}.Debug|x86.Build.0 = Debug|Win32
		{EBCF4074-ED58-4F09-80F2-BD1A1F88B9BD}.Release|Any CPU.ActiveCfg = Release|Win32
		{EBCF4074-ED58-4F09-80F2-BD1A1F88B9BD}.Release|x64.ActiveCfg = Release|x64
		{EBCF4074-ED58-4F09-80F2-BD1A1F88B9BD}.Release|x64.Build.0 = Release|x64
		{EBCF4074-ED58-4F09-80F2-BD1A1F88B9BD}.Release|x86.ActiveCfg = Release|Win32
		{EBCF4074-ED58-4F09-80F2-BD1A1F88B9BD}.Release|x86.Build.0 = Release|Win32
		{83FD1E11-5618-4D6A-8B7C-656018209240}.Debug|Any CPU.ActiveCfg = Debug|Win32
		{83FD1E11-5618-4D6A-8B7C-656018209240}.Debug|x64.ActiveCfg = Debug|x64
		{83FD1E11-5618-4D6A-8B7C-656018209240}.Debug|x64.Build.0 = Debug|x64
		{83FD1E11-5618-4D6A-8B7C-656018209240}.Debug|x86.ActiveCfg = Debug|Win32
		{83FD1E11-5618-4D6A-8B7C-656018209240}.Debug|x86.Build.0 = Debug|Win32
		{83FD1E11-5618-4D6A-8B7C-656018209240}.Release|Any CPU.ActiveCfg = Release|Win32
		{83FD1E11-5618-4D6A-8B7C-656018209240}.Release|x64.ActiveCfg = Release|x64
		{83FD1E11-5618-4D6A-8B7C-656018209240}.Release|x64.Build.0 = Release|x64
		{83FD1E11-5618-4D6A-8B7C-656018209240}.Release|x86.ActiveCfg = Release|Win32
		{83FD1E11-5618-4D6A-8B7C-656018209240}.Release|x86.Build.0 = Release|Win32
		{3CB4415F-2893-4C06-99AD-D9C847FAEE7B}.Debug|Any CPU.ActiveCfg = Debug|Win32
		{3CB4415F-2893-4C06-99AD-D9C847FAEE7B}.Debug|x64.ActiveCfg = Debug|x64
		{3CB4415F-2893-4C06-99AD-D9C847FAEE7B}.Debug|x64.Build.0 = Debug|x64
		{3CB4415F-2893-4C06-99AD-D9C847FAEE7B}.Debug|x86.ActiveCfg = Debug|Win32
		{3CB4415F-2893-4C06-99AD-D9C847FAEE7B}.Debug|x86.Build.0 = Debug|Win32
		{3CB4415F-2893-4C06-99AD-D9C847FAEE7B}.Release|Any CPU.ActiveCfg = Release|Win32
		{3CB4415F-2893-4C06-99AD-D9C847FAEE7B}.Release|x64.ActiveCfg = Release|x64
		{3CB4415F-2893-4C06-99AD-D9C847FAEE7B}.Release|x64.Build.0 = Release|x64
		{3CB4415F-2893-4C06-99AD-D9C847FAEE7B}.Release|x86.ActiveCfg = Release|Win32
		{3CB4415F-2893-4C06-99AD-D9C847FAEE7B}.Release|x86.Build.0 = Release|Win32
		{CC30B092-CB46-4E6C-B306-E09C67F40B5C}.Debug|Any CPU.ActiveCfg = Debug|Win32
		{CC30B092-CB46-4E6C-B306-E09C67F40B5C}.Debug|x64.ActiveCfg = Debug|x64
		{CC30B092-CB46-4E6C-B306-E09C67F40B5C}.Debug|x64.Build.0 = Debug|x64
		{CC30B092-CB46-4E6C-B306-E09C67F40B5C}.Debug|x86.ActiveCfg = Debug|Win32
		{CC30B092-CB46-4E6C-B306-E09C67F40B5C}.Debug|x86.Build.0 = Debug|Win32
		{CC30B092-CB46-4E6C-B306-E09C67F40B5C}.Release|Any CPU.ActiveCfg = Release|Win32
		{CC30B092-CB46-4E6C-B306-E09C67F40B5C}.Release|x64.ActiveCfg = Release|x64
		{CC30B092-CB46-4E6C-B306-E09C67F40B5C}.Release|x64.Build.0 = Release|x64
		{CC30B092-CB46-4E6C-B306-E09C67F40B5C}.Release|x86.ActiveCfg = Release|Win32
		{CC30B092-CB46-4E6C-B306-E09C67F40B5C}.Release|x86.Build.0 = Release|Win32
		{9321D12A-5661-445C-B411-F1DB949C0933}.Debug|Any CPU.ActiveCfg = Debug|Win32
		{9321D12A-5661-445C-B411-F1DB949C0933}.Debug|x64.ActiveCfg = Debug|x64
		{9321D12A-5661-445C-B411-F1DB949C0933}.Debug|x64.Build.0 = Debug|x64
		{9321D12A-5661-445C-B411-F1DB949C0933}.Debug|x86.ActiveCfg = Debug|Win32
		{9321D12A-5661-445C-B411-F1DB949C0933}.Debug|x86.Build.0 = Debug|Win32
		{9321D12A-5661-445C-B411-F1DB949C0933}.Release|Any CPU.ActiveCfg = Release|Win32
		{9321D12A-5661-445C-B411-F1DB949C0933}.Release|x64.ActiveCfg = Release|x64
		{9321D12A-5661-445C-B411-F1DB949C0933}.Release|x64.Build.0 = Release|x64
		{9321D12A-5661-445C-B411-F1DB949C0933}.Release|x86.ActiveCfg = Release|Win32
		{9321D12A-5661-445C-B411-F1DB949C0933}.Release|x86.Build.0 = Release|Win32
		{395EC7A5-9FFF-4D21-B595-CFB4B5605BFE}.Debug|Any CPU.ActiveCfg = Debug|Any CPU
		{395EC7A5-9FFF-4D21-B595-CFB4B5605BFE}.Debug|Any CPU.Build.0 = Debug|Any CPU
		{395EC7A5-9FFF-4D21-B595-CFB4B5605BFE}.Debug|x64.ActiveCfg = Debug|Any CPU
		{395EC7A5-9FFF-4D21-B595-CFB4B5605BFE}.Debug|x64.Build.0 = Debug|Any CPU
		{395EC7A5-9FFF-4D21-B595-CFB4B5605BFE}.Debug|x86.ActiveCfg = Debug|Any CPU
		{395EC7A5-9FFF-4D21-B595-CFB4B5605BFE}.Debug|x86.Build.0 = Debug|Any CPU
		{395EC7A5-9FFF-4D21-B595-CFB4B5605BFE}.Release|Any CPU.ActiveCfg = Release|Any CPU
		{395EC7A5-9FFF-4D21-B595-CFB4B5605BFE}.Release|Any CPU.Build.0 = Release|Any CPU
		{395EC7A5-9FFF-4D21-B595-CFB4B5605BFE}.Release|x64.ActiveCfg = Release|Any CPU
		{395EC7A5-9FFF-4D21-B595-CFB4B5605BFE}.Release|x64.Build.0 = Release|Any CPU
		{395EC7A5-9FFF-4D21-B595-CFB4B5605BFE}.Release|x86.ActiveCfg = Release|Any CPU
		{395EC7A5-9FFF-4D21-B595-CFB4B5605BFE}.Release|x86.Build.0 = Release|Any CPU
	EndGlobalSection
	GlobalSection(SolutionProperties) = preSolution
		HideSolutionNode = FALSE
	EndGlobalSection
	GlobalSection(ExtensibilityGlobals) = postSolution
		SolutionGuid = {CE84492E-08B3-4002-87E7-6704258BAF20}
	EndGlobalSection
EndGlobal
