
Microsoft Visual Studio Solution File, Format Version 12.00
# Visual Studio 2013
VisualStudioVersion = 12.0.30501.0
MinimumVisualStudioVersion = 10.0.40219.1
Project("{FAE04EC0-301F-11D3-BF4B-00C04F79EFBC}") = "001-练习1", "001-练习1\001-练习1.csproj", "{670619C4-3F75-4B16-92CA-EEB1B5F98587}"
EndProject
Project("{FAE04EC0-301F-11D3-BF4B-00C04F79EFBC}") = "002", "002\002.csproj", "{B8A17296-F4DE-4732-BB08-9CFF24F50662}"
EndProject
Project("{FAE04EC0-301F-11D3-BF4B-00C04F79EFBC}") = "003", "003\003.csproj", "{B6209399-C616-4B7A-B085-0FA888A9B91B}"
EndProject
Project("{FAE04EC0-301F-11D3-BF4B-00C04F79EFBC}") = "004", "004\004.csproj", "{BF1FEC8A-D8A0-47BB-AE75-F9E164E0E147}"
EndProject
Project("{FAE04EC0-301F-11D3-BF4B-00C04F79EFBC}") = "005", "005\005.csproj", "{C3747788-3D0E-49C6-8179-9D6BF3767261}"
EndProject
Project("{FAE04EC0-301F-11D3-BF4B-00C04F79EFBC}") = "006", "006\006.csproj", "{D7BE17E6-11F3-4FEF-85C1-BB3F628C6A7F}"
EndProject
Project("{FAE04EC0-301F-11D3-BF4B-00C04F79EFBC}") = "007", "007\007.csproj", "{C4C182C6-7E62-4850-AEC5-D1AC8B623422}"
EndProject
Project("{FAE04EC0-301F-11D3-BF4B-00C04F79EFBC}") = "008", "008\008.csproj", "{482889E0-89C3-48FB-85DF-2636F07477E7}"
EndProject
Project("{FAE04EC0-301F-11D3-BF4B-00C04F79EFBC}") = "009", "009\009.csproj", "{7787FAF4-2F9E-4A59-A9BD-1B73972F3FA1}"
EndProject
Project("{FAE04EC0-301F-11D3-BF4B-00C04F79EFBC}") = "010", "010\010.csproj", "{BDCD506B-5A1F-433D-9D2F-3B5CABA3E1A4}"
EndProject
Project("{FAE04EC0-301F-11D3-BF4B-00C04F79EFBC}") = "011", "011\011.csproj", "{9D2D1043-EF73-42A8-A208-AB1A75201257}"
EndProject
Project("{FAE04EC0-301F-11D3-BF4B-00C04F79EFBC}") = "012", "012\012.csproj", "{B7CBE588-AC91-430E-8908-80984DCD7B2B}"
EndProject
Project("{FAE04EC0-301F-11D3-BF4B-00C04F79EFBC}") = "013", "013\013.csproj", "{A0C34072-D579-4DCA-A201-F2985E1891F7}"
EndProject
Project("{FAE04EC0-301F-11D3-BF4B-00C04F79EFBC}") = "014", "014\014.csproj", "{B7AD3D41-5416-4F3E-8BA2-287BBB2094FF}"
EndProject
Project("{FAE04EC0-301F-11D3-BF4B-00C04F79EFBC}") = "015-基础总复习", "015-基础总复习\015-基础总复习.csproj", "{ECEF8CC4-F44E-49E0-98E9-D336609EBF9D}"
EndProject
Project("{FAE04EC0-301F-11D3-BF4B-00C04F79EFBC}") = "016-模拟磁盘打开文件", "016-模拟磁盘打开文件\016-模拟磁盘打开文件.csproj", "{D9895A45-EC2E-4D51-8D75-D72D1B1FA5E5}"
EndProject
Project("{FAE04EC0-301F-11D3-BF4B-00C04F79EFBC}") = "017-面向对象复习", "017-面向对象复习\017-面向对象复习.csproj", "{942A3B3D-BB63-4E00-AF11-2DCB05BD56B1}"
EndProject
Project("{FAE04EC0-301F-11D3-BF4B-00C04F79EFBC}") = "018-继承复习", "018-继承复习\018-继承复习.csproj", "{5558D80C-C0AA-4393-8D05-81A5D0079DE7}"
EndProject
Project("{FAE04EC0-301F-11D3-BF4B-00C04F79EFBC}") = "019-里氏转换", "019-里氏转换\019-里氏转换.csproj", "{3352D8B9-7021-4818-B650-86FF2D0248A2}"
EndProject
Project("{FAE04EC0-301F-11D3-BF4B-00C04F79EFBC}") = "020-多态", "020-多态\020-多态.csproj", "{DFBFCAB9-4583-4940-B54B-D91B159AE03C}"
EndProject
Project("{FAE04EC0-301F-11D3-BF4B-00C04F79EFBC}") = "021-面向对象复习2", "021-面向对象复习2\021-面向对象复习2.csproj", "{12C94E7F-736D-40C7-9551-F6A502918955}"
EndProject
Project("{FAE04EC0-301F-11D3-BF4B-00C04F79EFBC}") = "022-抽象类练习", "022-抽象类练习\022-抽象类练习.csproj", "{68777F45-5A3A-4DC2-A476-02F66B07D2CE}"
EndProject
Project("{FAE04EC0-301F-11D3-BF4B-00C04F79EFBC}") = "023-虚方法和抽象类", "023-虚方法和抽象类\023-虚方法和抽象类.csproj", "{8AA82F08-63C5-4918-959F-EA9936415E6A}"
EndProject
Project("{FAE04EC0-301F-11D3-BF4B-00C04F79EFBC}") = "024-接口复习", "024-接口复习\024-接口复习.csproj", "{3D611F3B-97F2-4950-9222-6F0F97415D19}"
EndProject
Project("{FAE04EC0-301F-11D3-BF4B-00C04F79EFBC}") = "025-面向对象复习3", "025-面向对象复习3\025-面向对象复习3.csproj", "{B2938362-C3C0-4679-9398-84D2EFD7D020}"
EndProject
Project("{FAE04EC0-301F-11D3-BF4B-00C04F79EFBC}") = "026-多态练习", "026-多态练习\026-多态练习.csproj", "{0FFBD01B-8521-4D2D-A20A-55D422A7E172}"
EndProject
Project("{FAE04EC0-301F-11D3-BF4B-00C04F79EFBC}") = "027-多态练习2", "027-多态练习2\027-多态练习2.csproj", "{19234169-9895-4CEA-AEB3-8A0486532352}"
EndProject
Project("{FAE04EC0-301F-11D3-BF4B-00C04F79EFBC}") = "028-多态练习3", "028-多态练习3\028-多态练习3.csproj", "{F9704E37-866C-45DB-BBF3-53B2C1EE7031}"
EndProject
Project("{FAE04EC0-301F-11D3-BF4B-00C04F79EFBC}") = "029-字符串", "029-字符串\029-字符串.csproj", "{18C8A364-B9A4-4206-B48A-D5FD75A971CE}"
EndProject
Project("{FAE04EC0-301F-11D3-BF4B-00C04F79EFBC}") = "030-StringBuilder", "030-StringBuilder\030-StringBuilder.csproj", "{1D70F220-F25D-4DB4-936B-A8CAC15EAEE3}"
EndProject
Project("{FAE04EC0-301F-11D3-BF4B-00C04F79EFBC}") = "031-使用stringbuilder拼接网页", "031-使用stringbuilder拼接网页\031-使用stringbuilder拼接网页.csproj", "{CAF4FFB9-DB94-4017-A144-92031CB0D572}"
EndProject
Project("{FAE04EC0-301F-11D3-BF4B-00C04F79EFBC}") = "032-集合复习", "032-集合复习\032-集合复习.csproj", "{0579334E-AB80-4626-99E6-DA07D455A058}"
EndProject
Project("{FAE04EC0-301F-11D3-BF4B-00C04F79EFBC}") = "033-序列化和反序列化", "033-序列化和反序列化\033-序列化和反序列化.csproj", "{2FE43ABC-F496-4D92-8FF2-C6FE2EE41065}"
EndProject
Project("{FAE04EC0-301F-11D3-BF4B-00C04F79EFBC}") = "034-播放器", "034-播放器\034-播放器.csproj", "{8BCA1E99-AEAD-4DA1-A086-017BB70E0EDF}"
EndProject
Global
	GlobalSection(SolutionConfigurationPlatforms) = preSolution
		Debug|Any CPU = Debug|Any CPU
		Release|Any CPU = Release|Any CPU
	EndGlobalSection
	GlobalSection(ProjectConfigurationPlatforms) = postSolution
		{670619C4-3F75-4B16-92CA-EEB1B5F98587}.Debug|Any CPU.ActiveCfg = Debug|Any CPU
		{670619C4-3F75-4B16-92CA-EEB1B5F98587}.Debug|Any CPU.Build.0 = Debug|Any CPU
		{670619C4-3F75-4B16-92CA-EEB1B5F98587}.Release|Any CPU.ActiveCfg = Release|Any CPU
		{670619C4-3F75-4B16-92CA-EEB1B5F98587}.Release|Any CPU.Build.0 = Release|Any CPU
		{B8A17296-F4DE-4732-BB08-9CFF24F50662}.Debug|Any CPU.ActiveCfg = Debug|Any CPU
		{B8A17296-F4DE-4732-BB08-9CFF24F50662}.Debug|Any CPU.Build.0 = Debug|Any CPU
		{B8A17296-F4DE-4732-BB08-9CFF24F50662}.Release|Any CPU.ActiveCfg = Release|Any CPU
		{B8A17296-F4DE-4732-BB08-9CFF24F50662}.Release|Any CPU.Build.0 = Release|Any CPU
		{B6209399-C616-4B7A-B085-0FA888A9B91B}.Debug|Any CPU.ActiveCfg = Debug|Any CPU
		{B6209399-C616-4B7A-B085-0FA888A9B91B}.Debug|Any CPU.Build.0 = Debug|Any CPU
		{B6209399-C616-4B7A-B085-0FA888A9B91B}.Release|Any CPU.ActiveCfg = Release|Any CPU
		{B6209399-C616-4B7A-B085-0FA888A9B91B}.Release|Any CPU.Build.0 = Release|Any CPU
		{BF1FEC8A-D8A0-47BB-AE75-F9E164E0E147}.Debug|Any CPU.ActiveCfg = Debug|Any CPU
		{BF1FEC8A-D8A0-47BB-AE75-F9E164E0E147}.Debug|Any CPU.Build.0 = Debug|Any CPU
		{BF1FEC8A-D8A0-47BB-AE75-F9E164E0E147}.Release|Any CPU.ActiveCfg = Release|Any CPU
		{BF1FEC8A-D8A0-47BB-AE75-F9E164E0E147}.Release|Any CPU.Build.0 = Release|Any CPU
		{C3747788-3D0E-49C6-8179-9D6BF3767261}.Debug|Any CPU.ActiveCfg = Debug|Any CPU
		{C3747788-3D0E-49C6-8179-9D6BF3767261}.Debug|Any CPU.Build.0 = Debug|Any CPU
		{C3747788-3D0E-49C6-8179-9D6BF3767261}.Release|Any CPU.ActiveCfg = Release|Any CPU
		{C3747788-3D0E-49C6-8179-9D6BF3767261}.Release|Any CPU.Build.0 = Release|Any CPU
		{D7BE17E6-11F3-4FEF-85C1-BB3F628C6A7F}.Debug|Any CPU.ActiveCfg = Debug|Any CPU
		{D7BE17E6-11F3-4FEF-85C1-BB3F628C6A7F}.Debug|Any CPU.Build.0 = Debug|Any CPU
		{D7BE17E6-11F3-4FEF-85C1-BB3F628C6A7F}.Release|Any CPU.ActiveCfg = Release|Any CPU
		{D7BE17E6-11F3-4FEF-85C1-BB3F628C6A7F}.Release|Any CPU.Build.0 = Release|Any CPU
		{C4C182C6-7E62-4850-AEC5-D1AC8B623422}.Debug|Any CPU.ActiveCfg = Debug|Any CPU
		{C4C182C6-7E62-4850-AEC5-D1AC8B623422}.Debug|Any CPU.Build.0 = Debug|Any CPU
		{C4C182C6-7E62-4850-AEC5-D1AC8B623422}.Release|Any CPU.ActiveCfg = Release|Any CPU
		{C4C182C6-7E62-4850-AEC5-D1AC8B623422}.Release|Any CPU.Build.0 = Release|Any CPU
		{482889E0-89C3-48FB-85DF-2636F07477E7}.Debug|Any CPU.ActiveCfg = Debug|Any CPU
		{482889E0-89C3-48FB-85DF-2636F07477E7}.Debug|Any CPU.Build.0 = Debug|Any CPU
		{482889E0-89C3-48FB-85DF-2636F07477E7}.Release|Any CPU.ActiveCfg = Release|Any CPU
		{482889E0-89C3-48FB-85DF-2636F07477E7}.Release|Any CPU.Build.0 = Release|Any CPU
		{7787FAF4-2F9E-4A59-A9BD-1B73972F3FA1}.Debug|Any CPU.ActiveCfg = Debug|Any CPU
		{7787FAF4-2F9E-4A59-A9BD-1B73972F3FA1}.Debug|Any CPU.Build.0 = Debug|Any CPU
		{7787FAF4-2F9E-4A59-A9BD-1B73972F3FA1}.Release|Any CPU.ActiveCfg = Release|Any CPU
		{7787FAF4-2F9E-4A59-A9BD-1B73972F3FA1}.Release|Any CPU.Build.0 = Release|Any CPU
		{BDCD506B-5A1F-433D-9D2F-3B5CABA3E1A4}.Debug|Any CPU.ActiveCfg = Debug|Any CPU
		{BDCD506B-5A1F-433D-9D2F-3B5CABA3E1A4}.Debug|Any CPU.Build.0 = Debug|Any CPU
		{BDCD506B-5A1F-433D-9D2F-3B5CABA3E1A4}.Release|Any CPU.ActiveCfg = Release|Any CPU
		{BDCD506B-5A1F-433D-9D2F-3B5CABA3E1A4}.Release|Any CPU.Build.0 = Release|Any CPU
		{9D2D1043-EF73-42A8-A208-AB1A75201257}.Debug|Any CPU.ActiveCfg = Debug|Any CPU
		{9D2D1043-EF73-42A8-A208-AB1A75201257}.Debug|Any CPU.Build.0 = Debug|Any CPU
		{9D2D1043-EF73-42A8-A208-AB1A75201257}.Release|Any CPU.ActiveCfg = Release|Any CPU
		{9D2D1043-EF73-42A8-A208-AB1A75201257}.Release|Any CPU.Build.0 = Release|Any CPU
		{B7CBE588-AC91-430E-8908-80984DCD7B2B}.Debug|Any CPU.ActiveCfg = Debug|Any CPU
		{B7CBE588-AC91-430E-8908-80984DCD7B2B}.Debug|Any CPU.Build.0 = Debug|Any CPU
		{B7CBE588-AC91-430E-8908-80984DCD7B2B}.Release|Any CPU.ActiveCfg = Release|Any CPU
		{B7CBE588-AC91-430E-8908-80984DCD7B2B}.Release|Any CPU.Build.0 = Release|Any CPU
		{A0C34072-D579-4DCA-A201-F2985E1891F7}.Debug|Any CPU.ActiveCfg = Debug|Any CPU
		{A0C34072-D579-4DCA-A201-F2985E1891F7}.Debug|Any CPU.Build.0 = Debug|Any CPU
		{A0C34072-D579-4DCA-A201-F2985E1891F7}.Release|Any CPU.ActiveCfg = Release|Any CPU
		{A0C34072-D579-4DCA-A201-F2985E1891F7}.Release|Any CPU.Build.0 = Release|Any CPU
		{B7AD3D41-5416-4F3E-8BA2-287BBB2094FF}.Debug|Any CPU.ActiveCfg = Debug|Any CPU
		{B7AD3D41-5416-4F3E-8BA2-287BBB2094FF}.Debug|Any CPU.Build.0 = Debug|Any CPU
		{B7AD3D41-5416-4F3E-8BA2-287BBB2094FF}.Release|Any CPU.ActiveCfg = Release|Any CPU
		{B7AD3D41-5416-4F3E-8BA2-287BBB2094FF}.Release|Any CPU.Build.0 = Release|Any CPU
		{ECEF8CC4-F44E-49E0-98E9-D336609EBF9D}.Debug|Any CPU.ActiveCfg = Debug|Any CPU
		{ECEF8CC4-F44E-49E0-98E9-D336609EBF9D}.Debug|Any CPU.Build.0 = Debug|Any CPU
		{ECEF8CC4-F44E-49E0-98E9-D336609EBF9D}.Release|Any CPU.ActiveCfg = Release|Any CPU
		{ECEF8CC4-F44E-49E0-98E9-D336609EBF9D}.Release|Any CPU.Build.0 = Release|Any CPU
		{D9895A45-EC2E-4D51-8D75-D72D1B1FA5E5}.Debug|Any CPU.ActiveCfg = Debug|Any CPU
		{D9895A45-EC2E-4D51-8D75-D72D1B1FA5E5}.Debug|Any CPU.Build.0 = Debug|Any CPU
		{D9895A45-EC2E-4D51-8D75-D72D1B1FA5E5}.Release|Any CPU.ActiveCfg = Release|Any CPU
		{D9895A45-EC2E-4D51-8D75-D72D1B1FA5E5}.Release|Any CPU.Build.0 = Release|Any CPU
		{942A3B3D-BB63-4E00-AF11-2DCB05BD56B1}.Debug|Any CPU.ActiveCfg = Debug|Any CPU
		{942A3B3D-BB63-4E00-AF11-2DCB05BD56B1}.Debug|Any CPU.Build.0 = Debug|Any CPU
		{942A3B3D-BB63-4E00-AF11-2DCB05BD56B1}.Release|Any CPU.ActiveCfg = Release|Any CPU
		{942A3B3D-BB63-4E00-AF11-2DCB05BD56B1}.Release|Any CPU.Build.0 = Release|Any CPU
		{5558D80C-C0AA-4393-8D05-81A5D0079DE7}.Debug|Any CPU.ActiveCfg = Debug|Any CPU
		{5558D80C-C0AA-4393-8D05-81A5D0079DE7}.Debug|Any CPU.Build.0 = Debug|Any CPU
		{5558D80C-C0AA-4393-8D05-81A5D0079DE7}.Release|Any CPU.ActiveCfg = Release|Any CPU
		{5558D80C-C0AA-4393-8D05-81A5D0079DE7}.Release|Any CPU.Build.0 = Release|Any CPU
		{3352D8B9-7021-4818-B650-86FF2D0248A2}.Debug|Any CPU.ActiveCfg = Debug|Any CPU
		{3352D8B9-7021-4818-B650-86FF2D0248A2}.Debug|Any CPU.Build.0 = Debug|Any CPU
		{3352D8B9-7021-4818-B650-86FF2D0248A2}.Release|Any CPU.ActiveCfg = Release|Any CPU
		{3352D8B9-7021-4818-B650-86FF2D0248A2}.Release|Any CPU.Build.0 = Release|Any CPU
		{DFBFCAB9-4583-4940-B54B-D91B159AE03C}.Debug|Any CPU.ActiveCfg = Debug|Any CPU
		{DFBFCAB9-4583-4940-B54B-D91B159AE03C}.Debug|Any CPU.Build.0 = Debug|Any CPU
		{DFBFCAB9-4583-4940-B54B-D91B159AE03C}.Release|Any CPU.ActiveCfg = Release|Any CPU
		{DFBFCAB9-4583-4940-B54B-D91B159AE03C}.Release|Any CPU.Build.0 = Release|Any CPU
		{12C94E7F-736D-40C7-9551-F6A502918955}.Debug|Any CPU.ActiveCfg = Debug|Any CPU
		{12C94E7F-736D-40C7-9551-F6A502918955}.Debug|Any CPU.Build.0 = Debug|Any CPU
		{12C94E7F-736D-40C7-9551-F6A502918955}.Release|Any CPU.ActiveCfg = Release|Any CPU
		{12C94E7F-736D-40C7-9551-F6A502918955}.Release|Any CPU.Build.0 = Release|Any CPU
		{68777F45-5A3A-4DC2-A476-02F66B07D2CE}.Debug|Any CPU.ActiveCfg = Debug|Any CPU
		{68777F45-5A3A-4DC2-A476-02F66B07D2CE}.Debug|Any CPU.Build.0 = Debug|Any CPU
		{68777F45-5A3A-4DC2-A476-02F66B07D2CE}.Release|Any CPU.ActiveCfg = Release|Any CPU
		{68777F45-5A3A-4DC2-A476-02F66B07D2CE}.Release|Any CPU.Build.0 = Release|Any CPU
		{8AA82F08-63C5-4918-959F-EA9936415E6A}.Debug|Any CPU.ActiveCfg = Debug|Any CPU
		{8AA82F08-63C5-4918-959F-EA9936415E6A}.Debug|Any CPU.Build.0 = Debug|Any CPU
		{8AA82F08-63C5-4918-959F-EA9936415E6A}.Release|Any CPU.ActiveCfg = Release|Any CPU
		{8AA82F08-63C5-4918-959F-EA9936415E6A}.Release|Any CPU.Build.0 = Release|Any CPU
		{3D611F3B-97F2-4950-9222-6F0F97415D19}.Debug|Any CPU.ActiveCfg = Debug|Any CPU
		{3D611F3B-97F2-4950-9222-6F0F97415D19}.Debug|Any CPU.Build.0 = Debug|Any CPU
		{3D611F3B-97F2-4950-9222-6F0F97415D19}.Release|Any CPU.ActiveCfg = Release|Any CPU
		{3D611F3B-97F2-4950-9222-6F0F97415D19}.Release|Any CPU.Build.0 = Release|Any CPU
		{B2938362-C3C0-4679-9398-84D2EFD7D020}.Debug|Any CPU.ActiveCfg = Debug|Any CPU
		{B2938362-C3C0-4679-9398-84D2EFD7D020}.Debug|Any CPU.Build.0 = Debug|Any CPU
		{B2938362-C3C0-4679-9398-84D2EFD7D020}.Release|Any CPU.ActiveCfg = Release|Any CPU
		{B2938362-C3C0-4679-9398-84D2EFD7D020}.Release|Any CPU.Build.0 = Release|Any CPU
		{0FFBD01B-8521-4D2D-A20A-55D422A7E172}.Debug|Any CPU.ActiveCfg = Debug|Any CPU
		{0FFBD01B-8521-4D2D-A20A-55D422A7E172}.Debug|Any CPU.Build.0 = Debug|Any CPU
		{0FFBD01B-8521-4D2D-A20A-55D422A7E172}.Release|Any CPU.ActiveCfg = Release|Any CPU
		{0FFBD01B-8521-4D2D-A20A-55D422A7E172}.Release|Any CPU.Build.0 = Release|Any CPU
		{19234169-9895-4CEA-AEB3-8A0486532352}.Debug|Any CPU.ActiveCfg = Debug|Any CPU
		{19234169-9895-4CEA-AEB3-8A0486532352}.Debug|Any CPU.Build.0 = Debug|Any CPU
		{19234169-9895-4CEA-AEB3-8A0486532352}.Release|Any CPU.ActiveCfg = Release|Any CPU
		{19234169-9895-4CEA-AEB3-8A0486532352}.Release|Any CPU.Build.0 = Release|Any CPU
		{F9704E37-866C-45DB-BBF3-53B2C1EE7031}.Debug|Any CPU.ActiveCfg = Debug|Any CPU
		{F9704E37-866C-45DB-BBF3-53B2C1EE7031}.Debug|Any CPU.Build.0 = Debug|Any CPU
		{F9704E37-866C-45DB-BBF3-53B2C1EE7031}.Release|Any CPU.ActiveCfg = Release|Any CPU
		{F9704E37-866C-45DB-BBF3-53B2C1EE7031}.Release|Any CPU.Build.0 = Release|Any CPU
		{18C8A364-B9A4-4206-B48A-D5FD75A971CE}.Debug|Any CPU.ActiveCfg = Debug|Any CPU
		{18C8A364-B9A4-4206-B48A-D5FD75A971CE}.Debug|Any CPU.Build.0 = Debug|Any CPU
		{18C8A364-B9A4-4206-B48A-D5FD75A971CE}.Release|Any CPU.ActiveCfg = Release|Any CPU
		{18C8A364-B9A4-4206-B48A-D5FD75A971CE}.Release|Any CPU.Build.0 = Release|Any CPU
		{1D70F220-F25D-4DB4-936B-A8CAC15EAEE3}.Debug|Any CPU.ActiveCfg = Debug|Any CPU
		{1D70F220-F25D-4DB4-936B-A8CAC15EAEE3}.Debug|Any CPU.Build.0 = Debug|Any CPU
		{1D70F220-F25D-4DB4-936B-A8CAC15EAEE3}.Release|Any CPU.ActiveCfg = Release|Any CPU
		{1D70F220-F25D-4DB4-936B-A8CAC15EAEE3}.Release|Any CPU.Build.0 = Release|Any CPU
		{CAF4FFB9-DB94-4017-A144-92031CB0D572}.Debug|Any CPU.ActiveCfg = Debug|Any CPU
		{CAF4FFB9-DB94-4017-A144-92031CB0D572}.Debug|Any CPU.Build.0 = Debug|Any CPU
		{CAF4FFB9-DB94-4017-A144-92031CB0D572}.Release|Any CPU.ActiveCfg = Release|Any CPU
		{CAF4FFB9-DB94-4017-A144-92031CB0D572}.Release|Any CPU.Build.0 = Release|Any CPU
		{0579334E-AB80-4626-99E6-DA07D455A058}.Debug|Any CPU.ActiveCfg = Debug|Any CPU
		{0579334E-AB80-4626-99E6-DA07D455A058}.Debug|Any CPU.Build.0 = Debug|Any CPU
		{0579334E-AB80-4626-99E6-DA07D455A058}.Release|Any CPU.ActiveCfg = Release|Any CPU
		{0579334E-AB80-4626-99E6-DA07D455A058}.Release|Any CPU.Build.0 = Release|Any CPU
		{2FE43ABC-F496-4D92-8FF2-C6FE2EE41065}.Debug|Any CPU.ActiveCfg = Debug|Any CPU
		{2FE43ABC-F496-4D92-8FF2-C6FE2EE41065}.Debug|Any CPU.Build.0 = Debug|Any CPU
		{2FE43ABC-F496-4D92-8FF2-C6FE2EE41065}.Release|Any CPU.ActiveCfg = Release|Any CPU
		{2FE43ABC-F496-4D92-8FF2-C6FE2EE41065}.Release|Any CPU.Build.0 = Release|Any CPU
		{8BCA1E99-AEAD-4DA1-A086-017BB70E0EDF}.Debug|Any CPU.ActiveCfg = Debug|Any CPU
		{8BCA1E99-AEAD-4DA1-A086-017BB70E0EDF}.Debug|Any CPU.Build.0 = Debug|Any CPU
		{8BCA1E99-AEAD-4DA1-A086-017BB70E0EDF}.Release|Any CPU.ActiveCfg = Release|Any CPU
		{8BCA1E99-AEAD-4DA1-A086-017BB70E0EDF}.Release|Any CPU.Build.0 = Release|Any CPU
	EndGlobalSection
	GlobalSection(SolutionProperties) = preSolution
		HideSolutionNode = FALSE
	EndGlobalSection
EndGlobal
