
Microsoft Visual Studio Solution File, Format Version 12.00
# Visual Studio 2013
VisualStudioVersion = 12.0.30501.0
MinimumVisualStudioVersion = 10.0.40219.1
Project("{FAE04EC0-301F-11D3-BF4B-00C04F79EFBC}") = "001-简介", "001-简介\001-简介.csproj", "{352F28BB-9B5B-4126-8AFA-47305DDE0181}"
EndProject
Project("{FAE04EC0-301F-11D3-BF4B-00C04F79EFBC}") = "002-Do you love", "002-Do you love\002-Do you love.csproj", "{8CE3B59D-EC14-4FCC-A848-C5D8DABE680A}"
EndProject
Project("{FAE04EC0-301F-11D3-BF4B-00C04F79EFBC}") = "003-TextBox", "003-TextBox\003-TextBox.csproj", "{981F87EF-19DD-4D87-A294-6180C3F7B044}"
EndProject
Project("{FAE04EC0-301F-11D3-BF4B-00C04F79EFBC}") = "004-跑马灯练习", "004-跑马灯练习\004-跑马灯练习.csproj", "{C948C449-542C-47A9-BE5F-427539FD2E23}"
EndProject
Project("{FAE04EC0-301F-11D3-BF4B-00C04F79EFBC}") = "005-简单记事本", "005-简单记事本\005-简单记事本.csproj", "{A5CAFC21-4B4D-4DF6-A465-19DA313D444C}"
EndProject
Project("{FAE04EC0-301F-11D3-BF4B-00C04F79EFBC}") = "006-单选和多选框", "006-单选和多选框\006-单选和多选框.csproj", "{6764EDE7-D3F9-4A05-B353-8E10DDCCDD66}"
EndProject
Project("{FAE04EC0-301F-11D3-BF4B-00C04F79EFBC}") = "007-老师或者学生登录", "007-老师或者学生登录\007-老师或者学生登录.csproj", "{5D4FF93E-4D24-447B-BF1A-D8BDBD5F410B}"
EndProject
Project("{FAE04EC0-301F-11D3-BF4B-00C04F79EFBC}") = "008-MDI窗体设计", "008-MDI窗体设计\008-MDI窗体设计.csproj", "{3D15BB80-B65E-4AF5-A1D8-903D4226D9AD}"
EndProject
Project("{FAE04EC0-301F-11D3-BF4B-00C04F79EFBC}") = "009-PictureBox", "009-PictureBox\009-PictureBox.csproj", "{1129BEFB-A605-4410-80FC-AB5BE6DEE1EE}"
EndProject
Project("{FAE04EC0-301F-11D3-BF4B-00C04F79EFBC}") = "010-PictureBox和Timer的练习", "010-PictureBox和Timer的练习\010-PictureBox和Timer的练习.csproj", "{2B66336C-717F-41B0-977D-BAD020875B95}"
EndProject
Project("{FAE04EC0-301F-11D3-BF4B-00C04F79EFBC}") = "011-Directory类", "011-Directory类\011-Directory类.csproj", "{6C83D5F7-3704-40FE-917F-78F5C847AD2A}"
EndProject
Project("{FAE04EC0-301F-11D3-BF4B-00C04F79EFBC}") = "012-WebBrowser控件", "012-WebBrowser控件\012-WebBrowser控件.csproj", "{1AEBFF06-1E16-4E89-B7ED-F514A52DECFB}"
EndProject
Project("{FAE04EC0-301F-11D3-BF4B-00C04F79EFBC}") = "013-ComboBox控件", "013-ComboBox控件\013-ComboBox控件.csproj", "{143372C1-E633-4988-80DC-511BAF54443D}"
EndProject
Project("{FAE04EC0-301F-11D3-BF4B-00C04F79EFBC}") = "014-日期选择器", "014-日期选择器\014-日期选择器.csproj", "{BB0F1BDD-8679-4208-BF4D-AD70D19D35E3}"
EndProject
Project("{FAE04EC0-301F-11D3-BF4B-00C04F79EFBC}") = "015-ListBox", "015-ListBox\015-ListBox.csproj", "{BA6A4824-E4BE-4183-B048-52156720F359}"
EndProject
Project("{FAE04EC0-301F-11D3-BF4B-00C04F79EFBC}") = "016-实现点击更换照片", "016-实现点击更换照片\016-实现点击更换照片.csproj", "{25F51AA1-24A6-429A-A48C-3A885204FB3B}"
EndProject
Project("{FAE04EC0-301F-11D3-BF4B-00C04F79EFBC}") = "017-实现双击播放音乐", "017-实现双击播放音乐\017-实现双击播放音乐.csproj", "{F32AEA5C-1970-481A-B58C-81651FD11579}"
EndProject
Project("{FAE04EC0-301F-11D3-BF4B-00C04F79EFBC}") = "018-石头剪刀布", "018-石头剪刀布\018-石头剪刀布.csproj", "{6BCAE8F6-6498-4628-BA3D-8C2F6E95E08F}"
EndProject
Project("{FAE04EC0-301F-11D3-BF4B-00C04F79EFBC}") = "019-打开文件对话框", "019-打开文件对话框\019-打开文件对话框.csproj", "{67A98C0F-9C58-415B-8E34-8FB52EAE5300}"
EndProject
Project("{FAE04EC0-301F-11D3-BF4B-00C04F79EFBC}") = "020-保存文件对话框", "020-保存文件对话框\020-保存文件对话框.csproj", "{2ABEB50D-5FB3-459A-A7FB-0076B19EE50A}"
EndProject
Project("{FAE04EC0-301F-11D3-BF4B-00C04F79EFBC}") = "021-字体和颜色对话框", "021-字体和颜色对话框\021-字体和颜色对话框.csproj", "{10232177-8214-4286-A646-1A1C9AF4540A}"
EndProject
Project("{FAE04EC0-301F-11D3-BF4B-00C04F79EFBC}") = "022-Panel", "022-Panel\022-Panel.csproj", "{0EF26413-69F1-42FA-A96F-ADA5082CC8A9}"
EndProject
Project("{FAE04EC0-301F-11D3-BF4B-00C04F79EFBC}") = "023-简单记事本2", "023-简单记事本2\023-简单记事本2.csproj", "{3B5D49CA-9F65-4A56-A734-37B740031C41}"
EndProject
Project("{FAE04EC0-301F-11D3-BF4B-00C04F79EFBC}") = "024-进程", "024-进程\024-进程.csproj", "{B536F7F5-782D-4445-85E9-6B47E1E33869}"
EndProject
Project("{FAE04EC0-301F-11D3-BF4B-00C04F79EFBC}") = "025-多线程", "025-多线程\025-多线程.csproj", "{6089F4BC-4FE5-4BE2-81E7-699B28354A60}"
EndProject
Project("{FAE04EC0-301F-11D3-BF4B-00C04F79EFBC}") = "026-播放音乐的下一曲", "026-播放音乐的下一曲\026-播放音乐的下一曲.csproj", "{A972450E-5084-4409-99F8-82FDF6556E99}"
EndProject
Project("{FAE04EC0-301F-11D3-BF4B-00C04F79EFBC}") = "027-线程和进程的复习", "027-线程和进程的复习\027-线程和进程的复习.csproj", "{3031883A-0098-4370-AA52-3D59AA5622DE}"
EndProject
Project("{FAE04EC0-301F-11D3-BF4B-00C04F79EFBC}") = "028-线程执行带参数的方法", "028-线程执行带参数的方法\028-线程执行带参数的方法.csproj", "{F12C150F-5EEA-4126-9BC6-27C38127C4B1}"
EndProject
Project("{FAE04EC0-301F-11D3-BF4B-00C04F79EFBC}") = "029-摇奖机", "029-摇奖机\029-摇奖机.csproj", "{1BBB41FA-FB39-44E7-AEA5-C1E8E5509D4B}"
EndProject
Project("{FAE04EC0-301F-11D3-BF4B-00C04F79EFBC}") = "030-GDI", "030-GDI\030-GDI.csproj", "{1D833F82-B8A4-4BFE-9F84-E23E757C6F35}"
EndProject
Project("{FAE04EC0-301F-11D3-BF4B-00C04F79EFBC}") = "031-验证码", "031-验证码\031-验证码.csproj", "{403D412C-27FB-49D2-961B-EC7C9F0818AD}"
EndProject
Project("{FAE04EC0-301F-11D3-BF4B-00C04F79EFBC}") = "032-单例模式", "032-单例模式\032-单例模式.csproj", "{01CD429A-10EC-4967-8CF8-DAC5845E37FC}"
EndProject
Project("{FAE04EC0-301F-11D3-BF4B-00C04F79EFBC}") = "033-为什么使用委托", "033-为什么使用委托\033-为什么使用委托.csproj", "{6F1122E8-6B37-46F8-B728-65F80094B105}"
EndProject
Project("{FAE04EC0-301F-11D3-BF4B-00C04F79EFBC}") = "034-委托概念", "034-委托概念\034-委托概念.csproj", "{5DE010F5-4E42-4FC9-8E49-018BE234A18B}"
EndProject
Project("{FAE04EC0-301F-11D3-BF4B-00C04F79EFBC}") = "035-匿名函数", "035-匿名函数\035-匿名函数.csproj", "{69447ECB-5856-47DC-8C25-B0D9F4BAC9AF}"
EndProject
Project("{FAE04EC0-301F-11D3-BF4B-00C04F79EFBC}") = "036-求数组的最大值", "036-求数组的最大值\036-求数组的最大值.csproj", "{F8767379-4858-4A40-89BB-6C45D934ABE2}"
EndProject
Project("{FAE04EC0-301F-11D3-BF4B-00C04F79EFBC}") = "037-泛型委托", "037-泛型委托\037-泛型委托.csproj", "{477E66ED-541F-4A83-8D01-AB877595FE27}"
EndProject
Project("{FAE04EC0-301F-11D3-BF4B-00C04F79EFBC}") = "038-lamda表达式", "038-lamda表达式\038-lamda表达式.csproj", "{089D8728-5999-4010-8C52-FEF036B18591}"
EndProject
Project("{FAE04EC0-301F-11D3-BF4B-00C04F79EFBC}") = "039-使用委托进行窗体传值", "039-使用委托进行窗体传值\039-使用委托进行窗体传值.csproj", "{2A2E0C13-C522-4F64-8ECD-A109B00DDE36}"
EndProject
Project("{FAE04EC0-301F-11D3-BF4B-00C04F79EFBC}") = "040-多播委托", "040-多播委托\040-多播委托.csproj", "{09A189C0-92FB-40F6-BEE0-36C2C748484A}"
EndProject
Project("{FAE04EC0-301F-11D3-BF4B-00C04F79EFBC}") = "041-水平滚动条", "041-水平滚动条\041-水平滚动条.csproj", "{CFA8B7F4-2605-49C2-B70F-901CF124DD8B}"
EndProject
Project("{FAE04EC0-301F-11D3-BF4B-00C04F79EFBC}") = "042-颜色设置", "042-颜色设置\042-颜色设置.csproj", "{DCD65A6E-D90D-4931-8301-B1A5FAEE206F}"
EndProject
Project("{FAE04EC0-301F-11D3-BF4B-00C04F79EFBC}") = "043-tabcontrol", "043-tabcontrol\043-tabcontrol.csproj", "{B3F2A1EC-E631-4292-8AF6-3DABDEAAED29}"
EndProject
Global
	GlobalSection(SolutionConfigurationPlatforms) = preSolution
		Debug|Any CPU = Debug|Any CPU
		Release|Any CPU = Release|Any CPU
	EndGlobalSection
	GlobalSection(ProjectConfigurationPlatforms) = postSolution
		{352F28BB-9B5B-4126-8AFA-47305DDE0181}.Debug|Any CPU.ActiveCfg = Debug|Any CPU
		{352F28BB-9B5B-4126-8AFA-47305DDE0181}.Debug|Any CPU.Build.0 = Debug|Any CPU
		{352F28BB-9B5B-4126-8AFA-47305DDE0181}.Release|Any CPU.ActiveCfg = Release|Any CPU
		{352F28BB-9B5B-4126-8AFA-47305DDE0181}.Release|Any CPU.Build.0 = Release|Any CPU
		{8CE3B59D-EC14-4FCC-A848-C5D8DABE680A}.Debug|Any CPU.ActiveCfg = Debug|Any CPU
		{8CE3B59D-EC14-4FCC-A848-C5D8DABE680A}.Debug|Any CPU.Build.0 = Debug|Any CPU
		{8CE3B59D-EC14-4FCC-A848-C5D8DABE680A}.Release|Any CPU.ActiveCfg = Release|Any CPU
		{8CE3B59D-EC14-4FCC-A848-C5D8DABE680A}.Release|Any CPU.Build.0 = Release|Any CPU
		{981F87EF-19DD-4D87-A294-6180C3F7B044}.Debug|Any CPU.ActiveCfg = Debug|Any CPU
		{981F87EF-19DD-4D87-A294-6180C3F7B044}.Debug|Any CPU.Build.0 = Debug|Any CPU
		{981F87EF-19DD-4D87-A294-6180C3F7B044}.Release|Any CPU.ActiveCfg = Release|Any CPU
		{981F87EF-19DD-4D87-A294-6180C3F7B044}.Release|Any CPU.Build.0 = Release|Any CPU
		{C948C449-542C-47A9-BE5F-427539FD2E23}.Debug|Any CPU.ActiveCfg = Debug|Any CPU
		{C948C449-542C-47A9-BE5F-427539FD2E23}.Debug|Any CPU.Build.0 = Debug|Any CPU
		{C948C449-542C-47A9-BE5F-427539FD2E23}.Release|Any CPU.ActiveCfg = Release|Any CPU
		{C948C449-542C-47A9-BE5F-427539FD2E23}.Release|Any CPU.Build.0 = Release|Any CPU
		{A5CAFC21-4B4D-4DF6-A465-19DA313D444C}.Debug|Any CPU.ActiveCfg = Debug|Any CPU
		{A5CAFC21-4B4D-4DF6-A465-19DA313D444C}.Debug|Any CPU.Build.0 = Debug|Any CPU
		{A5CAFC21-4B4D-4DF6-A465-19DA313D444C}.Release|Any CPU.ActiveCfg = Release|Any CPU
		{A5CAFC21-4B4D-4DF6-A465-19DA313D444C}.Release|Any CPU.Build.0 = Release|Any CPU
		{6764EDE7-D3F9-4A05-B353-8E10DDCCDD66}.Debug|Any CPU.ActiveCfg = Debug|Any CPU
		{6764EDE7-D3F9-4A05-B353-8E10DDCCDD66}.Debug|Any CPU.Build.0 = Debug|Any CPU
		{6764EDE7-D3F9-4A05-B353-8E10DDCCDD66}.Release|Any CPU.ActiveCfg = Release|Any CPU
		{6764EDE7-D3F9-4A05-B353-8E10DDCCDD66}.Release|Any CPU.Build.0 = Release|Any CPU
		{5D4FF93E-4D24-447B-BF1A-D8BDBD5F410B}.Debug|Any CPU.ActiveCfg = Debug|Any CPU
		{5D4FF93E-4D24-447B-BF1A-D8BDBD5F410B}.Debug|Any CPU.Build.0 = Debug|Any CPU
		{5D4FF93E-4D24-447B-BF1A-D8BDBD5F410B}.Release|Any CPU.ActiveCfg = Release|Any CPU
		{5D4FF93E-4D24-447B-BF1A-D8BDBD5F410B}.Release|Any CPU.Build.0 = Release|Any CPU
		{3D15BB80-B65E-4AF5-A1D8-903D4226D9AD}.Debug|Any CPU.ActiveCfg = Debug|Any CPU
		{3D15BB80-B65E-4AF5-A1D8-903D4226D9AD}.Debug|Any CPU.Build.0 = Debug|Any CPU
		{3D15BB80-B65E-4AF5-A1D8-903D4226D9AD}.Release|Any CPU.ActiveCfg = Release|Any CPU
		{3D15BB80-B65E-4AF5-A1D8-903D4226D9AD}.Release|Any CPU.Build.0 = Release|Any CPU
		{1129BEFB-A605-4410-80FC-AB5BE6DEE1EE}.Debug|Any CPU.ActiveCfg = Debug|Any CPU
		{1129BEFB-A605-4410-80FC-AB5BE6DEE1EE}.Debug|Any CPU.Build.0 = Debug|Any CPU
		{1129BEFB-A605-4410-80FC-AB5BE6DEE1EE}.Release|Any CPU.ActiveCfg = Release|Any CPU
		{1129BEFB-A605-4410-80FC-AB5BE6DEE1EE}.Release|Any CPU.Build.0 = Release|Any CPU
		{2B66336C-717F-41B0-977D-BAD020875B95}.Debug|Any CPU.ActiveCfg = Debug|Any CPU
		{2B66336C-717F-41B0-977D-BAD020875B95}.Debug|Any CPU.Build.0 = Debug|Any CPU
		{2B66336C-717F-41B0-977D-BAD020875B95}.Release|Any CPU.ActiveCfg = Release|Any CPU
		{2B66336C-717F-41B0-977D-BAD020875B95}.Release|Any CPU.Build.0 = Release|Any CPU
		{6C83D5F7-3704-40FE-917F-78F5C847AD2A}.Debug|Any CPU.ActiveCfg = Debug|Any CPU
		{6C83D5F7-3704-40FE-917F-78F5C847AD2A}.Debug|Any CPU.Build.0 = Debug|Any CPU
		{6C83D5F7-3704-40FE-917F-78F5C847AD2A}.Release|Any CPU.ActiveCfg = Release|Any CPU
		{6C83D5F7-3704-40FE-917F-78F5C847AD2A}.Release|Any CPU.Build.0 = Release|Any CPU
		{1AEBFF06-1E16-4E89-B7ED-F514A52DECFB}.Debug|Any CPU.ActiveCfg = Debug|Any CPU
		{1AEBFF06-1E16-4E89-B7ED-F514A52DECFB}.Debug|Any CPU.Build.0 = Debug|Any CPU
		{1AEBFF06-1E16-4E89-B7ED-F514A52DECFB}.Release|Any CPU.ActiveCfg = Release|Any CPU
		{1AEBFF06-1E16-4E89-B7ED-F514A52DECFB}.Release|Any CPU.Build.0 = Release|Any CPU
		{143372C1-E633-4988-80DC-511BAF54443D}.Debug|Any CPU.ActiveCfg = Debug|Any CPU
		{143372C1-E633-4988-80DC-511BAF54443D}.Debug|Any CPU.Build.0 = Debug|Any CPU
		{143372C1-E633-4988-80DC-511BAF54443D}.Release|Any CPU.ActiveCfg = Release|Any CPU
		{143372C1-E633-4988-80DC-511BAF54443D}.Release|Any CPU.Build.0 = Release|Any CPU
		{BB0F1BDD-8679-4208-BF4D-AD70D19D35E3}.Debug|Any CPU.ActiveCfg = Debug|Any CPU
		{BB0F1BDD-8679-4208-BF4D-AD70D19D35E3}.Debug|Any CPU.Build.0 = Debug|Any CPU
		{BB0F1BDD-8679-4208-BF4D-AD70D19D35E3}.Release|Any CPU.ActiveCfg = Release|Any CPU
		{BB0F1BDD-8679-4208-BF4D-AD70D19D35E3}.Release|Any CPU.Build.0 = Release|Any CPU
		{BA6A4824-E4BE-4183-B048-52156720F359}.Debug|Any CPU.ActiveCfg = Debug|Any CPU
		{BA6A4824-E4BE-4183-B048-52156720F359}.Debug|Any CPU.Build.0 = Debug|Any CPU
		{BA6A4824-E4BE-4183-B048-52156720F359}.Release|Any CPU.ActiveCfg = Release|Any CPU
		{BA6A4824-E4BE-4183-B048-52156720F359}.Release|Any CPU.Build.0 = Release|Any CPU
		{25F51AA1-24A6-429A-A48C-3A885204FB3B}.Debug|Any CPU.ActiveCfg = Debug|Any CPU
		{25F51AA1-24A6-429A-A48C-3A885204FB3B}.Debug|Any CPU.Build.0 = Debug|Any CPU
		{25F51AA1-24A6-429A-A48C-3A885204FB3B}.Release|Any CPU.ActiveCfg = Release|Any CPU
		{25F51AA1-24A6-429A-A48C-3A885204FB3B}.Release|Any CPU.Build.0 = Release|Any CPU
		{F32AEA5C-1970-481A-B58C-81651FD11579}.Debug|Any CPU.ActiveCfg = Debug|Any CPU
		{F32AEA5C-1970-481A-B58C-81651FD11579}.Debug|Any CPU.Build.0 = Debug|Any CPU
		{F32AEA5C-1970-481A-B58C-81651FD11579}.Release|Any CPU.ActiveCfg = Release|Any CPU
		{F32AEA5C-1970-481A-B58C-81651FD11579}.Release|Any CPU.Build.0 = Release|Any CPU
		{6BCAE8F6-6498-4628-BA3D-8C2F6E95E08F}.Debug|Any CPU.ActiveCfg = Debug|Any CPU
		{6BCAE8F6-6498-4628-BA3D-8C2F6E95E08F}.Debug|Any CPU.Build.0 = Debug|Any CPU
		{6BCAE8F6-6498-4628-BA3D-8C2F6E95E08F}.Release|Any CPU.ActiveCfg = Release|Any CPU
		{6BCAE8F6-6498-4628-BA3D-8C2F6E95E08F}.Release|Any CPU.Build.0 = Release|Any CPU
		{67A98C0F-9C58-415B-8E34-8FB52EAE5300}.Debug|Any CPU.ActiveCfg = Debug|Any CPU
		{67A98C0F-9C58-415B-8E34-8FB52EAE5300}.Debug|Any CPU.Build.0 = Debug|Any CPU
		{67A98C0F-9C58-415B-8E34-8FB52EAE5300}.Release|Any CPU.ActiveCfg = Release|Any CPU
		{67A98C0F-9C58-415B-8E34-8FB52EAE5300}.Release|Any CPU.Build.0 = Release|Any CPU
		{2ABEB50D-5FB3-459A-A7FB-0076B19EE50A}.Debug|Any CPU.ActiveCfg = Debug|Any CPU
		{2ABEB50D-5FB3-459A-A7FB-0076B19EE50A}.Debug|Any CPU.Build.0 = Debug|Any CPU
		{2ABEB50D-5FB3-459A-A7FB-0076B19EE50A}.Release|Any CPU.ActiveCfg = Release|Any CPU
		{2ABEB50D-5FB3-459A-A7FB-0076B19EE50A}.Release|Any CPU.Build.0 = Release|Any CPU
		{10232177-8214-4286-A646-1A1C9AF4540A}.Debug|Any CPU.ActiveCfg = Debug|Any CPU
		{10232177-8214-4286-A646-1A1C9AF4540A}.Debug|Any CPU.Build.0 = Debug|Any CPU
		{10232177-8214-4286-A646-1A1C9AF4540A}.Release|Any CPU.ActiveCfg = Release|Any CPU
		{10232177-8214-4286-A646-1A1C9AF4540A}.Release|Any CPU.Build.0 = Release|Any CPU
		{0EF26413-69F1-42FA-A96F-ADA5082CC8A9}.Debug|Any CPU.ActiveCfg = Debug|Any CPU
		{0EF26413-69F1-42FA-A96F-ADA5082CC8A9}.Debug|Any CPU.Build.0 = Debug|Any CPU
		{0EF26413-69F1-42FA-A96F-ADA5082CC8A9}.Release|Any CPU.ActiveCfg = Release|Any CPU
		{0EF26413-69F1-42FA-A96F-ADA5082CC8A9}.Release|Any CPU.Build.0 = Release|Any CPU
		{3B5D49CA-9F65-4A56-A734-37B740031C41}.Debug|Any CPU.ActiveCfg = Debug|Any CPU
		{3B5D49CA-9F65-4A56-A734-37B740031C41}.Debug|Any CPU.Build.0 = Debug|Any CPU
		{3B5D49CA-9F65-4A56-A734-37B740031C41}.Release|Any CPU.ActiveCfg = Release|Any CPU
		{3B5D49CA-9F65-4A56-A734-37B740031C41}.Release|Any CPU.Build.0 = Release|Any CPU
		{B536F7F5-782D-4445-85E9-6B47E1E33869}.Debug|Any CPU.ActiveCfg = Debug|Any CPU
		{B536F7F5-782D-4445-85E9-6B47E1E33869}.Debug|Any CPU.Build.0 = Debug|Any CPU
		{B536F7F5-782D-4445-85E9-6B47E1E33869}.Release|Any CPU.ActiveCfg = Release|Any CPU
		{B536F7F5-782D-4445-85E9-6B47E1E33869}.Release|Any CPU.Build.0 = Release|Any CPU
		{6089F4BC-4FE5-4BE2-81E7-699B28354A60}.Debug|Any CPU.ActiveCfg = Debug|Any CPU
		{6089F4BC-4FE5-4BE2-81E7-699B28354A60}.Debug|Any CPU.Build.0 = Debug|Any CPU
		{6089F4BC-4FE5-4BE2-81E7-699B28354A60}.Release|Any CPU.ActiveCfg = Release|Any CPU
		{6089F4BC-4FE5-4BE2-81E7-699B28354A60}.Release|Any CPU.Build.0 = Release|Any CPU
		{A972450E-5084-4409-99F8-82FDF6556E99}.Debug|Any CPU.ActiveCfg = Debug|Any CPU
		{A972450E-5084-4409-99F8-82FDF6556E99}.Debug|Any CPU.Build.0 = Debug|Any CPU
		{A972450E-5084-4409-99F8-82FDF6556E99}.Release|Any CPU.ActiveCfg = Release|Any CPU
		{A972450E-5084-4409-99F8-82FDF6556E99}.Release|Any CPU.Build.0 = Release|Any CPU
		{3031883A-0098-4370-AA52-3D59AA5622DE}.Debug|Any CPU.ActiveCfg = Debug|Any CPU
		{3031883A-0098-4370-AA52-3D59AA5622DE}.Debug|Any CPU.Build.0 = Debug|Any CPU
		{3031883A-0098-4370-AA52-3D59AA5622DE}.Release|Any CPU.ActiveCfg = Release|Any CPU
		{3031883A-0098-4370-AA52-3D59AA5622DE}.Release|Any CPU.Build.0 = Release|Any CPU
		{F12C150F-5EEA-4126-9BC6-27C38127C4B1}.Debug|Any CPU.ActiveCfg = Debug|Any CPU
		{F12C150F-5EEA-4126-9BC6-27C38127C4B1}.Debug|Any CPU.Build.0 = Debug|Any CPU
		{F12C150F-5EEA-4126-9BC6-27C38127C4B1}.Release|Any CPU.ActiveCfg = Release|Any CPU
		{F12C150F-5EEA-4126-9BC6-27C38127C4B1}.Release|Any CPU.Build.0 = Release|Any CPU
		{1BBB41FA-FB39-44E7-AEA5-C1E8E5509D4B}.Debug|Any CPU.ActiveCfg = Debug|Any CPU
		{1BBB41FA-FB39-44E7-AEA5-C1E8E5509D4B}.Debug|Any CPU.Build.0 = Debug|Any CPU
		{1BBB41FA-FB39-44E7-AEA5-C1E8E5509D4B}.Release|Any CPU.ActiveCfg = Release|Any CPU
		{1BBB41FA-FB39-44E7-AEA5-C1E8E5509D4B}.Release|Any CPU.Build.0 = Release|Any CPU
		{1D833F82-B8A4-4BFE-9F84-E23E757C6F35}.Debug|Any CPU.ActiveCfg = Debug|Any CPU
		{1D833F82-B8A4-4BFE-9F84-E23E757C6F35}.Debug|Any CPU.Build.0 = Debug|Any CPU
		{1D833F82-B8A4-4BFE-9F84-E23E757C6F35}.Release|Any CPU.ActiveCfg = Release|Any CPU
		{1D833F82-B8A4-4BFE-9F84-E23E757C6F35}.Release|Any CPU.Build.0 = Release|Any CPU
		{403D412C-27FB-49D2-961B-EC7C9F0818AD}.Debug|Any CPU.ActiveCfg = Debug|Any CPU
		{403D412C-27FB-49D2-961B-EC7C9F0818AD}.Debug|Any CPU.Build.0 = Debug|Any CPU
		{403D412C-27FB-49D2-961B-EC7C9F0818AD}.Release|Any CPU.ActiveCfg = Release|Any CPU
		{403D412C-27FB-49D2-961B-EC7C9F0818AD}.Release|Any CPU.Build.0 = Release|Any CPU
		{01CD429A-10EC-4967-8CF8-DAC5845E37FC}.Debug|Any CPU.ActiveCfg = Debug|Any CPU
		{01CD429A-10EC-4967-8CF8-DAC5845E37FC}.Debug|Any CPU.Build.0 = Debug|Any CPU
		{01CD429A-10EC-4967-8CF8-DAC5845E37FC}.Release|Any CPU.ActiveCfg = Release|Any CPU
		{01CD429A-10EC-4967-8CF8-DAC5845E37FC}.Release|Any CPU.Build.0 = Release|Any CPU
		{6F1122E8-6B37-46F8-B728-65F80094B105}.Debug|Any CPU.ActiveCfg = Debug|Any CPU
		{6F1122E8-6B37-46F8-B728-65F80094B105}.Debug|Any CPU.Build.0 = Debug|Any CPU
		{6F1122E8-6B37-46F8-B728-65F80094B105}.Release|Any CPU.ActiveCfg = Release|Any CPU
		{6F1122E8-6B37-46F8-B728-65F80094B105}.Release|Any CPU.Build.0 = Release|Any CPU
		{5DE010F5-4E42-4FC9-8E49-018BE234A18B}.Debug|Any CPU.ActiveCfg = Debug|Any CPU
		{5DE010F5-4E42-4FC9-8E49-018BE234A18B}.Debug|Any CPU.Build.0 = Debug|Any CPU
		{5DE010F5-4E42-4FC9-8E49-018BE234A18B}.Release|Any CPU.ActiveCfg = Release|Any CPU
		{5DE010F5-4E42-4FC9-8E49-018BE234A18B}.Release|Any CPU.Build.0 = Release|Any CPU
		{69447ECB-5856-47DC-8C25-B0D9F4BAC9AF}.Debug|Any CPU.ActiveCfg = Debug|Any CPU
		{69447ECB-5856-47DC-8C25-B0D9F4BAC9AF}.Debug|Any CPU.Build.0 = Debug|Any CPU
		{69447ECB-5856-47DC-8C25-B0D9F4BAC9AF}.Release|Any CPU.ActiveCfg = Release|Any CPU
		{69447ECB-5856-47DC-8C25-B0D9F4BAC9AF}.Release|Any CPU.Build.0 = Release|Any CPU
		{F8767379-4858-4A40-89BB-6C45D934ABE2}.Debug|Any CPU.ActiveCfg = Debug|Any CPU
		{F8767379-4858-4A40-89BB-6C45D934ABE2}.Debug|Any CPU.Build.0 = Debug|Any CPU
		{F8767379-4858-4A40-89BB-6C45D934ABE2}.Release|Any CPU.ActiveCfg = Release|Any CPU
		{F8767379-4858-4A40-89BB-6C45D934ABE2}.Release|Any CPU.Build.0 = Release|Any CPU
		{477E66ED-541F-4A83-8D01-AB877595FE27}.Debug|Any CPU.ActiveCfg = Debug|Any CPU
		{477E66ED-541F-4A83-8D01-AB877595FE27}.Debug|Any CPU.Build.0 = Debug|Any CPU
		{477E66ED-541F-4A83-8D01-AB877595FE27}.Release|Any CPU.ActiveCfg = Release|Any CPU
		{477E66ED-541F-4A83-8D01-AB877595FE27}.Release|Any CPU.Build.0 = Release|Any CPU
		{089D8728-5999-4010-8C52-FEF036B18591}.Debug|Any CPU.ActiveCfg = Debug|Any CPU
		{089D8728-5999-4010-8C52-FEF036B18591}.Debug|Any CPU.Build.0 = Debug|Any CPU
		{089D8728-5999-4010-8C52-FEF036B18591}.Release|Any CPU.ActiveCfg = Release|Any CPU
		{089D8728-5999-4010-8C52-FEF036B18591}.Release|Any CPU.Build.0 = Release|Any CPU
		{2A2E0C13-C522-4F64-8ECD-A109B00DDE36}.Debug|Any CPU.ActiveCfg = Debug|Any CPU
		{2A2E0C13-C522-4F64-8ECD-A109B00DDE36}.Debug|Any CPU.Build.0 = Debug|Any CPU
		{2A2E0C13-C522-4F64-8ECD-A109B00DDE36}.Release|Any CPU.ActiveCfg = Release|Any CPU
		{2A2E0C13-C522-4F64-8ECD-A109B00DDE36}.Release|Any CPU.Build.0 = Release|Any CPU
		{09A189C0-92FB-40F6-BEE0-36C2C748484A}.Debug|Any CPU.ActiveCfg = Debug|Any CPU
		{09A189C0-92FB-40F6-BEE0-36C2C748484A}.Debug|Any CPU.Build.0 = Debug|Any CPU
		{09A189C0-92FB-40F6-BEE0-36C2C748484A}.Release|Any CPU.ActiveCfg = Release|Any CPU
		{09A189C0-92FB-40F6-BEE0-36C2C748484A}.Release|Any CPU.Build.0 = Release|Any CPU
		{CFA8B7F4-2605-49C2-B70F-901CF124DD8B}.Debug|Any CPU.ActiveCfg = Debug|Any CPU
		{CFA8B7F4-2605-49C2-B70F-901CF124DD8B}.Debug|Any CPU.Build.0 = Debug|Any CPU
		{CFA8B7F4-2605-49C2-B70F-901CF124DD8B}.Release|Any CPU.ActiveCfg = Release|Any CPU
		{CFA8B7F4-2605-49C2-B70F-901CF124DD8B}.Release|Any CPU.Build.0 = Release|Any CPU
		{DCD65A6E-D90D-4931-8301-B1A5FAEE206F}.Debug|Any CPU.ActiveCfg = Debug|Any CPU
		{DCD65A6E-D90D-4931-8301-B1A5FAEE206F}.Debug|Any CPU.Build.0 = Debug|Any CPU
		{DCD65A6E-D90D-4931-8301-B1A5FAEE206F}.Release|Any CPU.ActiveCfg = Release|Any CPU
		{DCD65A6E-D90D-4931-8301-B1A5FAEE206F}.Release|Any CPU.Build.0 = Release|Any CPU
		{B3F2A1EC-E631-4292-8AF6-3DABDEAAED29}.Debug|Any CPU.ActiveCfg = Debug|Any CPU
		{B3F2A1EC-E631-4292-8AF6-3DABDEAAED29}.Debug|Any CPU.Build.0 = Debug|Any CPU
		{B3F2A1EC-E631-4292-8AF6-3DABDEAAED29}.Release|Any CPU.ActiveCfg = Release|Any CPU
		{B3F2A1EC-E631-4292-8AF6-3DABDEAAED29}.Release|Any CPU.Build.0 = Release|Any CPU
	EndGlobalSection
	GlobalSection(SolutionProperties) = preSolution
		HideSolutionNode = FALSE
	EndGlobalSection
EndGlobal
