
Microsoft Visual Studio Solution File, Format Version 12.00
# Visual Studio 2013
VisualStudioVersion = 12.0.30501.0
MinimumVisualStudioVersion = 10.0.40219.1
Project("{FAE04EC0-301F-11D3-BF4B-00C04F79EFBC}") = "002", "002\002.csproj", "{D07A3E3B-20DF-4E4A-80E9-8FE55BF0C7F0}"
EndProject
Project("{FAE04EC0-301F-11D3-BF4B-00C04F79EFBC}") = "001", "001\001.csproj", "{E6D466CF-A5B7-4685-9229-392DBB936F22}"
EndProject
Project("{FAE04EC0-301F-11D3-BF4B-00C04F79EFBC}") = "003-变量命名规范", "003-变量命名规范\003-变量命名规范.csproj", "{B5E798DB-FA25-49A9-96A8-F53B77CEA1DE}"
EndProject
Project("{FAE04EC0-301F-11D3-BF4B-00C04F79EFBC}") = "004", "004\004.csproj", "{FA6122C3-54C0-405E-B2D8-9A5AC4C8CA12}"
EndProject
Project("{FAE04EC0-301F-11D3-BF4B-00C04F79EFBC}") = "005-子窗体嵌入", "005-子窗体嵌入\005-子窗体嵌入.csproj", "{384F3C1B-73C3-40A9-9F17-B81F7E1747A4}"
EndProject
Project("{FAE04EC0-301F-11D3-BF4B-00C04F79EFBC}") = "006-子窗体嵌入2", "006-子窗体嵌入2\006-子窗体嵌入2.csproj", "{14AF0FA6-70D4-4E6F-A81C-74336144A20B}"
EndProject
Project("{FAE04EC0-301F-11D3-BF4B-00C04F79EFBC}") = "007-MDI窗体", "007-MDI窗体\007-MDI窗体.csproj", "{E993149C-C7D1-406C-B4EF-6D7C4C7C1281}"
EndProject
Project("{FAE04EC0-301F-11D3-BF4B-00C04F79EFBC}") = "008-变量交换", "008-变量交换\008-变量交换.csproj", "{98F02D4B-C9CE-4EF7-BE13-D1C63E55B6C1}"
EndProject
Project("{F184B08F-C81C-45F6-A57F-5ABD9991F28F}") = "008-接收用户输入", "008-接收用户输入\008-接收用户输入.vbproj", "{92A2D452-1C36-4E74-A9E0-8154C9DFEED2}"
EndProject
Project("{FAE04EC0-301F-11D3-BF4B-00C04F79EFBC}") = "008-接收用户输入2", "008-接收用户输入2\008-接收用户输入2.csproj", "{03CB86E7-6F6E-4B39-B62C-7A805B7DE22D}"
EndProject
Project("{FAE04EC0-301F-11D3-BF4B-00C04F79EFBC}") = "009-转义符", "009-转义符\009-转义符.csproj", "{87C7CBD6-9D83-492D-8EB3-D0034AFC4E0B}"
EndProject
Project("{FAE04EC0-301F-11D3-BF4B-00C04F79EFBC}") = "010-数学运算符", "010-数学运算符\010-数学运算符.csproj", "{D1BB5734-6CB9-4BEA-9DB0-3124847B29F9}"
EndProject
Project("{FAE04EC0-301F-11D3-BF4B-00C04F79EFBC}") = "011-convert转化", "011-convert转化\011-convert转化.csproj", "{B54D8A7E-BE72-43C3-B2CE-B9863B0B2D04}"
EndProject
Project("{FAE04EC0-301F-11D3-BF4B-00C04F79EFBC}") = "012-++--", "012-++--\012-++--.csproj", "{A805A592-966A-481B-86F0-74706C80912B}"
EndProject
Project("{FAE04EC0-301F-11D3-BF4B-00C04F79EFBC}") = "013-关系运算符和逻辑运算符", "013-关系运算符和逻辑运算符\013-关系运算符和逻辑运算符.csproj", "{83D77DD9-A82B-4463-92D7-7B232A8138EB}"
EndProject
Project("{FAE04EC0-301F-11D3-BF4B-00C04F79EFBC}") = "014-if结构", "014-if结构\014-if结构.csproj", "{B3251DCA-70D9-40C9-B2C9-84B61EF13775}"
EndProject
Project("{FAE04EC0-301F-11D3-BF4B-00C04F79EFBC}") = "015-异常捕获", "015-异常捕获\015-异常捕获.csproj", "{AC669C2D-1033-4EEF-B230-B2C1F71648BD}"
EndProject
Project("{FAE04EC0-301F-11D3-BF4B-00C04F79EFBC}") = "016-switch-case", "016-switch-case\016-switch-case.csproj", "{F09156B4-1B46-412B-985B-5EDABEB4C195}"
EndProject
Project("{FAE04EC0-301F-11D3-BF4B-00C04F79EFBC}") = "017-while循环", "017-while循环\017-while循环.csproj", "{13BF6076-9F6A-4049-9F0F-64BDF8F96401}"
EndProject
Project("{FAE04EC0-301F-11D3-BF4B-00C04F79EFBC}") = "018-break关键字的用法", "018-break关键字的用法\018-break关键字的用法.csproj", "{E61C6A98-C2A4-4934-B962-1A545EDCCDAF}"
EndProject
Project("{FAE04EC0-301F-11D3-BF4B-00C04F79EFBC}") = "019-do-while循环", "019-do-while循环\019-do-while循环.csproj", "{33510DB6-5730-49E0-B570-676260860E92}"
EndProject
Project("{FAE04EC0-301F-11D3-BF4B-00C04F79EFBC}") = "020-断点调试", "020-断点调试\020-断点调试.csproj", "{AD210AD2-0260-4564-964B-E7F91E19E67D}"
EndProject
Project("{FAE04EC0-301F-11D3-BF4B-00C04F79EFBC}") = "021-for循环", "021-for循环\021-for循环.csproj", "{30208DC0-2D46-41B7-8B15-E7D3C4C53674}"
EndProject
Project("{FAE04EC0-301F-11D3-BF4B-00C04F79EFBC}") = "022-continue和质数", "022-continue和质数\022-continue和质数.csproj", "{D9D6F70D-B4EB-47D5-8C6E-692659208A6F}"
EndProject
Project("{FAE04EC0-301F-11D3-BF4B-00C04F79EFBC}") = "023-三元表达式", "023-三元表达式\023-三元表达式.csproj", "{365D1687-83B8-4483-AC2A-A056EF9012BE}"
EndProject
Project("{FAE04EC0-301F-11D3-BF4B-00C04F79EFBC}") = "024-常量", "024-常量\024-常量.csproj", "{3BDA0DBC-C1E3-4172-BD09-32AFA84F929A}"
EndProject
Project("{FAE04EC0-301F-11D3-BF4B-00C04F79EFBC}") = "025-枚举", "025-枚举\025-枚举.csproj", "{924869B3-6ECB-40B8-BDF2-C91FF9EF0A43}"
EndProject
Project("{FAE04EC0-301F-11D3-BF4B-00C04F79EFBC}") = "026-结构", "026-结构\026-结构.csproj", "{FAB93A86-9F5E-46DE-8699-012FB5AE72C3}"
EndProject
Project("{FAE04EC0-301F-11D3-BF4B-00C04F79EFBC}") = "027-数组", "027-数组\027-数组.csproj", "{D6A583A8-3AB5-4187-B67F-DC7D2289AEE8}"
EndProject
Project("{FAE04EC0-301F-11D3-BF4B-00C04F79EFBC}") = "028-方法（函数）", "028-方法（函数）\028-方法（函数）.csproj", "{36BBD591-2424-4B24-93BF-77C064BF78D1}"
EndProject
Project("{FAE04EC0-301F-11D3-BF4B-00C04F79EFBC}") = "029-方法out参数", "029-方法out参数\029-方法out参数.csproj", "{4B69623E-11F6-4233-B5B1-E1C6EE1B2BF9}"
EndProject
Project("{FAE04EC0-301F-11D3-BF4B-00C04F79EFBC}") = "030-方法ref参数", "030-方法ref参数\030-方法ref参数.csproj", "{E172C20F-C809-4CB3-8576-CB0B409E2CE5}"
EndProject
Project("{FAE04EC0-301F-11D3-BF4B-00C04F79EFBC}") = "031-方法params参数", "031-方法params参数\031-方法params参数.csproj", "{AB787FE0-7458-43F8-A82D-3F0DA01B9893}"
EndProject
Project("{FAE04EC0-301F-11D3-BF4B-00C04F79EFBC}") = "032-方法的重载", "032-方法的重载\032-方法的重载.csproj", "{3B4D732C-D32F-4A83-9675-9D8FD600ACC4}"
EndProject
Project("{FAE04EC0-301F-11D3-BF4B-00C04F79EFBC}") = "033-方法的递归", "033-方法的递归\033-方法的递归.csproj", "{5A80EF21-7A6E-48C2-A3E1-F482A8C83005}"
EndProject
Project("{FAE04EC0-301F-11D3-BF4B-00C04F79EFBC}") = "034-方法练习", "034-方法练习\034-方法练习.csproj", "{7BF89A7D-4301-4D77-88D1-5A9E6873426A}"
EndProject
Project("{FAE04EC0-301F-11D3-BF4B-00C04F79EFBC}") = "035-方法练习2", "035-方法练习2\035-方法练习2.csproj", "{98AA3DEA-B27F-406B-BE1F-1F881469052B}"
EndProject
Project("{FAE04EC0-301F-11D3-BF4B-00C04F79EFBC}") = "036-飞行棋项目", "036-飞行棋项目\036-飞行棋项目.csproj", "{26BBA588-9DA3-4A39-841F-4DF833001FEC}"
EndProject
Project("{FAE04EC0-301F-11D3-BF4B-00C04F79EFBC}") = "037-面向对象", "037-面向对象\037-面向对象.csproj", "{C745CDFC-121A-43FE-8B33-332B2C6BF504}"
EndProject
Project("{FAE04EC0-301F-11D3-BF4B-00C04F79EFBC}") = "038-静态和非静态区别", "038-静态和非静态区别\038-静态和非静态区别.csproj", "{53C78B36-3438-4251-80FB-49F5EB6986E5}"
EndProject
Project("{FAE04EC0-301F-11D3-BF4B-00C04F79EFBC}") = "039-面向对象练习", "039-面向对象练习\039-面向对象练习.csproj", "{550DE72B-E4BA-49CD-AE7F-BF15DF4FC5E0}"
EndProject
Project("{FAE04EC0-301F-11D3-BF4B-00C04F79EFBC}") = "040-面向对象练习2", "040-面向对象练习2\040-面向对象练习2.csproj", "{11A54958-8E85-447C-AE6C-B9B03DE3740C}"
EndProject
Project("{FAE04EC0-301F-11D3-BF4B-00C04F79EFBC}") = "041-命名空间", "041-命名空间\041-命名空间.csproj", "{0761D9C8-9F93-45B1-8BE4-3EB209FDB046}"
EndProject
Project("{FAE04EC0-301F-11D3-BF4B-00C04F79EFBC}") = "042-值类型和引用类型", "042-值类型和引用类型\042-值类型和引用类型.csproj", "{AED08A64-45C1-4232-AC25-7929CBF39C49}"
EndProject
Project("{FAE04EC0-301F-11D3-BF4B-00C04F79EFBC}") = "043-字符串", "043-字符串\043-字符串.csproj", "{0D18BF9F-B9E5-488D-85F2-1EBF633C9458}"
EndProject
Project("{FAE04EC0-301F-11D3-BF4B-00C04F79EFBC}") = "044-StringBuilder", "044-StringBuilder\044-StringBuilder.csproj", "{7690F7DB-5BEF-4409-AAC8-C2AF0E1D1F74}"
EndProject
Project("{FAE04EC0-301F-11D3-BF4B-00C04F79EFBC}") = "045-字符串的各种方法", "045-字符串的各种方法\045-字符串的各种方法.csproj", "{AF5BA7C7-DFEF-45C6-B69B-D4B7273264BA}"
EndProject
Project("{FAE04EC0-301F-11D3-BF4B-00C04F79EFBC}") = "046-字符串的练习", "046-字符串的练习\046-字符串的练习.csproj", "{C2968F07-1D77-4B9B-9F49-690BA7CDC51A}"
EndProject
Project("{FAE04EC0-301F-11D3-BF4B-00C04F79EFBC}") = "047-继承", "047-继承\047-继承.csproj", "{AEEF5F7D-38C6-40AD-8D43-28CD55F56635}"
EndProject
Project("{FAE04EC0-301F-11D3-BF4B-00C04F79EFBC}") = "048-继承练习", "048-继承练习\048-继承练习.csproj", "{E140F7F6-FD2B-4D57-900B-22FD14D3E1D5}"
EndProject
Project("{FAE04EC0-301F-11D3-BF4B-00C04F79EFBC}") = "049-里氏转换", "049-里氏转换\049-里氏转换.csproj", "{7FA0C2A0-198B-487F-86DD-DF1934D236AE}"
EndProject
Project("{FAE04EC0-301F-11D3-BF4B-00C04F79EFBC}") = "050-里氏转换练习", "050-里氏转换练习\050-里氏转换练习.csproj", "{5B2B607A-E969-49F7-8081-E29FD783DADD}"
EndProject
Project("{FAE04EC0-301F-11D3-BF4B-00C04F79EFBC}") = "051-protect访问修饰符", "051-protect访问修饰符\051-protect访问修饰符.csproj", "{49CB6EE0-E207-41AB-9A69-DCC82AC44963}"
EndProject
Project("{FAE04EC0-301F-11D3-BF4B-00C04F79EFBC}") = "052-ArraylList集合", "052-ArraylList集合\052-ArraylList集合.csproj", "{FCD7E932-BF9F-4843-9AF1-BBAC4A7C0DD8}"
EndProject
Project("{FAE04EC0-301F-11D3-BF4B-00C04F79EFBC}") = "053-ToString的问题", "053-ToString的问题\053-ToString的问题.csproj", "{ABB0E6A6-0A28-47BE-B215-50C671D51A05}"
EndProject
Project("{FAE04EC0-301F-11D3-BF4B-00C04F79EFBC}") = "054-ArrayList各种方法", "054-ArrayList各种方法\054-ArrayList各种方法.csproj", "{699A0039-97DB-43CA-93A9-D96F2A22AFDC}"
EndProject
Project("{FAE04EC0-301F-11D3-BF4B-00C04F79EFBC}") = "055-ArrayList集合长度的问题", "055-ArrayList集合长度的问题\055-ArrayList集合长度的问题.csproj", "{73AF567D-D062-4F02-88EE-477CF336099F}"
EndProject
Project("{FAE04EC0-301F-11D3-BF4B-00C04F79EFBC}") = "056-集合练习", "056-集合练习\056-集合练习.csproj", "{41ECF77B-D07D-4AEF-84BA-1393C2296D3B}"
EndProject
Project("{FAE04EC0-301F-11D3-BF4B-00C04F79EFBC}") = "057-HashTable集合", "057-HashTable集合\057-HashTable集合.csproj", "{F1D8BB95-3F35-4D74-BEF4-16CBAB91A70E}"
EndProject
Project("{FAE04EC0-301F-11D3-BF4B-00C04F79EFBC}") = "058-var类型", "058-var类型\058-var类型.csproj", "{E68C1BBE-685D-489B-ADDA-85059A71DE30}"
EndProject
Project("{FAE04EC0-301F-11D3-BF4B-00C04F79EFBC}") = "059-foreach循环", "059-foreach循环\059-foreach循环.csproj", "{5CD691E8-5FA5-4626-86A2-4CCF0EF4C14C}"
EndProject
Project("{FAE04EC0-301F-11D3-BF4B-00C04F79EFBC}") = "060-简繁转换", "060-简繁转换\060-简繁转换.csproj", "{BCC5AABE-AE18-4024-8DF6-DE0EE8D1B5C0}"
EndProject
Project("{FAE04EC0-301F-11D3-BF4B-00C04F79EFBC}") = "061-Path类", "061-Path类\061-Path类.csproj", "{244DE9D1-51C2-47BD-A8AF-883AFCA7BA2E}"
EndProject
Project("{FAE04EC0-301F-11D3-BF4B-00C04F79EFBC}") = "062-File类", "062-File类\062-File类.csproj", "{3C867039-4CFA-4840-938D-771A8F4CE8C0}"
EndProject
Project("{FAE04EC0-301F-11D3-BF4B-00C04F79EFBC}") = "063-File操作", "063-File操作\063-File操作.csproj", "{682AE93A-935D-4905-8F97-64E8EB0AB7FE}"
EndProject
Project("{FAE04EC0-301F-11D3-BF4B-00C04F79EFBC}") = "064-List泛型集合", "064-List泛型集合\064-List泛型集合.csproj", "{045C44FC-5587-4EE1-B302-36F336E47B8D}"
EndProject
Project("{FAE04EC0-301F-11D3-BF4B-00C04F79EFBC}") = "065-装箱和拆箱", "065-装箱和拆箱\065-装箱和拆箱.csproj", "{C2FED90B-B31D-4BAB-8711-08E485756F49}"
EndProject
Project("{FAE04EC0-301F-11D3-BF4B-00C04F79EFBC}") = "066-字典集合", "066-字典集合\066-字典集合.csproj", "{474D27FF-542C-4DA6-BA7D-2EF91D6B6E83}"
EndProject
Project("{FAE04EC0-301F-11D3-BF4B-00C04F79EFBC}") = "067-泛型集合练习", "067-泛型集合练习\067-泛型集合练习.csproj", "{069DFA76-48DB-40EA-A408-BDA24DCD35CA}"
EndProject
Project("{FAE04EC0-301F-11D3-BF4B-00C04F79EFBC}") = "068-FileStream", "068-FileStream\068-FileStream.csproj", "{3499AC58-20B5-42E2-8B7C-5E423DE8E562}"
EndProject
Project("{FAE04EC0-301F-11D3-BF4B-00C04F79EFBC}") = "069-使用文件流来实现多媒体文件的复制", "069-使用文件流来实现多媒体文件的复制\069-使用文件流来实现多媒体文件的复制.csproj", "{F6BDA9A5-2FFD-40F4-BBF4-431724832873}"
EndProject
Project("{FAE04EC0-301F-11D3-BF4B-00C04F79EFBC}") = "070-StreamReader And StreamWriter", "070-StreamReader And StreamWriter\070-StreamReader And StreamWriter.csproj", "{1C5DA457-869D-4FF2-8E36-F26758767132}"
EndProject
Project("{FAE04EC0-301F-11D3-BF4B-00C04F79EFBC}") = "071-多态", "071-多态\071-多态.csproj", "{E22B36F9-A55E-40BF-8484-6965BFE960CC}"
EndProject
Project("{FAE04EC0-301F-11D3-BF4B-00C04F79EFBC}") = "072-多态练习", "072-多态练习\072-多态练习.csproj", "{46AD40BE-DCA4-4643-AC58-C96FB865646D}"
EndProject
Project("{FAE04EC0-301F-11D3-BF4B-00C04F79EFBC}") = "073-抽象类", "073-抽象类\073-抽象类.csproj", "{E07D45CE-97FC-4179-863B-CC309B013A78}"
EndProject
Project("{FAE04EC0-301F-11D3-BF4B-00C04F79EFBC}") = "074-模拟电脑、移动硬盘、U盘、MP3", "074-模拟电脑、移动硬盘、U盘、MP3\074-模拟电脑、移动硬盘、U盘、MP3.csproj", "{441BC7AE-498D-467F-B80D-EE0DB8E6CC62}"
EndProject
Project("{FAE04EC0-301F-11D3-BF4B-00C04F79EFBC}") = "075-CSharp中的各种访问修饰符", "075-CSharp中的各种访问修饰符\075-CSharp中的各种访问修饰符.csproj", "{C8AB689E-DDD9-4092-B486-93C92F9FD1BD}"
EndProject
Project("{FAE04EC0-301F-11D3-BF4B-00C04F79EFBC}") = "076-简单工厂设计模式", "076-简单工厂设计模式\076-简单工厂设计模式.csproj", "{AE96CDEC-F875-4291-8836-E5CFF9D540A8}"
EndProject
Project("{FAE04EC0-301F-11D3-BF4B-00C04F79EFBC}") = "077-值传递和引用传递", "077-值传递和引用传递\077-值传递和引用传递.csproj", "{E707F0CA-C3E0-42A7-BF27-486AD34A555D}"
EndProject
Project("{FAE04EC0-301F-11D3-BF4B-00C04F79EFBC}") = "078-序列化和反序列化", "078-序列化和反序列化\078-序列化和反序列化.csproj", "{31C7D2A0-819E-4E4B-919A-778AD54BC6B0}"
EndProject
Project("{FAE04EC0-301F-11D3-BF4B-00C04F79EFBC}") = "079-部分类", "079-部分类\079-部分类.csproj", "{D177A7CA-55DB-4458-840E-840A1A047390}"
EndProject
Project("{FAE04EC0-301F-11D3-BF4B-00C04F79EFBC}") = "080-密封类", "080-密封类\080-密封类.csproj", "{D370B04E-1163-4013-9A07-4E9C0975C83F}"
EndProject
Project("{FAE04EC0-301F-11D3-BF4B-00C04F79EFBC}") = "081-重写ToString()方法", "081-重写ToString()方法\081-重写ToString()方法.csproj", "{1D336790-9065-484C-B747-981DC0F39F9E}"
EndProject
Project("{FAE04EC0-301F-11D3-BF4B-00C04F79EFBC}") = "082-接口", "082-接口\082-接口.csproj", "{3916D9A5-94CA-4F03-8DF2-732531B507AD}"
EndProject
Project("{FAE04EC0-301F-11D3-BF4B-00C04F79EFBC}") = "083-接口的语法特征", "083-接口的语法特征\083-接口的语法特征.csproj", "{241D4631-70F0-4F5E-B2A9-DB95A2834A39}"
EndProject
Project("{FAE04EC0-301F-11D3-BF4B-00C04F79EFBC}") = "084-接口特点", "084-接口特点\084-接口特点.csproj", "{0AA165C6-A9EB-4808-8B2F-97F05B5BB40A}"
EndProject
Project("{FAE04EC0-301F-11D3-BF4B-00C04F79EFBC}") = "085-接口练习", "085-接口练习\085-接口练习.csproj", "{C0567ADB-DF24-470E-80E3-E17B7A0F41E3}"
EndProject
Project("{FAE04EC0-301F-11D3-BF4B-00C04F79EFBC}") = "086-显示实现接口", "086-显示实现接口\086-显示实现接口.csproj", "{9B8B80D9-859B-4D04-8E4F-9E36AB8454AF}"
EndProject
Project("{FAE04EC0-301F-11D3-BF4B-00C04F79EFBC}") = "087-面向对象总结", "087-面向对象总结\087-面向对象总结.csproj", "{90C65E13-3232-4B54-9D3A-766C4023300A}"
EndProject
Project("{FAE04EC0-301F-11D3-BF4B-00C04F79EFBC}") = "088-超市收银系统", "088-超市收银系统\088-超市收银系统.csproj", "{B31D05B9-7AF2-4E49-811D-3E66DA56840B}"
EndProject
Project("{FAE04EC0-301F-11D3-BF4B-00C04F79EFBC}") = "089-GUID", "089-GUID\089-GUID.csproj", "{AEE0E1D4-AD3A-466D-A202-E5B427920E8B}"
EndProject
Project("{FAE04EC0-301F-11D3-BF4B-00C04F79EFBC}") = "090-MD5加密", "090-MD5加密\090-MD5加密.csproj", "{E52FBA25-E552-40EE-8687-544456BB4DDF}"
EndProject
Project("{FAE04EC0-301F-11D3-BF4B-00C04F79EFBC}") = "091-XML", "091-XML\091-XML.csproj", "{4889B3EE-C474-4095-A4EE-E44F7CE3106A}"
EndProject
Project("{FAE04EC0-301F-11D3-BF4B-00C04F79EFBC}") = "092-创建带属性的XML文档", "092-创建带属性的XML文档\092-创建带属性的XML文档.csproj", "{283D98D2-5281-4EAA-9F3B-983E47823B18}"
EndProject
Project("{FAE04EC0-301F-11D3-BF4B-00C04F79EFBC}") = "093-追加xml", "093-追加xml\093-追加xml.csproj", "{284C1244-09DB-4155-99D6-D36062EB16D8}"
EndProject
Project("{FAE04EC0-301F-11D3-BF4B-00C04F79EFBC}") = "094-读取xml文档", "094-读取xml文档\094-读取xml文档.csproj", "{0815EA2C-4C23-4D4A-ACA7-6550C1F9FD65}"
EndProject
Global
	GlobalSection(SolutionConfigurationPlatforms) = preSolution
		Debug|Any CPU = Debug|Any CPU
		Release|Any CPU = Release|Any CPU
	EndGlobalSection
	GlobalSection(ProjectConfigurationPlatforms) = postSolution
		{D07A3E3B-20DF-4E4A-80E9-8FE55BF0C7F0}.Debug|Any CPU.ActiveCfg = Debug|Any CPU
		{D07A3E3B-20DF-4E4A-80E9-8FE55BF0C7F0}.Debug|Any CPU.Build.0 = Debug|Any CPU
		{D07A3E3B-20DF-4E4A-80E9-8FE55BF0C7F0}.Release|Any CPU.ActiveCfg = Release|Any CPU
		{D07A3E3B-20DF-4E4A-80E9-8FE55BF0C7F0}.Release|Any CPU.Build.0 = Release|Any CPU
		{E6D466CF-A5B7-4685-9229-392DBB936F22}.Debug|Any CPU.ActiveCfg = Debug|Any CPU
		{E6D466CF-A5B7-4685-9229-392DBB936F22}.Debug|Any CPU.Build.0 = Debug|Any CPU
		{E6D466CF-A5B7-4685-9229-392DBB936F22}.Release|Any CPU.ActiveCfg = Release|Any CPU
		{E6D466CF-A5B7-4685-9229-392DBB936F22}.Release|Any CPU.Build.0 = Release|Any CPU
		{B5E798DB-FA25-49A9-96A8-F53B77CEA1DE}.Debug|Any CPU.ActiveCfg = Debug|Any CPU
		{B5E798DB-FA25-49A9-96A8-F53B77CEA1DE}.Debug|Any CPU.Build.0 = Debug|Any CPU
		{B5E798DB-FA25-49A9-96A8-F53B77CEA1DE}.Release|Any CPU.ActiveCfg = Release|Any CPU
		{B5E798DB-FA25-49A9-96A8-F53B77CEA1DE}.Release|Any CPU.Build.0 = Release|Any CPU
		{FA6122C3-54C0-405E-B2D8-9A5AC4C8CA12}.Debug|Any CPU.ActiveCfg = Debug|Any CPU
		{FA6122C3-54C0-405E-B2D8-9A5AC4C8CA12}.Debug|Any CPU.Build.0 = Debug|Any CPU
		{FA6122C3-54C0-405E-B2D8-9A5AC4C8CA12}.Release|Any CPU.ActiveCfg = Release|Any CPU
		{FA6122C3-54C0-405E-B2D8-9A5AC4C8CA12}.Release|Any CPU.Build.0 = Release|Any CPU
		{384F3C1B-73C3-40A9-9F17-B81F7E1747A4}.Debug|Any CPU.ActiveCfg = Debug|Any CPU
		{384F3C1B-73C3-40A9-9F17-B81F7E1747A4}.Debug|Any CPU.Build.0 = Debug|Any CPU
		{384F3C1B-73C3-40A9-9F17-B81F7E1747A4}.Release|Any CPU.ActiveCfg = Release|Any CPU
		{384F3C1B-73C3-40A9-9F17-B81F7E1747A4}.Release|Any CPU.Build.0 = Release|Any CPU
		{14AF0FA6-70D4-4E6F-A81C-74336144A20B}.Debug|Any CPU.ActiveCfg = Debug|Any CPU
		{14AF0FA6-70D4-4E6F-A81C-74336144A20B}.Debug|Any CPU.Build.0 = Debug|Any CPU
		{14AF0FA6-70D4-4E6F-A81C-74336144A20B}.Release|Any CPU.ActiveCfg = Release|Any CPU
		{14AF0FA6-70D4-4E6F-A81C-74336144A20B}.Release|Any CPU.Build.0 = Release|Any CPU
		{E993149C-C7D1-406C-B4EF-6D7C4C7C1281}.Debug|Any CPU.ActiveCfg = Debug|Any CPU
		{E993149C-C7D1-406C-B4EF-6D7C4C7C1281}.Debug|Any CPU.Build.0 = Debug|Any CPU
		{E993149C-C7D1-406C-B4EF-6D7C4C7C1281}.Release|Any CPU.ActiveCfg = Release|Any CPU
		{E993149C-C7D1-406C-B4EF-6D7C4C7C1281}.Release|Any CPU.Build.0 = Release|Any CPU
		{98F02D4B-C9CE-4EF7-BE13-D1C63E55B6C1}.Debug|Any CPU.ActiveCfg = Debug|Any CPU
		{98F02D4B-C9CE-4EF7-BE13-D1C63E55B6C1}.Debug|Any CPU.Build.0 = Debug|Any CPU
		{98F02D4B-C9CE-4EF7-BE13-D1C63E55B6C1}.Release|Any CPU.ActiveCfg = Release|Any CPU
		{98F02D4B-C9CE-4EF7-BE13-D1C63E55B6C1}.Release|Any CPU.Build.0 = Release|Any CPU
		{92A2D452-1C36-4E74-A9E0-8154C9DFEED2}.Debug|Any CPU.ActiveCfg = Debug|Any CPU
		{92A2D452-1C36-4E74-A9E0-8154C9DFEED2}.Debug|Any CPU.Build.0 = Debug|Any CPU
		{92A2D452-1C36-4E74-A9E0-8154C9DFEED2}.Release|Any CPU.ActiveCfg = Release|Any CPU
		{92A2D452-1C36-4E74-A9E0-8154C9DFEED2}.Release|Any CPU.Build.0 = Release|Any CPU
		{03CB86E7-6F6E-4B39-B62C-7A805B7DE22D}.Debug|Any CPU.ActiveCfg = Debug|Any CPU
		{03CB86E7-6F6E-4B39-B62C-7A805B7DE22D}.Debug|Any CPU.Build.0 = Debug|Any CPU
		{03CB86E7-6F6E-4B39-B62C-7A805B7DE22D}.Release|Any CPU.ActiveCfg = Release|Any CPU
		{03CB86E7-6F6E-4B39-B62C-7A805B7DE22D}.Release|Any CPU.Build.0 = Release|Any CPU
		{87C7CBD6-9D83-492D-8EB3-D0034AFC4E0B}.Debug|Any CPU.ActiveCfg = Debug|Any CPU
		{87C7CBD6-9D83-492D-8EB3-D0034AFC4E0B}.Debug|Any CPU.Build.0 = Debug|Any CPU
		{87C7CBD6-9D83-492D-8EB3-D0034AFC4E0B}.Release|Any CPU.ActiveCfg = Release|Any CPU
		{87C7CBD6-9D83-492D-8EB3-D0034AFC4E0B}.Release|Any CPU.Build.0 = Release|Any CPU
		{D1BB5734-6CB9-4BEA-9DB0-3124847B29F9}.Debug|Any CPU.ActiveCfg = Debug|Any CPU
		{D1BB5734-6CB9-4BEA-9DB0-3124847B29F9}.Debug|Any CPU.Build.0 = Debug|Any CPU
		{D1BB5734-6CB9-4BEA-9DB0-3124847B29F9}.Release|Any CPU.ActiveCfg = Release|Any CPU
		{D1BB5734-6CB9-4BEA-9DB0-3124847B29F9}.Release|Any CPU.Build.0 = Release|Any CPU
		{B54D8A7E-BE72-43C3-B2CE-B9863B0B2D04}.Debug|Any CPU.ActiveCfg = Debug|Any CPU
		{B54D8A7E-BE72-43C3-B2CE-B9863B0B2D04}.Debug|Any CPU.Build.0 = Debug|Any CPU
		{B54D8A7E-BE72-43C3-B2CE-B9863B0B2D04}.Release|Any CPU.ActiveCfg = Release|Any CPU
		{B54D8A7E-BE72-43C3-B2CE-B9863B0B2D04}.Release|Any CPU.Build.0 = Release|Any CPU
		{A805A592-966A-481B-86F0-74706C80912B}.Debug|Any CPU.ActiveCfg = Debug|Any CPU
		{A805A592-966A-481B-86F0-74706C80912B}.Debug|Any CPU.Build.0 = Debug|Any CPU
		{A805A592-966A-481B-86F0-74706C80912B}.Release|Any CPU.ActiveCfg = Release|Any CPU
		{A805A592-966A-481B-86F0-74706C80912B}.Release|Any CPU.Build.0 = Release|Any CPU
		{83D77DD9-A82B-4463-92D7-7B232A8138EB}.Debug|Any CPU.ActiveCfg = Debug|Any CPU
		{83D77DD9-A82B-4463-92D7-7B232A8138EB}.Debug|Any CPU.Build.0 = Debug|Any CPU
		{83D77DD9-A82B-4463-92D7-7B232A8138EB}.Release|Any CPU.ActiveCfg = Release|Any CPU
		{83D77DD9-A82B-4463-92D7-7B232A8138EB}.Release|Any CPU.Build.0 = Release|Any CPU
		{B3251DCA-70D9-40C9-B2C9-84B61EF13775}.Debug|Any CPU.ActiveCfg = Debug|Any CPU
		{B3251DCA-70D9-40C9-B2C9-84B61EF13775}.Debug|Any CPU.Build.0 = Debug|Any CPU
		{B3251DCA-70D9-40C9-B2C9-84B61EF13775}.Release|Any CPU.ActiveCfg = Release|Any CPU
		{B3251DCA-70D9-40C9-B2C9-84B61EF13775}.Release|Any CPU.Build.0 = Release|Any CPU
		{AC669C2D-1033-4EEF-B230-B2C1F71648BD}.Debug|Any CPU.ActiveCfg = Debug|Any CPU
		{AC669C2D-1033-4EEF-B230-B2C1F71648BD}.Debug|Any CPU.Build.0 = Debug|Any CPU
		{AC669C2D-1033-4EEF-B230-B2C1F71648BD}.Release|Any CPU.ActiveCfg = Release|Any CPU
		{AC669C2D-1033-4EEF-B230-B2C1F71648BD}.Release|Any CPU.Build.0 = Release|Any CPU
		{F09156B4-1B46-412B-985B-5EDABEB4C195}.Debug|Any CPU.ActiveCfg = Debug|Any CPU
		{F09156B4-1B46-412B-985B-5EDABEB4C195}.Debug|Any CPU.Build.0 = Debug|Any CPU
		{F09156B4-1B46-412B-985B-5EDABEB4C195}.Release|Any CPU.ActiveCfg = Release|Any CPU
		{F09156B4-1B46-412B-985B-5EDABEB4C195}.Release|Any CPU.Build.0 = Release|Any CPU
		{13BF6076-9F6A-4049-9F0F-64BDF8F96401}.Debug|Any CPU.ActiveCfg = Debug|Any CPU
		{13BF6076-9F6A-4049-9F0F-64BDF8F96401}.Debug|Any CPU.Build.0 = Debug|Any CPU
		{13BF6076-9F6A-4049-9F0F-64BDF8F96401}.Release|Any CPU.ActiveCfg = Release|Any CPU
		{13BF6076-9F6A-4049-9F0F-64BDF8F96401}.Release|Any CPU.Build.0 = Release|Any CPU
		{E61C6A98-C2A4-4934-B962-1A545EDCCDAF}.Debug|Any CPU.ActiveCfg = Debug|Any CPU
		{E61C6A98-C2A4-4934-B962-1A545EDCCDAF}.Debug|Any CPU.Build.0 = Debug|Any CPU
		{E61C6A98-C2A4-4934-B962-1A545EDCCDAF}.Release|Any CPU.ActiveCfg = Release|Any CPU
		{E61C6A98-C2A4-4934-B962-1A545EDCCDAF}.Release|Any CPU.Build.0 = Release|Any CPU
		{33510DB6-5730-49E0-B570-676260860E92}.Debug|Any CPU.ActiveCfg = Debug|Any CPU
		{33510DB6-5730-49E0-B570-676260860E92}.Debug|Any CPU.Build.0 = Debug|Any CPU
		{33510DB6-5730-49E0-B570-676260860E92}.Release|Any CPU.ActiveCfg = Release|Any CPU
		{33510DB6-5730-49E0-B570-676260860E92}.Release|Any CPU.Build.0 = Release|Any CPU
		{AD210AD2-0260-4564-964B-E7F91E19E67D}.Debug|Any CPU.ActiveCfg = Debug|Any CPU
		{AD210AD2-0260-4564-964B-E7F91E19E67D}.Debug|Any CPU.Build.0 = Debug|Any CPU
		{AD210AD2-0260-4564-964B-E7F91E19E67D}.Release|Any CPU.ActiveCfg = Release|Any CPU
		{AD210AD2-0260-4564-964B-E7F91E19E67D}.Release|Any CPU.Build.0 = Release|Any CPU
		{30208DC0-2D46-41B7-8B15-E7D3C4C53674}.Debug|Any CPU.ActiveCfg = Debug|Any CPU
		{30208DC0-2D46-41B7-8B15-E7D3C4C53674}.Debug|Any CPU.Build.0 = Debug|Any CPU
		{30208DC0-2D46-41B7-8B15-E7D3C4C53674}.Release|Any CPU.ActiveCfg = Release|Any CPU
		{30208DC0-2D46-41B7-8B15-E7D3C4C53674}.Release|Any CPU.Build.0 = Release|Any CPU
		{D9D6F70D-B4EB-47D5-8C6E-692659208A6F}.Debug|Any CPU.ActiveCfg = Debug|Any CPU
		{D9D6F70D-B4EB-47D5-8C6E-692659208A6F}.Debug|Any CPU.Build.0 = Debug|Any CPU
		{D9D6F70D-B4EB-47D5-8C6E-692659208A6F}.Release|Any CPU.ActiveCfg = Release|Any CPU
		{D9D6F70D-B4EB-47D5-8C6E-692659208A6F}.Release|Any CPU.Build.0 = Release|Any CPU
		{365D1687-83B8-4483-AC2A-A056EF9012BE}.Debug|Any CPU.ActiveCfg = Debug|Any CPU
		{365D1687-83B8-4483-AC2A-A056EF9012BE}.Debug|Any CPU.Build.0 = Debug|Any CPU
		{365D1687-83B8-4483-AC2A-A056EF9012BE}.Release|Any CPU.ActiveCfg = Release|Any CPU
		{365D1687-83B8-4483-AC2A-A056EF9012BE}.Release|Any CPU.Build.0 = Release|Any CPU
		{3BDA0DBC-C1E3-4172-BD09-32AFA84F929A}.Debug|Any CPU.ActiveCfg = Debug|Any CPU
		{3BDA0DBC-C1E3-4172-BD09-32AFA84F929A}.Debug|Any CPU.Build.0 = Debug|Any CPU
		{3BDA0DBC-C1E3-4172-BD09-32AFA84F929A}.Release|Any CPU.ActiveCfg = Release|Any CPU
		{3BDA0DBC-C1E3-4172-BD09-32AFA84F929A}.Release|Any CPU.Build.0 = Release|Any CPU
		{924869B3-6ECB-40B8-BDF2-C91FF9EF0A43}.Debug|Any CPU.ActiveCfg = Debug|Any CPU
		{924869B3-6ECB-40B8-BDF2-C91FF9EF0A43}.Debug|Any CPU.Build.0 = Debug|Any CPU
		{924869B3-6ECB-40B8-BDF2-C91FF9EF0A43}.Release|Any CPU.ActiveCfg = Release|Any CPU
		{924869B3-6ECB-40B8-BDF2-C91FF9EF0A43}.Release|Any CPU.Build.0 = Release|Any CPU
		{FAB93A86-9F5E-46DE-8699-012FB5AE72C3}.Debug|Any CPU.ActiveCfg = Debug|Any CPU
		{FAB93A86-9F5E-46DE-8699-012FB5AE72C3}.Debug|Any CPU.Build.0 = Debug|Any CPU
		{FAB93A86-9F5E-46DE-8699-012FB5AE72C3}.Release|Any CPU.ActiveCfg = Release|Any CPU
		{FAB93A86-9F5E-46DE-8699-012FB5AE72C3}.Release|Any CPU.Build.0 = Release|Any CPU
		{D6A583A8-3AB5-4187-B67F-DC7D2289AEE8}.Debug|Any CPU.ActiveCfg = Debug|Any CPU
		{D6A583A8-3AB5-4187-B67F-DC7D2289AEE8}.Debug|Any CPU.Build.0 = Debug|Any CPU
		{D6A583A8-3AB5-4187-B67F-DC7D2289AEE8}.Release|Any CPU.ActiveCfg = Release|Any CPU
		{D6A583A8-3AB5-4187-B67F-DC7D2289AEE8}.Release|Any CPU.Build.0 = Release|Any CPU
		{36BBD591-2424-4B24-93BF-77C064BF78D1}.Debug|Any CPU.ActiveCfg = Debug|Any CPU
		{36BBD591-2424-4B24-93BF-77C064BF78D1}.Debug|Any CPU.Build.0 = Debug|Any CPU
		{36BBD591-2424-4B24-93BF-77C064BF78D1}.Release|Any CPU.ActiveCfg = Release|Any CPU
		{36BBD591-2424-4B24-93BF-77C064BF78D1}.Release|Any CPU.Build.0 = Release|Any CPU
		{4B69623E-11F6-4233-B5B1-E1C6EE1B2BF9}.Debug|Any CPU.ActiveCfg = Debug|Any CPU
		{4B69623E-11F6-4233-B5B1-E1C6EE1B2BF9}.Debug|Any CPU.Build.0 = Debug|Any CPU
		{4B69623E-11F6-4233-B5B1-E1C6EE1B2BF9}.Release|Any CPU.ActiveCfg = Release|Any CPU
		{4B69623E-11F6-4233-B5B1-E1C6EE1B2BF9}.Release|Any CPU.Build.0 = Release|Any CPU
		{E172C20F-C809-4CB3-8576-CB0B409E2CE5}.Debug|Any CPU.ActiveCfg = Debug|Any CPU
		{E172C20F-C809-4CB3-8576-CB0B409E2CE5}.Debug|Any CPU.Build.0 = Debug|Any CPU
		{E172C20F-C809-4CB3-8576-CB0B409E2CE5}.Release|Any CPU.ActiveCfg = Release|Any CPU
		{E172C20F-C809-4CB3-8576-CB0B409E2CE5}.Release|Any CPU.Build.0 = Release|Any CPU
		{AB787FE0-7458-43F8-A82D-3F0DA01B9893}.Debug|Any CPU.ActiveCfg = Debug|Any CPU
		{AB787FE0-7458-43F8-A82D-3F0DA01B9893}.Debug|Any CPU.Build.0 = Debug|Any CPU
		{AB787FE0-7458-43F8-A82D-3F0DA01B9893}.Release|Any CPU.ActiveCfg = Release|Any CPU
		{AB787FE0-7458-43F8-A82D-3F0DA01B9893}.Release|Any CPU.Build.0 = Release|Any CPU
		{3B4D732C-D32F-4A83-9675-9D8FD600ACC4}.Debug|Any CPU.ActiveCfg = Debug|Any CPU
		{3B4D732C-D32F-4A83-9675-9D8FD600ACC4}.Debug|Any CPU.Build.0 = Debug|Any CPU
		{3B4D732C-D32F-4A83-9675-9D8FD600ACC4}.Release|Any CPU.ActiveCfg = Release|Any CPU
		{3B4D732C-D32F-4A83-9675-9D8FD600ACC4}.Release|Any CPU.Build.0 = Release|Any CPU
		{5A80EF21-7A6E-48C2-A3E1-F482A8C83005}.Debug|Any CPU.ActiveCfg = Debug|Any CPU
		{5A80EF21-7A6E-48C2-A3E1-F482A8C83005}.Debug|Any CPU.Build.0 = Debug|Any CPU
		{5A80EF21-7A6E-48C2-A3E1-F482A8C83005}.Release|Any CPU.ActiveCfg = Release|Any CPU
		{5A80EF21-7A6E-48C2-A3E1-F482A8C83005}.Release|Any CPU.Build.0 = Release|Any CPU
		{7BF89A7D-4301-4D77-88D1-5A9E6873426A}.Debug|Any CPU.ActiveCfg = Debug|Any CPU
		{7BF89A7D-4301-4D77-88D1-5A9E6873426A}.Debug|Any CPU.Build.0 = Debug|Any CPU
		{7BF89A7D-4301-4D77-88D1-5A9E6873426A}.Release|Any CPU.ActiveCfg = Release|Any CPU
		{7BF89A7D-4301-4D77-88D1-5A9E6873426A}.Release|Any CPU.Build.0 = Release|Any CPU
		{98AA3DEA-B27F-406B-BE1F-1F881469052B}.Debug|Any CPU.ActiveCfg = Debug|Any CPU
		{98AA3DEA-B27F-406B-BE1F-1F881469052B}.Debug|Any CPU.Build.0 = Debug|Any CPU
		{98AA3DEA-B27F-406B-BE1F-1F881469052B}.Release|Any CPU.ActiveCfg = Release|Any CPU
		{98AA3DEA-B27F-406B-BE1F-1F881469052B}.Release|Any CPU.Build.0 = Release|Any CPU
		{26BBA588-9DA3-4A39-841F-4DF833001FEC}.Debug|Any CPU.ActiveCfg = Debug|Any CPU
		{26BBA588-9DA3-4A39-841F-4DF833001FEC}.Debug|Any CPU.Build.0 = Debug|Any CPU
		{26BBA588-9DA3-4A39-841F-4DF833001FEC}.Release|Any CPU.ActiveCfg = Release|Any CPU
		{26BBA588-9DA3-4A39-841F-4DF833001FEC}.Release|Any CPU.Build.0 = Release|Any CPU
		{C745CDFC-121A-43FE-8B33-332B2C6BF504}.Debug|Any CPU.ActiveCfg = Debug|Any CPU
		{C745CDFC-121A-43FE-8B33-332B2C6BF504}.Debug|Any CPU.Build.0 = Debug|Any CPU
		{C745CDFC-121A-43FE-8B33-332B2C6BF504}.Release|Any CPU.ActiveCfg = Release|Any CPU
		{C745CDFC-121A-43FE-8B33-332B2C6BF504}.Release|Any CPU.Build.0 = Release|Any CPU
		{53C78B36-3438-4251-80FB-49F5EB6986E5}.Debug|Any CPU.ActiveCfg = Debug|Any CPU
		{53C78B36-3438-4251-80FB-49F5EB6986E5}.Debug|Any CPU.Build.0 = Debug|Any CPU
		{53C78B36-3438-4251-80FB-49F5EB6986E5}.Release|Any CPU.ActiveCfg = Release|Any CPU
		{53C78B36-3438-4251-80FB-49F5EB6986E5}.Release|Any CPU.Build.0 = Release|Any CPU
		{550DE72B-E4BA-49CD-AE7F-BF15DF4FC5E0}.Debug|Any CPU.ActiveCfg = Debug|Any CPU
		{550DE72B-E4BA-49CD-AE7F-BF15DF4FC5E0}.Debug|Any CPU.Build.0 = Debug|Any CPU
		{550DE72B-E4BA-49CD-AE7F-BF15DF4FC5E0}.Release|Any CPU.ActiveCfg = Release|Any CPU
		{550DE72B-E4BA-49CD-AE7F-BF15DF4FC5E0}.Release|Any CPU.Build.0 = Release|Any CPU
		{11A54958-8E85-447C-AE6C-B9B03DE3740C}.Debug|Any CPU.ActiveCfg = Debug|Any CPU
		{11A54958-8E85-447C-AE6C-B9B03DE3740C}.Debug|Any CPU.Build.0 = Debug|Any CPU
		{11A54958-8E85-447C-AE6C-B9B03DE3740C}.Release|Any CPU.ActiveCfg = Release|Any CPU
		{11A54958-8E85-447C-AE6C-B9B03DE3740C}.Release|Any CPU.Build.0 = Release|Any CPU
		{0761D9C8-9F93-45B1-8BE4-3EB209FDB046}.Debug|Any CPU.ActiveCfg = Debug|Any CPU
		{0761D9C8-9F93-45B1-8BE4-3EB209FDB046}.Debug|Any CPU.Build.0 = Debug|Any CPU
		{0761D9C8-9F93-45B1-8BE4-3EB209FDB046}.Release|Any CPU.ActiveCfg = Release|Any CPU
		{0761D9C8-9F93-45B1-8BE4-3EB209FDB046}.Release|Any CPU.Build.0 = Release|Any CPU
		{AED08A64-45C1-4232-AC25-7929CBF39C49}.Debug|Any CPU.ActiveCfg = Debug|Any CPU
		{AED08A64-45C1-4232-AC25-7929CBF39C49}.Debug|Any CPU.Build.0 = Debug|Any CPU
		{AED08A64-45C1-4232-AC25-7929CBF39C49}.Release|Any CPU.ActiveCfg = Release|Any CPU
		{AED08A64-45C1-4232-AC25-7929CBF39C49}.Release|Any CPU.Build.0 = Release|Any CPU
		{0D18BF9F-B9E5-488D-85F2-1EBF633C9458}.Debug|Any CPU.ActiveCfg = Debug|Any CPU
		{0D18BF9F-B9E5-488D-85F2-1EBF633C9458}.Debug|Any CPU.Build.0 = Debug|Any CPU
		{0D18BF9F-B9E5-488D-85F2-1EBF633C9458}.Release|Any CPU.ActiveCfg = Release|Any CPU
		{0D18BF9F-B9E5-488D-85F2-1EBF633C9458}.Release|Any CPU.Build.0 = Release|Any CPU
		{7690F7DB-5BEF-4409-AAC8-C2AF0E1D1F74}.Debug|Any CPU.ActiveCfg = Debug|Any CPU
		{7690F7DB-5BEF-4409-AAC8-C2AF0E1D1F74}.Debug|Any CPU.Build.0 = Debug|Any CPU
		{7690F7DB-5BEF-4409-AAC8-C2AF0E1D1F74}.Release|Any CPU.ActiveCfg = Release|Any CPU
		{7690F7DB-5BEF-4409-AAC8-C2AF0E1D1F74}.Release|Any CPU.Build.0 = Release|Any CPU
		{AF5BA7C7-DFEF-45C6-B69B-D4B7273264BA}.Debug|Any CPU.ActiveCfg = Debug|Any CPU
		{AF5BA7C7-DFEF-45C6-B69B-D4B7273264BA}.Debug|Any CPU.Build.0 = Debug|Any CPU
		{AF5BA7C7-DFEF-45C6-B69B-D4B7273264BA}.Release|Any CPU.ActiveCfg = Release|Any CPU
		{AF5BA7C7-DFEF-45C6-B69B-D4B7273264BA}.Release|Any CPU.Build.0 = Release|Any CPU
		{C2968F07-1D77-4B9B-9F49-690BA7CDC51A}.Debug|Any CPU.ActiveCfg = Debug|Any CPU
		{C2968F07-1D77-4B9B-9F49-690BA7CDC51A}.Debug|Any CPU.Build.0 = Debug|Any CPU
		{C2968F07-1D77-4B9B-9F49-690BA7CDC51A}.Release|Any CPU.ActiveCfg = Release|Any CPU
		{C2968F07-1D77-4B9B-9F49-690BA7CDC51A}.Release|Any CPU.Build.0 = Release|Any CPU
		{AEEF5F7D-38C6-40AD-8D43-28CD55F56635}.Debug|Any CPU.ActiveCfg = Debug|Any CPU
		{AEEF5F7D-38C6-40AD-8D43-28CD55F56635}.Debug|Any CPU.Build.0 = Debug|Any CPU
		{AEEF5F7D-38C6-40AD-8D43-28CD55F56635}.Release|Any CPU.ActiveCfg = Release|Any CPU
		{AEEF5F7D-38C6-40AD-8D43-28CD55F56635}.Release|Any CPU.Build.0 = Release|Any CPU
		{E140F7F6-FD2B-4D57-900B-22FD14D3E1D5}.Debug|Any CPU.ActiveCfg = Debug|Any CPU
		{E140F7F6-FD2B-4D57-900B-22FD14D3E1D5}.Debug|Any CPU.Build.0 = Debug|Any CPU
		{E140F7F6-FD2B-4D57-900B-22FD14D3E1D5}.Release|Any CPU.ActiveCfg = Release|Any CPU
		{E140F7F6-FD2B-4D57-900B-22FD14D3E1D5}.Release|Any CPU.Build.0 = Release|Any CPU
		{7FA0C2A0-198B-487F-86DD-DF1934D236AE}.Debug|Any CPU.ActiveCfg = Debug|Any CPU
		{7FA0C2A0-198B-487F-86DD-DF1934D236AE}.Debug|Any CPU.Build.0 = Debug|Any CPU
		{7FA0C2A0-198B-487F-86DD-DF1934D236AE}.Release|Any CPU.ActiveCfg = Release|Any CPU
		{7FA0C2A0-198B-487F-86DD-DF1934D236AE}.Release|Any CPU.Build.0 = Release|Any CPU
		{5B2B607A-E969-49F7-8081-E29FD783DADD}.Debug|Any CPU.ActiveCfg = Debug|Any CPU
		{5B2B607A-E969-49F7-8081-E29FD783DADD}.Debug|Any CPU.Build.0 = Debug|Any CPU
		{5B2B607A-E969-49F7-8081-E29FD783DADD}.Release|Any CPU.ActiveCfg = Release|Any CPU
		{5B2B607A-E969-49F7-8081-E29FD783DADD}.Release|Any CPU.Build.0 = Release|Any CPU
		{49CB6EE0-E207-41AB-9A69-DCC82AC44963}.Debug|Any CPU.ActiveCfg = Debug|Any CPU
		{49CB6EE0-E207-41AB-9A69-DCC82AC44963}.Debug|Any CPU.Build.0 = Debug|Any CPU
		{49CB6EE0-E207-41AB-9A69-DCC82AC44963}.Release|Any CPU.ActiveCfg = Release|Any CPU
		{49CB6EE0-E207-41AB-9A69-DCC82AC44963}.Release|Any CPU.Build.0 = Release|Any CPU
		{FCD7E932-BF9F-4843-9AF1-BBAC4A7C0DD8}.Debug|Any CPU.ActiveCfg = Debug|Any CPU
		{FCD7E932-BF9F-4843-9AF1-BBAC4A7C0DD8}.Debug|Any CPU.Build.0 = Debug|Any CPU
		{FCD7E932-BF9F-4843-9AF1-BBAC4A7C0DD8}.Release|Any CPU.ActiveCfg = Release|Any CPU
		{FCD7E932-BF9F-4843-9AF1-BBAC4A7C0DD8}.Release|Any CPU.Build.0 = Release|Any CPU
		{ABB0E6A6-0A28-47BE-B215-50C671D51A05}.Debug|Any CPU.ActiveCfg = Debug|Any CPU
		{ABB0E6A6-0A28-47BE-B215-50C671D51A05}.Debug|Any CPU.Build.0 = Debug|Any CPU
		{ABB0E6A6-0A28-47BE-B215-50C671D51A05}.Release|Any CPU.ActiveCfg = Release|Any CPU
		{ABB0E6A6-0A28-47BE-B215-50C671D51A05}.Release|Any CPU.Build.0 = Release|Any CPU
		{699A0039-97DB-43CA-93A9-D96F2A22AFDC}.Debug|Any CPU.ActiveCfg = Debug|Any CPU
		{699A0039-97DB-43CA-93A9-D96F2A22AFDC}.Debug|Any CPU.Build.0 = Debug|Any CPU
		{699A0039-97DB-43CA-93A9-D96F2A22AFDC}.Release|Any CPU.ActiveCfg = Release|Any CPU
		{699A0039-97DB-43CA-93A9-D96F2A22AFDC}.Release|Any CPU.Build.0 = Release|Any CPU
		{73AF567D-D062-4F02-88EE-477CF336099F}.Debug|Any CPU.ActiveCfg = Debug|Any CPU
		{73AF567D-D062-4F02-88EE-477CF336099F}.Debug|Any CPU.Build.0 = Debug|Any CPU
		{73AF567D-D062-4F02-88EE-477CF336099F}.Release|Any CPU.ActiveCfg = Release|Any CPU
		{73AF567D-D062-4F02-88EE-477CF336099F}.Release|Any CPU.Build.0 = Release|Any CPU
		{41ECF77B-D07D-4AEF-84BA-1393C2296D3B}.Debug|Any CPU.ActiveCfg = Debug|Any CPU
		{41ECF77B-D07D-4AEF-84BA-1393C2296D3B}.Debug|Any CPU.Build.0 = Debug|Any CPU
		{41ECF77B-D07D-4AEF-84BA-1393C2296D3B}.Release|Any CPU.ActiveCfg = Release|Any CPU
		{41ECF77B-D07D-4AEF-84BA-1393C2296D3B}.Release|Any CPU.Build.0 = Release|Any CPU
		{F1D8BB95-3F35-4D74-BEF4-16CBAB91A70E}.Debug|Any CPU.ActiveCfg = Debug|Any CPU
		{F1D8BB95-3F35-4D74-BEF4-16CBAB91A70E}.Debug|Any CPU.Build.0 = Debug|Any CPU
		{F1D8BB95-3F35-4D74-BEF4-16CBAB91A70E}.Release|Any CPU.ActiveCfg = Release|Any CPU
		{F1D8BB95-3F35-4D74-BEF4-16CBAB91A70E}.Release|Any CPU.Build.0 = Release|Any CPU
		{E68C1BBE-685D-489B-ADDA-85059A71DE30}.Debug|Any CPU.ActiveCfg = Debug|Any CPU
		{E68C1BBE-685D-489B-ADDA-85059A71DE30}.Debug|Any CPU.Build.0 = Debug|Any CPU
		{E68C1BBE-685D-489B-ADDA-85059A71DE30}.Release|Any CPU.ActiveCfg = Release|Any CPU
		{E68C1BBE-685D-489B-ADDA-85059A71DE30}.Release|Any CPU.Build.0 = Release|Any CPU
		{5CD691E8-5FA5-4626-86A2-4CCF0EF4C14C}.Debug|Any CPU.ActiveCfg = Debug|Any CPU
		{5CD691E8-5FA5-4626-86A2-4CCF0EF4C14C}.Debug|Any CPU.Build.0 = Debug|Any CPU
		{5CD691E8-5FA5-4626-86A2-4CCF0EF4C14C}.Release|Any CPU.ActiveCfg = Release|Any CPU
		{5CD691E8-5FA5-4626-86A2-4CCF0EF4C14C}.Release|Any CPU.Build.0 = Release|Any CPU
		{BCC5AABE-AE18-4024-8DF6-DE0EE8D1B5C0}.Debug|Any CPU.ActiveCfg = Debug|Any CPU
		{BCC5AABE-AE18-4024-8DF6-DE0EE8D1B5C0}.Debug|Any CPU.Build.0 = Debug|Any CPU
		{BCC5AABE-AE18-4024-8DF6-DE0EE8D1B5C0}.Release|Any CPU.ActiveCfg = Release|Any CPU
		{BCC5AABE-AE18-4024-8DF6-DE0EE8D1B5C0}.Release|Any CPU.Build.0 = Release|Any CPU
		{244DE9D1-51C2-47BD-A8AF-883AFCA7BA2E}.Debug|Any CPU.ActiveCfg = Debug|Any CPU
		{244DE9D1-51C2-47BD-A8AF-883AFCA7BA2E}.Debug|Any CPU.Build.0 = Debug|Any CPU
		{244DE9D1-51C2-47BD-A8AF-883AFCA7BA2E}.Release|Any CPU.ActiveCfg = Release|Any CPU
		{244DE9D1-51C2-47BD-A8AF-883AFCA7BA2E}.Release|Any CPU.Build.0 = Release|Any CPU
		{3C867039-4CFA-4840-938D-771A8F4CE8C0}.Debug|Any CPU.ActiveCfg = Debug|Any CPU
		{3C867039-4CFA-4840-938D-771A8F4CE8C0}.Debug|Any CPU.Build.0 = Debug|Any CPU
		{3C867039-4CFA-4840-938D-771A8F4CE8C0}.Release|Any CPU.ActiveCfg = Release|Any CPU
		{3C867039-4CFA-4840-938D-771A8F4CE8C0}.Release|Any CPU.Build.0 = Release|Any CPU
		{682AE93A-935D-4905-8F97-64E8EB0AB7FE}.Debug|Any CPU.ActiveCfg = Debug|Any CPU
		{682AE93A-935D-4905-8F97-64E8EB0AB7FE}.Debug|Any CPU.Build.0 = Debug|Any CPU
		{682AE93A-935D-4905-8F97-64E8EB0AB7FE}.Release|Any CPU.ActiveCfg = Release|Any CPU
		{682AE93A-935D-4905-8F97-64E8EB0AB7FE}.Release|Any CPU.Build.0 = Release|Any CPU
		{045C44FC-5587-4EE1-B302-36F336E47B8D}.Debug|Any CPU.ActiveCfg = Debug|Any CPU
		{045C44FC-5587-4EE1-B302-36F336E47B8D}.Debug|Any CPU.Build.0 = Debug|Any CPU
		{045C44FC-5587-4EE1-B302-36F336E47B8D}.Release|Any CPU.ActiveCfg = Release|Any CPU
		{045C44FC-5587-4EE1-B302-36F336E47B8D}.Release|Any CPU.Build.0 = Release|Any CPU
		{C2FED90B-B31D-4BAB-8711-08E485756F49}.Debug|Any CPU.ActiveCfg = Debug|Any CPU
		{C2FED90B-B31D-4BAB-8711-08E485756F49}.Debug|Any CPU.Build.0 = Debug|Any CPU
		{C2FED90B-B31D-4BAB-8711-08E485756F49}.Release|Any CPU.ActiveCfg = Release|Any CPU
		{C2FED90B-B31D-4BAB-8711-08E485756F49}.Release|Any CPU.Build.0 = Release|Any CPU
		{474D27FF-542C-4DA6-BA7D-2EF91D6B6E83}.Debug|Any CPU.ActiveCfg = Debug|Any CPU
		{474D27FF-542C-4DA6-BA7D-2EF91D6B6E83}.Debug|Any CPU.Build.0 = Debug|Any CPU
		{474D27FF-542C-4DA6-BA7D-2EF91D6B6E83}.Release|Any CPU.ActiveCfg = Release|Any CPU
		{474D27FF-542C-4DA6-BA7D-2EF91D6B6E83}.Release|Any CPU.Build.0 = Release|Any CPU
		{069DFA76-48DB-40EA-A408-BDA24DCD35CA}.Debug|Any CPU.ActiveCfg = Debug|Any CPU
		{069DFA76-48DB-40EA-A408-BDA24DCD35CA}.Debug|Any CPU.Build.0 = Debug|Any CPU
		{069DFA76-48DB-40EA-A408-BDA24DCD35CA}.Release|Any CPU.ActiveCfg = Release|Any CPU
		{069DFA76-48DB-40EA-A408-BDA24DCD35CA}.Release|Any CPU.Build.0 = Release|Any CPU
		{3499AC58-20B5-42E2-8B7C-5E423DE8E562}.Debug|Any CPU.ActiveCfg = Debug|Any CPU
		{3499AC58-20B5-42E2-8B7C-5E423DE8E562}.Debug|Any CPU.Build.0 = Debug|Any CPU
		{3499AC58-20B5-42E2-8B7C-5E423DE8E562}.Release|Any CPU.ActiveCfg = Release|Any CPU
		{3499AC58-20B5-42E2-8B7C-5E423DE8E562}.Release|Any CPU.Build.0 = Release|Any CPU
		{F6BDA9A5-2FFD-40F4-BBF4-431724832873}.Debug|Any CPU.ActiveCfg = Debug|Any CPU
		{F6BDA9A5-2FFD-40F4-BBF4-431724832873}.Debug|Any CPU.Build.0 = Debug|Any CPU
		{F6BDA9A5-2FFD-40F4-BBF4-431724832873}.Release|Any CPU.ActiveCfg = Release|Any CPU
		{F6BDA9A5-2FFD-40F4-BBF4-431724832873}.Release|Any CPU.Build.0 = Release|Any CPU
		{1C5DA457-869D-4FF2-8E36-F26758767132}.Debug|Any CPU.ActiveCfg = Debug|Any CPU
		{1C5DA457-869D-4FF2-8E36-F26758767132}.Debug|Any CPU.Build.0 = Debug|Any CPU
		{1C5DA457-869D-4FF2-8E36-F26758767132}.Release|Any CPU.ActiveCfg = Release|Any CPU
		{1C5DA457-869D-4FF2-8E36-F26758767132}.Release|Any CPU.Build.0 = Release|Any CPU
		{E22B36F9-A55E-40BF-8484-6965BFE960CC}.Debug|Any CPU.ActiveCfg = Debug|Any CPU
		{E22B36F9-A55E-40BF-8484-6965BFE960CC}.Debug|Any CPU.Build.0 = Debug|Any CPU
		{E22B36F9-A55E-40BF-8484-6965BFE960CC}.Release|Any CPU.ActiveCfg = Release|Any CPU
		{E22B36F9-A55E-40BF-8484-6965BFE960CC}.Release|Any CPU.Build.0 = Release|Any CPU
		{46AD40BE-DCA4-4643-AC58-C96FB865646D}.Debug|Any CPU.ActiveCfg = Debug|Any CPU
		{46AD40BE-DCA4-4643-AC58-C96FB865646D}.Debug|Any CPU.Build.0 = Debug|Any CPU
		{46AD40BE-DCA4-4643-AC58-C96FB865646D}.Release|Any CPU.ActiveCfg = Release|Any CPU
		{46AD40BE-DCA4-4643-AC58-C96FB865646D}.Release|Any CPU.Build.0 = Release|Any CPU
		{E07D45CE-97FC-4179-863B-CC309B013A78}.Debug|Any CPU.ActiveCfg = Debug|Any CPU
		{E07D45CE-97FC-4179-863B-CC309B013A78}.Debug|Any CPU.Build.0 = Debug|Any CPU
		{E07D45CE-97FC-4179-863B-CC309B013A78}.Release|Any CPU.ActiveCfg = Release|Any CPU
		{E07D45CE-97FC-4179-863B-CC309B013A78}.Release|Any CPU.Build.0 = Release|Any CPU
		{441BC7AE-498D-467F-B80D-EE0DB8E6CC62}.Debug|Any CPU.ActiveCfg = Debug|Any CPU
		{441BC7AE-498D-467F-B80D-EE0DB8E6CC62}.Debug|Any CPU.Build.0 = Debug|Any CPU
		{441BC7AE-498D-467F-B80D-EE0DB8E6CC62}.Release|Any CPU.ActiveCfg = Release|Any CPU
		{441BC7AE-498D-467F-B80D-EE0DB8E6CC62}.Release|Any CPU.Build.0 = Release|Any CPU
		{C8AB689E-DDD9-4092-B486-93C92F9FD1BD}.Debug|Any CPU.ActiveCfg = Debug|Any CPU
		{C8AB689E-DDD9-4092-B486-93C92F9FD1BD}.Debug|Any CPU.Build.0 = Debug|Any CPU
		{C8AB689E-DDD9-4092-B486-93C92F9FD1BD}.Release|Any CPU.ActiveCfg = Release|Any CPU
		{C8AB689E-DDD9-4092-B486-93C92F9FD1BD}.Release|Any CPU.Build.0 = Release|Any CPU
		{AE96CDEC-F875-4291-8836-E5CFF9D540A8}.Debug|Any CPU.ActiveCfg = Debug|Any CPU
		{AE96CDEC-F875-4291-8836-E5CFF9D540A8}.Debug|Any CPU.Build.0 = Debug|Any CPU
		{AE96CDEC-F875-4291-8836-E5CFF9D540A8}.Release|Any CPU.ActiveCfg = Release|Any CPU
		{AE96CDEC-F875-4291-8836-E5CFF9D540A8}.Release|Any CPU.Build.0 = Release|Any CPU
		{E707F0CA-C3E0-42A7-BF27-486AD34A555D}.Debug|Any CPU.ActiveCfg = Debug|Any CPU
		{E707F0CA-C3E0-42A7-BF27-486AD34A555D}.Debug|Any CPU.Build.0 = Debug|Any CPU
		{E707F0CA-C3E0-42A7-BF27-486AD34A555D}.Release|Any CPU.ActiveCfg = Release|Any CPU
		{E707F0CA-C3E0-42A7-BF27-486AD34A555D}.Release|Any CPU.Build.0 = Release|Any CPU
		{31C7D2A0-819E-4E4B-919A-778AD54BC6B0}.Debug|Any CPU.ActiveCfg = Debug|Any CPU
		{31C7D2A0-819E-4E4B-919A-778AD54BC6B0}.Debug|Any CPU.Build.0 = Debug|Any CPU
		{31C7D2A0-819E-4E4B-919A-778AD54BC6B0}.Release|Any CPU.ActiveCfg = Release|Any CPU
		{31C7D2A0-819E-4E4B-919A-778AD54BC6B0}.Release|Any CPU.Build.0 = Release|Any CPU
		{D177A7CA-55DB-4458-840E-840A1A047390}.Debug|Any CPU.ActiveCfg = Debug|Any CPU
		{D177A7CA-55DB-4458-840E-840A1A047390}.Debug|Any CPU.Build.0 = Debug|Any CPU
		{D177A7CA-55DB-4458-840E-840A1A047390}.Release|Any CPU.ActiveCfg = Release|Any CPU
		{D177A7CA-55DB-4458-840E-840A1A047390}.Release|Any CPU.Build.0 = Release|Any CPU
		{D370B04E-1163-4013-9A07-4E9C0975C83F}.Debug|Any CPU.ActiveCfg = Debug|Any CPU
		{D370B04E-1163-4013-9A07-4E9C0975C83F}.Debug|Any CPU.Build.0 = Debug|Any CPU
		{D370B04E-1163-4013-9A07-4E9C0975C83F}.Release|Any CPU.ActiveCfg = Release|Any CPU
		{D370B04E-1163-4013-9A07-4E9C0975C83F}.Release|Any CPU.Build.0 = Release|Any CPU
		{1D336790-9065-484C-B747-981DC0F39F9E}.Debug|Any CPU.ActiveCfg = Debug|Any CPU
		{1D336790-9065-484C-B747-981DC0F39F9E}.Debug|Any CPU.Build.0 = Debug|Any CPU
		{1D336790-9065-484C-B747-981DC0F39F9E}.Release|Any CPU.ActiveCfg = Release|Any CPU
		{1D336790-9065-484C-B747-981DC0F39F9E}.Release|Any CPU.Build.0 = Release|Any CPU
		{3916D9A5-94CA-4F03-8DF2-732531B507AD}.Debug|Any CPU.ActiveCfg = Debug|Any CPU
		{3916D9A5-94CA-4F03-8DF2-732531B507AD}.Debug|Any CPU.Build.0 = Debug|Any CPU
		{3916D9A5-94CA-4F03-8DF2-732531B507AD}.Release|Any CPU.ActiveCfg = Release|Any CPU
		{3916D9A5-94CA-4F03-8DF2-732531B507AD}.Release|Any CPU.Build.0 = Release|Any CPU
		{241D4631-70F0-4F5E-B2A9-DB95A2834A39}.Debug|Any CPU.ActiveCfg = Debug|Any CPU
		{241D4631-70F0-4F5E-B2A9-DB95A2834A39}.Debug|Any CPU.Build.0 = Debug|Any CPU
		{241D4631-70F0-4F5E-B2A9-DB95A2834A39}.Release|Any CPU.ActiveCfg = Release|Any CPU
		{241D4631-70F0-4F5E-B2A9-DB95A2834A39}.Release|Any CPU.Build.0 = Release|Any CPU
		{0AA165C6-A9EB-4808-8B2F-97F05B5BB40A}.Debug|Any CPU.ActiveCfg = Debug|Any CPU
		{0AA165C6-A9EB-4808-8B2F-97F05B5BB40A}.Debug|Any CPU.Build.0 = Debug|Any CPU
		{0AA165C6-A9EB-4808-8B2F-97F05B5BB40A}.Release|Any CPU.ActiveCfg = Release|Any CPU
		{0AA165C6-A9EB-4808-8B2F-97F05B5BB40A}.Release|Any CPU.Build.0 = Release|Any CPU
		{C0567ADB-DF24-470E-80E3-E17B7A0F41E3}.Debug|Any CPU.ActiveCfg = Debug|Any CPU
		{C0567ADB-DF24-470E-80E3-E17B7A0F41E3}.Debug|Any CPU.Build.0 = Debug|Any CPU
		{C0567ADB-DF24-470E-80E3-E17B7A0F41E3}.Release|Any CPU.ActiveCfg = Release|Any CPU
		{C0567ADB-DF24-470E-80E3-E17B7A0F41E3}.Release|Any CPU.Build.0 = Release|Any CPU
		{9B8B80D9-859B-4D04-8E4F-9E36AB8454AF}.Debug|Any CPU.ActiveCfg = Debug|Any CPU
		{9B8B80D9-859B-4D04-8E4F-9E36AB8454AF}.Debug|Any CPU.Build.0 = Debug|Any CPU
		{9B8B80D9-859B-4D04-8E4F-9E36AB8454AF}.Release|Any CPU.ActiveCfg = Release|Any CPU
		{9B8B80D9-859B-4D04-8E4F-9E36AB8454AF}.Release|Any CPU.Build.0 = Release|Any CPU
		{90C65E13-3232-4B54-9D3A-766C4023300A}.Debug|Any CPU.ActiveCfg = Debug|Any CPU
		{90C65E13-3232-4B54-9D3A-766C4023300A}.Debug|Any CPU.Build.0 = Debug|Any CPU
		{90C65E13-3232-4B54-9D3A-766C4023300A}.Release|Any CPU.ActiveCfg = Release|Any CPU
		{90C65E13-3232-4B54-9D3A-766C4023300A}.Release|Any CPU.Build.0 = Release|Any CPU
		{B31D05B9-7AF2-4E49-811D-3E66DA56840B}.Debug|Any CPU.ActiveCfg = Debug|Any CPU
		{B31D05B9-7AF2-4E49-811D-3E66DA56840B}.Debug|Any CPU.Build.0 = Debug|Any CPU
		{B31D05B9-7AF2-4E49-811D-3E66DA56840B}.Release|Any CPU.ActiveCfg = Release|Any CPU
		{B31D05B9-7AF2-4E49-811D-3E66DA56840B}.Release|Any CPU.Build.0 = Release|Any CPU
		{AEE0E1D4-AD3A-466D-A202-E5B427920E8B}.Debug|Any CPU.ActiveCfg = Debug|Any CPU
		{AEE0E1D4-AD3A-466D-A202-E5B427920E8B}.Debug|Any CPU.Build.0 = Debug|Any CPU
		{AEE0E1D4-AD3A-466D-A202-E5B427920E8B}.Release|Any CPU.ActiveCfg = Release|Any CPU
		{AEE0E1D4-AD3A-466D-A202-E5B427920E8B}.Release|Any CPU.Build.0 = Release|Any CPU
		{E52FBA25-E552-40EE-8687-544456BB4DDF}.Debug|Any CPU.ActiveCfg = Debug|Any CPU
		{E52FBA25-E552-40EE-8687-544456BB4DDF}.Debug|Any CPU.Build.0 = Debug|Any CPU
		{E52FBA25-E552-40EE-8687-544456BB4DDF}.Release|Any CPU.ActiveCfg = Release|Any CPU
		{E52FBA25-E552-40EE-8687-544456BB4DDF}.Release|Any CPU.Build.0 = Release|Any CPU
		{4889B3EE-C474-4095-A4EE-E44F7CE3106A}.Debug|Any CPU.ActiveCfg = Debug|Any CPU
		{4889B3EE-C474-4095-A4EE-E44F7CE3106A}.Debug|Any CPU.Build.0 = Debug|Any CPU
		{4889B3EE-C474-4095-A4EE-E44F7CE3106A}.Release|Any CPU.ActiveCfg = Release|Any CPU
		{4889B3EE-C474-4095-A4EE-E44F7CE3106A}.Release|Any CPU.Build.0 = Release|Any CPU
		{283D98D2-5281-4EAA-9F3B-983E47823B18}.Debug|Any CPU.ActiveCfg = Debug|Any CPU
		{283D98D2-5281-4EAA-9F3B-983E47823B18}.Debug|Any CPU.Build.0 = Debug|Any CPU
		{283D98D2-5281-4EAA-9F3B-983E47823B18}.Release|Any CPU.ActiveCfg = Release|Any CPU
		{283D98D2-5281-4EAA-9F3B-983E47823B18}.Release|Any CPU.Build.0 = Release|Any CPU
		{284C1244-09DB-4155-99D6-D36062EB16D8}.Debug|Any CPU.ActiveCfg = Debug|Any CPU
		{284C1244-09DB-4155-99D6-D36062EB16D8}.Debug|Any CPU.Build.0 = Debug|Any CPU
		{284C1244-09DB-4155-99D6-D36062EB16D8}.Release|Any CPU.ActiveCfg = Release|Any CPU
		{284C1244-09DB-4155-99D6-D36062EB16D8}.Release|Any CPU.Build.0 = Release|Any CPU
		{0815EA2C-4C23-4D4A-ACA7-6550C1F9FD65}.Debug|Any CPU.ActiveCfg = Debug|Any CPU
		{0815EA2C-4C23-4D4A-ACA7-6550C1F9FD65}.Debug|Any CPU.Build.0 = Debug|Any CPU
		{0815EA2C-4C23-4D4A-ACA7-6550C1F9FD65}.Release|Any CPU.ActiveCfg = Release|Any CPU
		{0815EA2C-4C23-4D4A-ACA7-6550C1F9FD65}.Release|Any CPU.Build.0 = Release|Any CPU
	EndGlobalSection
	GlobalSection(SolutionProperties) = preSolution
		HideSolutionNode = FALSE
	EndGlobalSection
EndGlobal
